
Microsoft Visual Studio Solution File, Format Version 12.00
# Visual Studio 2013
VisualStudioVersion = 12.0.30723.0
MinimumVisualStudioVersion = 10.0.40219.1
Project("{FAE04EC0-301F-11D3-BF4B-00C04F79EFBC}") = "TestApps.iOS", "TestApps.iOS\TestApps.iOS.csproj", "{692B3E5B-112B-454B-A554-8A6490AB7B56}"
EndProject
Project("{FAE04EC0-301F-11D3-BF4B-00C04F79EFBC}") = "TestApps.iOSUnified", "TestApps.iOSUnified\TestApps.iOSUnified.csproj", "{8B493595-40D2-4D73-BCD3-28A0D91D260B}"
EndProject
Project("{FAE04EC0-301F-11D3-BF4B-00C04F79EFBC}") = "TestApps.Portable", "TestApps.Portable\TestApps.Portable.csproj", "{B2E231B9-B887-49C7-A022-A5911EC0131C}"
EndProject
Project("{FAE04EC0-301F-11D3-BF4B-00C04F79EFBC}") = "TestApps.Android", "TestApps.Android\TestApps.Android.csproj", "{A64E7C2B-C1F1-4A56-9DF8-980CBD9CFF46}"
EndProject
Project("{FAE04EC0-301F-11D3-BF4B-00C04F79EFBC}") = "TestApps.WindowsPhoneRT", "TestApps.WindowsPhoneRT\TestApps.WindowsPhoneRT.csproj", "{62D48EEF-8F5A-4465-94D5-C834DF35619A}"
EndProject
Project("{FAE04EC0-301F-11D3-BF4B-00C04F79EFBC}") = "TestApps.WindowsPhone", "TestApps.WindowsPhone\TestApps.WindowsPhone.csproj", "{CC12088D-35CD-46D2-9F22-72977A07FA50}"
EndProject
Project("{FAE04EC0-301F-11D3-BF4B-00C04F79EFBC}") = "TestApps.WindowsStore", "TestApps.WindowsStore\TestApps.WindowsStore.csproj", "{06399C1E-00D1-44AD-88B7-4EFC1E15E9E3}"
EndProject
Global
	GlobalSection(SolutionConfigurationPlatforms) = preSolution
		Ad-Hoc|Any CPU = Ad-Hoc|Any CPU
		Ad-Hoc|ARM = Ad-Hoc|ARM
		Ad-Hoc|iPhone = Ad-Hoc|iPhone
		Ad-Hoc|iPhoneSimulator = Ad-Hoc|iPhoneSimulator
		Ad-Hoc|Mixed Platforms = Ad-Hoc|Mixed Platforms
		Ad-Hoc|x64 = Ad-Hoc|x64
		Ad-Hoc|x86 = Ad-Hoc|x86
		AppStore|Any CPU = AppStore|Any CPU
		AppStore|ARM = AppStore|ARM
		AppStore|iPhone = AppStore|iPhone
		AppStore|iPhoneSimulator = AppStore|iPhoneSimulator
		AppStore|Mixed Platforms = AppStore|Mixed Platforms
		AppStore|x64 = AppStore|x64
		AppStore|x86 = AppStore|x86
		Debug|Any CPU = Debug|Any CPU
		Debug|ARM = Debug|ARM
		Debug|iPhone = Debug|iPhone
		Debug|iPhoneSimulator = Debug|iPhoneSimulator
		Debug|Mixed Platforms = Debug|Mixed Platforms
		Debug|x64 = Debug|x64
		Debug|x86 = Debug|x86
		Release|Any CPU = Release|Any CPU
		Release|ARM = Release|ARM
		Release|iPhone = Release|iPhone
		Release|iPhoneSimulator = Release|iPhoneSimulator
		Release|Mixed Platforms = Release|Mixed Platforms
		Release|x64 = Release|x64
		Release|x86 = Release|x86
	EndGlobalSection
	GlobalSection(ProjectConfigurationPlatforms) = postSolution
		{692B3E5B-112B-454B-A554-8A6490AB7B56}.Ad-Hoc|Any CPU.ActiveCfg = Ad-Hoc|iPhone
		{692B3E5B-112B-454B-A554-8A6490AB7B56}.Ad-Hoc|ARM.ActiveCfg = Ad-Hoc|iPhone
		{692B3E5B-112B-454B-A554-8A6490AB7B56}.Ad-Hoc|iPhone.ActiveCfg = Ad-Hoc|iPhone
		{692B3E5B-112B-454B-A554-8A6490AB7B56}.Ad-Hoc|iPhone.Build.0 = Ad-Hoc|iPhone
		{692B3E5B-112B-454B-A554-8A6490AB7B56}.Ad-Hoc|iPhoneSimulator.ActiveCfg = Ad-Hoc|iPhoneSimulator
		{692B3E5B-112B-454B-A554-8A6490AB7B56}.Ad-Hoc|iPhoneSimulator.Build.0 = Ad-Hoc|iPhoneSimulator
		{692B3E5B-112B-454B-A554-8A6490AB7B56}.Ad-Hoc|Mixed Platforms.ActiveCfg = Ad-Hoc|iPhone
		{692B3E5B-112B-454B-A554-8A6490AB7B56}.Ad-Hoc|Mixed Platforms.Build.0 = Ad-Hoc|iPhone
		{692B3E5B-112B-454B-A554-8A6490AB7B56}.Ad-Hoc|x64.ActiveCfg = Ad-Hoc|iPhone
		{692B3E5B-112B-454B-A554-8A6490AB7B56}.Ad-Hoc|x86.ActiveCfg = Ad-Hoc|iPhone
		{692B3E5B-112B-454B-A554-8A6490AB7B56}.AppStore|Any CPU.ActiveCfg = AppStore|iPhone
		{692B3E5B-112B-454B-A554-8A6490AB7B56}.AppStore|ARM.ActiveCfg = AppStore|iPhone
		{692B3E5B-112B-454B-A554-8A6490AB7B56}.AppStore|iPhone.ActiveCfg = AppStore|iPhone
		{692B3E5B-112B-454B-A554-8A6490AB7B56}.AppStore|iPhone.Build.0 = AppStore|iPhone
		{692B3E5B-112B-454B-A554-8A6490AB7B56}.AppStore|iPhoneSimulator.ActiveCfg = AppStore|iPhoneSimulator
		{692B3E5B-112B-454B-A554-8A6490AB7B56}.AppStore|iPhoneSimulator.Build.0 = AppStore|iPhoneSimulator
		{692B3E5B-112B-454B-A554-8A6490AB7B56}.AppStore|Mixed Platforms.ActiveCfg = AppStore|iPhone
		{692B3E5B-112B-454B-A554-8A6490AB7B56}.AppStore|Mixed Platforms.Build.0 = AppStore|iPhone
		{692B3E5B-112B-454B-A554-8A6490AB7B56}.AppStore|x64.ActiveCfg = AppStore|iPhone
		{692B3E5B-112B-454B-A554-8A6490AB7B56}.AppStore|x86.ActiveCfg = AppStore|iPhone
		{692B3E5B-112B-454B-A554-8A6490AB7B56}.Debug|Any CPU.ActiveCfg = Debug|iPhone
		{692B3E5B-112B-454B-A554-8A6490AB7B56}.Debug|ARM.ActiveCfg = Debug|iPhone
		{692B3E5B-112B-454B-A554-8A6490AB7B56}.Debug|iPhone.ActiveCfg = Debug|iPhone
		{692B3E5B-112B-454B-A554-8A6490AB7B56}.Debug|iPhone.Build.0 = Debug|iPhone
		{692B3E5B-112B-454B-A554-8A6490AB7B56}.Debug|iPhoneSimulator.ActiveCfg = Debug|iPhoneSimulator
		{692B3E5B-112B-454B-A554-8A6490AB7B56}.Debug|iPhoneSimulator.Build.0 = Debug|iPhoneSimulator
		{692B3E5B-112B-454B-A554-8A6490AB7B56}.Debug|Mixed Platforms.ActiveCfg = Debug|iPhoneSimulator
		{692B3E5B-112B-454B-A554-8A6490AB7B56}.Debug|Mixed Platforms.Build.0 = Debug|iPhoneSimulator
		{692B3E5B-112B-454B-A554-8A6490AB7B56}.Debug|x64.ActiveCfg = Debug|iPhone
		{692B3E5B-112B-454B-A554-8A6490AB7B56}.Debug|x86.ActiveCfg = Debug|iPhone
		{692B3E5B-112B-454B-A554-8A6490AB7B56}.Release|Any CPU.ActiveCfg = Release|iPhone
		{692B3E5B-112B-454B-A554-8A6490AB7B56}.Release|ARM.ActiveCfg = Release|iPhone
		{692B3E5B-112B-454B-A554-8A6490AB7B56}.Release|iPhone.ActiveCfg = Release|iPhone
		{692B3E5B-112B-454B-A554-8A6490AB7B56}.Release|iPhone.Build.0 = Release|iPhone
		{692B3E5B-112B-454B-A554-8A6490AB7B56}.Release|iPhoneSimulator.ActiveCfg = Release|iPhoneSimulator
		{692B3E5B-112B-454B-A554-8A6490AB7B56}.Release|iPhoneSimulator.Build.0 = Release|iPhoneSimulator
		{692B3E5B-112B-454B-A554-8A6490AB7B56}.Release|Mixed Platforms.ActiveCfg = Release|iPhone
		{692B3E5B-112B-454B-A554-8A6490AB7B56}.Release|Mixed Platforms.Build.0 = Release|iPhone
		{692B3E5B-112B-454B-A554-8A6490AB7B56}.Release|x64.ActiveCfg = Release|iPhone
		{692B3E5B-112B-454B-A554-8A6490AB7B56}.Release|x86.ActiveCfg = Release|iPhone
		{8B493595-40D2-4D73-BCD3-28A0D91D260B}.Ad-Hoc|Any CPU.ActiveCfg = Ad-Hoc|iPhone
		{8B493595-40D2-4D73-BCD3-28A0D91D260B}.Ad-Hoc|ARM.ActiveCfg = Ad-Hoc|iPhone
		{8B493595-40D2-4D73-BCD3-28A0D91D260B}.Ad-Hoc|iPhone.ActiveCfg = Ad-Hoc|iPhone
		{8B493595-40D2-4D73-BCD3-28A0D91D260B}.Ad-Hoc|iPhone.Build.0 = Ad-Hoc|iPhone
		{8B493595-40D2-4D73-BCD3-28A0D91D260B}.Ad-Hoc|iPhoneSimulator.ActiveCfg = Ad-Hoc|iPhoneSimulator
		{8B493595-40D2-4D73-BCD3-28A0D91D260B}.Ad-Hoc|iPhoneSimulator.Build.0 = Ad-Hoc|iPhoneSimulator
		{8B493595-40D2-4D73-BCD3-28A0D91D260B}.Ad-Hoc|Mixed Platforms.ActiveCfg = Ad-Hoc|iPhone
		{8B493595-40D2-4D73-BCD3-28A0D91D260B}.Ad-Hoc|Mixed Platforms.Build.0 = Ad-Hoc|iPhone
		{8B493595-40D2-4D73-BCD3-28A0D91D260B}.Ad-Hoc|x64.ActiveCfg = Ad-Hoc|iPhone
		{8B493595-40D2-4D73-BCD3-28A0D91D260B}.Ad-Hoc|x86.ActiveCfg = Ad-Hoc|iPhone
		{8B493595-40D2-4D73-BCD3-28A0D91D260B}.AppStore|Any CPU.ActiveCfg = AppStore|iPhone
		{8B493595-40D2-4D73-BCD3-28A0D91D260B}.AppStore|ARM.ActiveCfg = AppStore|iPhone
		{8B493595-40D2-4D73-BCD3-28A0D91D260B}.AppStore|iPhone.ActiveCfg = AppStore|iPhone
		{8B493595-40D2-4D73-BCD3-28A0D91D260B}.AppStore|iPhone.Build.0 = AppStore|iPhone
		{8B493595-40D2-4D73-BCD3-28A0D91D260B}.AppStore|iPhoneSimulator.ActiveCfg = AppStore|iPhoneSimulator
		{8B493595-40D2-4D73-BCD3-28A0D91D260B}.AppStore|iPhoneSimulator.Build.0 = AppStore|iPhoneSimulator
		{8B493595-40D2-4D73-BCD3-28A0D91D260B}.AppStore|Mixed Platforms.ActiveCfg = AppStore|iPhone
		{8B493595-40D2-4D73-BCD3-28A0D91D260B}.AppStore|Mixed Platforms.Build.0 = AppStore|iPhone
		{8B493595-40D2-4D73-BCD3-28A0D91D260B}.AppStore|x64.ActiveCfg = AppStore|iPhone
		{8B493595-40D2-4D73-BCD3-28A0D91D260B}.AppStore|x86.ActiveCfg = AppStore|iPhone
		{8B493595-40D2-4D73-BCD3-28A0D91D260B}.Debug|Any CPU.ActiveCfg = Debug|iPhone
		{8B493595-40D2-4D73-BCD3-28A0D91D260B}.Debug|ARM.ActiveCfg = Debug|iPhone
		{8B493595-40D2-4D73-BCD3-28A0D91D260B}.Debug|iPhone.ActiveCfg = Debug|iPhone
		{8B493595-40D2-4D73-BCD3-28A0D91D260B}.Debug|iPhone.Build.0 = Debug|iPhone
		{8B493595-40D2-4D73-BCD3-28A0D91D260B}.Debug|iPhoneSimulator.ActiveCfg = Debug|iPhoneSimulator
		{8B493595-40D2-4D73-BCD3-28A0D91D260B}.Debug|iPhoneSimulator.Build.0 = Debug|iPhoneSimulator
		{8B493595-40D2-4D73-BCD3-28A0D91D260B}.Debug|Mixed Platforms.ActiveCfg = Debug|iPhoneSimulator
		{8B493595-40D2-4D73-BCD3-28A0D91D260B}.Debug|Mixed Platforms.Build.0 = Debug|iPhoneSimulator
		{8B493595-40D2-4D73-BCD3-28A0D91D260B}.Debug|x64.ActiveCfg = Debug|iPhone
		{8B493595-40D2-4D73-BCD3-28A0D91D260B}.Debug|x86.ActiveCfg = Debug|iPhone
		{8B493595-40D2-4D73-BCD3-28A0D91D260B}.Release|Any CPU.ActiveCfg = Release|iPhone
		{8B493595-40D2-4D73-BCD3-28A0D91D260B}.Release|ARM.ActiveCfg = Release|iPhone
		{8B493595-40D2-4D73-BCD3-28A0D91D260B}.Release|iPhone.ActiveCfg = Release|iPhone
		{8B493595-40D2-4D73-BCD3-28A0D91D260B}.Release|iPhone.Build.0 = Release|iPhone
		{8B493595-40D2-4D73-BCD3-28A0D91D260B}.Release|iPhoneSimulator.ActiveCfg = Release|iPhoneSimulator
		{8B493595-40D2-4D73-BCD3-28A0D91D260B}.Release|iPhoneSimulator.Build.0 = Release|iPhoneSimulator
		{8B493595-40D2-4D73-BCD3-28A0D91D260B}.Release|Mixed Platforms.ActiveCfg = Release|iPhone
		{8B493595-40D2-4D73-BCD3-28A0D91D260B}.Release|Mixed Platforms.Build.0 = Release|iPhone
		{8B493595-40D2-4D73-BCD3-28A0D91D260B}.Release|x64.ActiveCfg = Release|iPhone
		{8B493595-40D2-4D73-BCD3-28A0D91D260B}.Release|x86.ActiveCfg = Release|iPhone
		{B2E231B9-B887-49C7-A022-A5911EC0131C}.Ad-Hoc|Any CPU.ActiveCfg = Release|Any CPU
		{B2E231B9-B887-49C7-A022-A5911EC0131C}.Ad-Hoc|Any CPU.Build.0 = Release|Any CPU
		{B2E231B9-B887-49C7-A022-A5911EC0131C}.Ad-Hoc|ARM.ActiveCfg = Release|Any CPU
		{B2E231B9-B887-49C7-A022-A5911EC0131C}.Ad-Hoc|iPhone.ActiveCfg = Release|Any CPU
		{B2E231B9-B887-49C7-A022-A5911EC0131C}.Ad-Hoc|iPhoneSimulator.ActiveCfg = Release|Any CPU
		{B2E231B9-B887-49C7-A022-A5911EC0131C}.Ad-Hoc|Mixed Platforms.ActiveCfg = Release|Any CPU
		{B2E231B9-B887-49C7-A022-A5911EC0131C}.Ad-Hoc|Mixed Platforms.Build.0 = Release|Any CPU
		{B2E231B9-B887-49C7-A022-A5911EC0131C}.Ad-Hoc|x64.ActiveCfg = Release|Any CPU
		{B2E231B9-B887-49C7-A022-A5911EC0131C}.Ad-Hoc|x86.ActiveCfg = Release|Any CPU
		{B2E231B9-B887-49C7-A022-A5911EC0131C}.AppStore|Any CPU.ActiveCfg = Release|Any CPU
		{B2E231B9-B887-49C7-A022-A5911EC0131C}.AppStore|Any CPU.Build.0 = Release|Any CPU
		{B2E231B9-B887-49C7-A022-A5911EC0131C}.AppStore|ARM.ActiveCfg = Release|Any CPU
		{B2E231B9-B887-49C7-A022-A5911EC0131C}.AppStore|iPhone.ActiveCfg = Release|Any CPU
		{B2E231B9-B887-49C7-A022-A5911EC0131C}.AppStore|iPhoneSimulator.ActiveCfg = Release|Any CPU
		{B2E231B9-B887-49C7-A022-A5911EC0131C}.AppStore|Mixed Platforms.ActiveCfg = Release|Any CPU
		{B2E231B9-B887-49C7-A022-A5911EC0131C}.AppStore|Mixed Platforms.Build.0 = Release|Any CPU
		{B2E231B9-B887-49C7-A022-A5911EC0131C}.AppStore|x64.ActiveCfg = Release|Any CPU
		{B2E231B9-B887-49C7-A022-A5911EC0131C}.AppStore|x86.ActiveCfg = Release|Any CPU
		{B2E231B9-B887-49C7-A022-A5911EC0131C}.Debug|Any CPU.ActiveCfg = Debug|Any CPU
		{B2E231B9-B887-49C7-A022-A5911EC0131C}.Debug|Any CPU.Build.0 = Debug|Any CPU
		{B2E231B9-B887-49C7-A022-A5911EC0131C}.Debug|ARM.ActiveCfg = Debug|Any CPU
		{B2E231B9-B887-49C7-A022-A5911EC0131C}.Debug|iPhone.ActiveCfg = Debug|Any CPU
		{B2E231B9-B887-49C7-A022-A5911EC0131C}.Debug|iPhoneSimulator.ActiveCfg = Debug|Any CPU
		{B2E231B9-B887-49C7-A022-A5911EC0131C}.Debug|Mixed Platforms.ActiveCfg = Debug|Any CPU
		{B2E231B9-B887-49C7-A022-A5911EC0131C}.Debug|Mixed Platforms.Build.0 = Debug|Any CPU
		{B2E231B9-B887-49C7-A022-A5911EC0131C}.Debug|x64.ActiveCfg = Debug|Any CPU
		{B2E231B9-B887-49C7-A022-A5911EC0131C}.Debug|x86.ActiveCfg = Debug|Any CPU
		{B2E231B9-B887-49C7-A022-A5911EC0131C}.Release|Any CPU.ActiveCfg = Release|Any CPU
		{B2E231B9-B887-49C7-A022-A5911EC0131C}.Release|Any CPU.Build.0 = Release|Any CPU
		{B2E231B9-B887-49C7-A022-A5911EC0131C}.Release|ARM.ActiveCfg = Release|Any CPU
		{B2E231B9-B887-49C7-A022-A5911EC0131C}.Release|iPhone.ActiveCfg = Release|Any CPU
		{B2E231B9-B887-49C7-A022-A5911EC0131C}.Release|iPhoneSimulator.ActiveCfg = Release|Any CPU
		{B2E231B9-B887-49C7-A022-A5911EC0131C}.Release|Mixed Platforms.ActiveCfg = Release|Any CPU
		{B2E231B9-B887-49C7-A022-A5911EC0131C}.Release|Mixed Platforms.Build.0 = Release|Any CPU
		{B2E231B9-B887-49C7-A022-A5911EC0131C}.Release|x64.ActiveCfg = Release|Any CPU
		{B2E231B9-B887-49C7-A022-A5911EC0131C}.Release|x86.ActiveCfg = Release|Any CPU
		{A64E7C2B-C1F1-4A56-9DF8-980CBD9CFF46}.Ad-Hoc|Any CPU.ActiveCfg = Release|Any CPU
		{A64E7C2B-C1F1-4A56-9DF8-980CBD9CFF46}.Ad-Hoc|Any CPU.Build.0 = Release|Any CPU
		{A64E7C2B-C1F1-4A56-9DF8-980CBD9CFF46}.Ad-Hoc|Any CPU.Deploy.0 = Release|Any CPU
		{A64E7C2B-C1F1-4A56-9DF8-980CBD9CFF46}.Ad-Hoc|ARM.ActiveCfg = Release|Any CPU
		{A64E7C2B-C1F1-4A56-9DF8-980CBD9CFF46}.Ad-Hoc|iPhone.ActiveCfg = Release|Any CPU
		{A64E7C2B-C1F1-4A56-9DF8-980CBD9CFF46}.Ad-Hoc|iPhoneSimulator.ActiveCfg = Release|Any CPU
		{A64E7C2B-C1F1-4A56-9DF8-980CBD9CFF46}.Ad-Hoc|Mixed Platforms.ActiveCfg = Release|Any CPU
		{A64E7C2B-C1F1-4A56-9DF8-980CBD9CFF46}.Ad-Hoc|Mixed Platforms.Build.0 = Release|Any CPU
		{A64E7C2B-C1F1-4A56-9DF8-980CBD9CFF46}.Ad-Hoc|Mixed Platforms.Deploy.0 = Release|Any CPU
		{A64E7C2B-C1F1-4A56-9DF8-980CBD9CFF46}.Ad-Hoc|x64.ActiveCfg = Release|Any CPU
		{A64E7C2B-C1F1-4A56-9DF8-980CBD9CFF46}.Ad-Hoc|x86.ActiveCfg = Release|Any CPU
		{A64E7C2B-C1F1-4A56-9DF8-980CBD9CFF46}.AppStore|Any CPU.ActiveCfg = Release|Any CPU
		{A64E7C2B-C1F1-4A56-9DF8-980CBD9CFF46}.AppStore|Any CPU.Build.0 = Release|Any CPU
		{A64E7C2B-C1F1-4A56-9DF8-980CBD9CFF46}.AppStore|Any CPU.Deploy.0 = Release|Any CPU
		{A64E7C2B-C1F1-4A56-9DF8-980CBD9CFF46}.AppStore|ARM.ActiveCfg = Release|Any CPU
		{A64E7C2B-C1F1-4A56-9DF8-980CBD9CFF46}.AppStore|iPhone.ActiveCfg = Release|Any CPU
		{A64E7C2B-C1F1-4A56-9DF8-980CBD9CFF46}.AppStore|iPhoneSimulator.ActiveCfg = Release|Any CPU
		{A64E7C2B-C1F1-4A56-9DF8-980CBD9CFF46}.AppStore|Mixed Platforms.ActiveCfg = Release|Any CPU
		{A64E7C2B-C1F1-4A56-9DF8-980CBD9CFF46}.AppStore|Mixed Platforms.Build.0 = Release|Any CPU
		{A64E7C2B-C1F1-4A56-9DF8-980CBD9CFF46}.AppStore|Mixed Platforms.Deploy.0 = Release|Any CPU
		{A64E7C2B-C1F1-4A56-9DF8-980CBD9CFF46}.AppStore|x64.ActiveCfg = Release|Any CPU
		{A64E7C2B-C1F1-4A56-9DF8-980CBD9CFF46}.AppStore|x86.ActiveCfg = Release|Any CPU
		{A64E7C2B-C1F1-4A56-9DF8-980CBD9CFF46}.Debug|Any CPU.ActiveCfg = Debug|Any CPU
		{A64E7C2B-C1F1-4A56-9DF8-980CBD9CFF46}.Debug|Any CPU.Build.0 = Debug|Any CPU
		{A64E7C2B-C1F1-4A56-9DF8-980CBD9CFF46}.Debug|Any CPU.Deploy.0 = Debug|Any CPU
		{A64E7C2B-C1F1-4A56-9DF8-980CBD9CFF46}.Debug|ARM.ActiveCfg = Debug|Any CPU
		{A64E7C2B-C1F1-4A56-9DF8-980CBD9CFF46}.Debug|iPhone.ActiveCfg = Debug|Any CPU
		{A64E7C2B-C1F1-4A56-9DF8-980CBD9CFF46}.Debug|iPhoneSimulator.ActiveCfg = Debug|Any CPU
		{A64E7C2B-C1F1-4A56-9DF8-980CBD9CFF46}.Debug|Mixed Platforms.ActiveCfg = Debug|Any CPU
		{A64E7C2B-C1F1-4A56-9DF8-980CBD9CFF46}.Debug|Mixed Platforms.Build.0 = Debug|Any CPU
		{A64E7C2B-C1F1-4A56-9DF8-980CBD9CFF46}.Debug|Mixed Platforms.Deploy.0 = Debug|Any CPU
		{A64E7C2B-C1F1-4A56-9DF8-980CBD9CFF46}.Debug|x64.ActiveCfg = Debug|Any CPU
		{A64E7C2B-C1F1-4A56-9DF8-980CBD9CFF46}.Debug|x86.ActiveCfg = Debug|Any CPU
		{A64E7C2B-C1F1-4A56-9DF8-980CBD9CFF46}.Release|Any CPU.ActiveCfg = Release|Any CPU
		{A64E7C2B-C1F1-4A56-9DF8-980CBD9CFF46}.Release|Any CPU.Build.0 = Release|Any CPU
		{A64E7C2B-C1F1-4A56-9DF8-980CBD9CFF46}.Release|Any CPU.Deploy.0 = Release|Any CPU
		{A64E7C2B-C1F1-4A56-9DF8-980CBD9CFF46}.Release|ARM.ActiveCfg = Release|Any CPU
		{A64E7C2B-C1F1-4A56-9DF8-980CBD9CFF46}.Release|iPhone.ActiveCfg = Release|Any CPU
		{A64E7C2B-C1F1-4A56-9DF8-980CBD9CFF46}.Release|iPhoneSimulator.ActiveCfg = Release|Any CPU
		{A64E7C2B-C1F1-4A56-9DF8-980CBD9CFF46}.Release|Mixed Platforms.ActiveCfg = Release|Any CPU
		{A64E7C2B-C1F1-4A56-9DF8-980CBD9CFF46}.Release|Mixed Platforms.Build.0 = Release|Any CPU
		{A64E7C2B-C1F1-4A56-9DF8-980CBD9CFF46}.Release|Mixed Platforms.Deploy.0 = Release|Any CPU
		{A64E7C2B-C1F1-4A56-9DF8-980CBD9CFF46}.Release|x64.ActiveCfg = Release|Any CPU
		{A64E7C2B-C1F1-4A56-9DF8-980CBD9CFF46}.Release|x86.ActiveCfg = Release|Any CPU
		{62D48EEF-8F5A-4465-94D5-C834DF35619A}.Ad-Hoc|Any CPU.ActiveCfg = Release|Any CPU
		{62D48EEF-8F5A-4465-94D5-C834DF35619A}.Ad-Hoc|Any CPU.Build.0 = Release|Any CPU
		{62D48EEF-8F5A-4465-94D5-C834DF35619A}.Ad-Hoc|Any CPU.Deploy.0 = Release|Any CPU
		{62D48EEF-8F5A-4465-94D5-C834DF35619A}.Ad-Hoc|ARM.ActiveCfg = Release|ARM
		{62D48EEF-8F5A-4465-94D5-C834DF35619A}.Ad-Hoc|ARM.Build.0 = Release|ARM
		{62D48EEF-8F5A-4465-94D5-C834DF35619A}.Ad-Hoc|ARM.Deploy.0 = Release|ARM
		{62D48EEF-8F5A-4465-94D5-C834DF35619A}.Ad-Hoc|iPhone.ActiveCfg = Release|Any CPU
		{62D48EEF-8F5A-4465-94D5-C834DF35619A}.Ad-Hoc|iPhoneSimulator.ActiveCfg = Release|Any CPU
		{62D48EEF-8F5A-4465-94D5-C834DF35619A}.Ad-Hoc|Mixed Platforms.ActiveCfg = Release|x86
		{62D48EEF-8F5A-4465-94D5-C834DF35619A}.Ad-Hoc|Mixed Platforms.Build.0 = Release|x86
		{62D48EEF-8F5A-4465-94D5-C834DF35619A}.Ad-Hoc|Mixed Platforms.Deploy.0 = Release|x86
		{62D48EEF-8F5A-4465-94D5-C834DF35619A}.Ad-Hoc|x64.ActiveCfg = Release|Any CPU
		{62D48EEF-8F5A-4465-94D5-C834DF35619A}.Ad-Hoc|x86.ActiveCfg = Release|x86
		{62D48EEF-8F5A-4465-94D5-C834DF35619A}.Ad-Hoc|x86.Build.0 = Release|x86
		{62D48EEF-8F5A-4465-94D5-C834DF35619A}.Ad-Hoc|x86.Deploy.0 = Release|x86
		{62D48EEF-8F5A-4465-94D5-C834DF35619A}.AppStore|Any CPU.ActiveCfg = Release|Any CPU
		{62D48EEF-8F5A-4465-94D5-C834DF35619A}.AppStore|Any CPU.Build.0 = Release|Any CPU
		{62D48EEF-8F5A-4465-94D5-C834DF35619A}.AppStore|Any CPU.Deploy.0 = Release|Any CPU
		{62D48EEF-8F5A-4465-94D5-C834DF35619A}.AppStore|ARM.ActiveCfg = Release|ARM
		{62D48EEF-8F5A-4465-94D5-C834DF35619A}.AppStore|ARM.Build.0 = Release|ARM
		{62D48EEF-8F5A-4465-94D5-C834DF35619A}.AppStore|ARM.Deploy.0 = Release|ARM
		{62D48EEF-8F5A-4465-94D5-C834DF35619A}.AppStore|iPhone.ActiveCfg = Release|Any CPU
		{62D48EEF-8F5A-4465-94D5-C834DF35619A}.AppStore|iPhoneSimulator.ActiveCfg = Release|Any CPU
		{62D48EEF-8F5A-4465-94D5-C834DF35619A}.AppStore|Mixed Platforms.ActiveCfg = Release|x86
		{62D48EEF-8F5A-4465-94D5-C834DF35619A}.AppStore|Mixed Platforms.Build.0 = Release|x86
		{62D48EEF-8F5A-4465-94D5-C834DF35619A}.AppStore|Mixed Platforms.Deploy.0 = Release|x86
		{62D48EEF-8F5A-4465-94D5-C834DF35619A}.AppStore|x64.ActiveCfg = Release|Any CPU
		{62D48EEF-8F5A-4465-94D5-C834DF35619A}.AppStore|x86.ActiveCfg = Release|x86
		{62D48EEF-8F5A-4465-94D5-C834DF35619A}.AppStore|x86.Build.0 = Release|x86
		{62D48EEF-8F5A-4465-94D5-C834DF35619A}.AppStore|x86.Deploy.0 = Release|x86
		{62D48EEF-8F5A-4465-94D5-C834DF35619A}.Debug|Any CPU.ActiveCfg = Debug|Any CPU
		{62D48EEF-8F5A-4465-94D5-C834DF35619A}.Debug|Any CPU.Build.0 = Debug|Any CPU
		{62D48EEF-8F5A-4465-94D5-C834DF35619A}.Debug|Any CPU.Deploy.0 = Debug|Any CPU
		{62D48EEF-8F5A-4465-94D5-C834DF35619A}.Debug|ARM.ActiveCfg = Debug|ARM
		{62D48EEF-8F5A-4465-94D5-C834DF35619A}.Debug|ARM.Build.0 = Debug|ARM
		{62D48EEF-8F5A-4465-94D5-C834DF35619A}.Debug|ARM.Deploy.0 = Debug|ARM
		{62D48EEF-8F5A-4465-94D5-C834DF35619A}.Debug|iPhone.ActiveCfg = Debug|Any CPU
		{62D48EEF-8F5A-4465-94D5-C834DF35619A}.Debug|iPhoneSimulator.ActiveCfg = Debug|Any CPU
		{62D48EEF-8F5A-4465-94D5-C834DF35619A}.Debug|Mixed Platforms.ActiveCfg = Debug|x86
		{62D48EEF-8F5A-4465-94D5-C834DF35619A}.Debug|Mixed Platforms.Build.0 = Debug|x86
		{62D48EEF-8F5A-4465-94D5-C834DF35619A}.Debug|Mixed Platforms.Deploy.0 = Debug|x86
		{62D48EEF-8F5A-4465-94D5-C834DF35619A}.Debug|x64.ActiveCfg = Debug|Any CPU
		{62D48EEF-8F5A-4465-94D5-C834DF35619A}.Debug|x86.ActiveCfg = Debug|x86
		{62D48EEF-8F5A-4465-94D5-C834DF35619A}.Debug|x86.Build.0 = Debug|x86
		{62D48EEF-8F5A-4465-94D5-C834DF35619A}.Debug|x86.Deploy.0 = Debug|x86
		{62D48EEF-8F5A-4465-94D5-C834DF35619A}.Release|Any CPU.ActiveCfg = Release|Any CPU
		{62D48EEF-8F5A-4465-94D5-C834DF35619A}.Release|Any CPU.Build.0 = Release|Any CPU
		{62D48EEF-8F5A-4465-94D5-C834DF35619A}.Release|Any CPU.Deploy.0 = Release|Any CPU
		{62D48EEF-8F5A-4465-94D5-C834DF35619A}.Release|ARM.ActiveCfg = Release|ARM
		{62D48EEF-8F5A-4465-94D5-C834DF35619A}.Release|ARM.Build.0 = Release|ARM
		{62D48EEF-8F5A-4465-94D5-C834DF35619A}.Release|ARM.Deploy.0 = Release|ARM
		{62D48EEF-8F5A-4465-94D5-C834DF35619A}.Release|iPhone.ActiveCfg = Release|Any CPU
		{62D48EEF-8F5A-4465-94D5-C834DF35619A}.Release|iPhoneSimulator.ActiveCfg = Release|Any CPU
		{62D48EEF-8F5A-4465-94D5-C834DF35619A}.Release|Mixed Platforms.ActiveCfg = Release|x86
		{62D48EEF-8F5A-4465-94D5-C834DF35619A}.Release|Mixed Platforms.Build.0 = Release|x86
		{62D48EEF-8F5A-4465-94D5-C834DF35619A}.Release|Mixed Platforms.Deploy.0 = Release|x86
		{62D48EEF-8F5A-4465-94D5-C834DF35619A}.Release|x64.ActiveCfg = Release|Any CPU
		{62D48EEF-8F5A-4465-94D5-C834DF35619A}.Release|x86.ActiveCfg = Release|x86
		{62D48EEF-8F5A-4465-94D5-C834DF35619A}.Release|x86.Build.0 = Release|x86
		{62D48EEF-8F5A-4465-94D5-C834DF35619A}.Release|x86.Deploy.0 = Release|x86
		{CC12088D-35CD-46D2-9F22-72977A07FA50}.Ad-Hoc|Any CPU.ActiveCfg = Release|Any CPU
		{CC12088D-35CD-46D2-9F22-72977A07FA50}.Ad-Hoc|Any CPU.Build.0 = Release|Any CPU
		{CC12088D-35CD-46D2-9F22-72977A07FA50}.Ad-Hoc|Any CPU.Deploy.0 = Release|Any CPU
		{CC12088D-35CD-46D2-9F22-72977A07FA50}.Ad-Hoc|ARM.ActiveCfg = Release|ARM
		{CC12088D-35CD-46D2-9F22-72977A07FA50}.Ad-Hoc|ARM.Build.0 = Release|ARM
		{CC12088D-35CD-46D2-9F22-72977A07FA50}.Ad-Hoc|ARM.Deploy.0 = Release|ARM
		{CC12088D-35CD-46D2-9F22-72977A07FA50}.Ad-Hoc|iPhone.ActiveCfg = Release|Any CPU
		{CC12088D-35CD-46D2-9F22-72977A07FA50}.Ad-Hoc|iPhoneSimulator.ActiveCfg = Release|Any CPU
		{CC12088D-35CD-46D2-9F22-72977A07FA50}.Ad-Hoc|Mixed Platforms.ActiveCfg = Release|x86
		{CC12088D-35CD-46D2-9F22-72977A07FA50}.Ad-Hoc|Mixed Platforms.Build.0 = Release|x86
		{CC12088D-35CD-46D2-9F22-72977A07FA50}.Ad-Hoc|Mixed Platforms.Deploy.0 = Release|x86
		{CC12088D-35CD-46D2-9F22-72977A07FA50}.Ad-Hoc|x64.ActiveCfg = Release|Any CPU
		{CC12088D-35CD-46D2-9F22-72977A07FA50}.Ad-Hoc|x86.ActiveCfg = Release|x86
		{CC12088D-35CD-46D2-9F22-72977A07FA50}.Ad-Hoc|x86.Build.0 = Release|x86
		{CC12088D-35CD-46D2-9F22-72977A07FA50}.Ad-Hoc|x86.Deploy.0 = Release|x86
		{CC12088D-35CD-46D2-9F22-72977A07FA50}.AppStore|Any CPU.ActiveCfg = Release|Any CPU
		{CC12088D-35CD-46D2-9F22-72977A07FA50}.AppStore|Any CPU.Build.0 = Release|Any CPU
		{CC12088D-35CD-46D2-9F22-72977A07FA50}.AppStore|Any CPU.Deploy.0 = Release|Any CPU
		{CC12088D-35CD-46D2-9F22-72977A07FA50}.AppStore|ARM.ActiveCfg = Release|ARM
		{CC12088D-35CD-46D2-9F22-72977A07FA50}.AppStore|ARM.Build.0 = Release|ARM
		{CC12088D-35CD-46D2-9F22-72977A07FA50}.AppStore|ARM.Deploy.0 = Release|ARM
		{CC12088D-35CD-46D2-9F22-72977A07FA50}.AppStore|iPhone.ActiveCfg = Release|Any CPU
		{CC12088D-35CD-46D2-9F22-72977A07FA50}.AppStore|iPhoneSimulator.ActiveCfg = Release|Any CPU
		{CC12088D-35CD-46D2-9F22-72977A07FA50}.AppStore|Mixed Platforms.ActiveCfg = Release|x86
		{CC12088D-35CD-46D2-9F22-72977A07FA50}.AppStore|Mixed Platforms.Build.0 = Release|x86
		{CC12088D-35CD-46D2-9F22-72977A07FA50}.AppStore|Mixed Platforms.Deploy.0 = Release|x86
		{CC12088D-35CD-46D2-9F22-72977A07FA50}.AppStore|x64.ActiveCfg = Release|Any CPU
		{CC12088D-35CD-46D2-9F22-72977A07FA50}.AppStore|x86.ActiveCfg = Release|x86
		{CC12088D-35CD-46D2-9F22-72977A07FA50}.AppStore|x86.Build.0 = Release|x86
		{CC12088D-35CD-46D2-9F22-72977A07FA50}.AppStore|x86.Deploy.0 = Release|x86
		{CC12088D-35CD-46D2-9F22-72977A07FA50}.Debug|Any CPU.ActiveCfg = Debug|Any CPU
		{CC12088D-35CD-46D2-9F22-72977A07FA50}.Debug|Any CPU.Build.0 = Debug|Any CPU
		{CC12088D-35CD-46D2-9F22-72977A07FA50}.Debug|Any CPU.Deploy.0 = Debug|Any CPU
		{CC12088D-35CD-46D2-9F22-72977A07FA50}.Debug|ARM.ActiveCfg = Debug|ARM
		{CC12088D-35CD-46D2-9F22-72977A07FA50}.Debug|ARM.Build.0 = Debug|ARM
		{CC12088D-35CD-46D2-9F22-72977A07FA50}.Debug|ARM.Deploy.0 = Debug|ARM
		{CC12088D-35CD-46D2-9F22-72977A07FA50}.Debug|iPhone.ActiveCfg = Debug|Any CPU
		{CC12088D-35CD-46D2-9F22-72977A07FA50}.Debug|iPhoneSimulator.ActiveCfg = Debug|Any CPU
		{CC12088D-35CD-46D2-9F22-72977A07FA50}.Debug|Mixed Platforms.ActiveCfg = Debug|x86
		{CC12088D-35CD-46D2-9F22-72977A07FA50}.Debug|Mixed Platforms.Build.0 = Debug|x86
		{CC12088D-35CD-46D2-9F22-72977A07FA50}.Debug|Mixed Platforms.Deploy.0 = Debug|x86
		{CC12088D-35CD-46D2-9F22-72977A07FA50}.Debug|x64.ActiveCfg = Debug|Any CPU
		{CC12088D-35CD-46D2-9F22-72977A07FA50}.Debug|x86.ActiveCfg = Debug|x86
		{CC12088D-35CD-46D2-9F22-72977A07FA50}.Debug|x86.Build.0 = Debug|x86
		{CC12088D-35CD-46D2-9F22-72977A07FA50}.Debug|x86.Deploy.0 = Debug|x86
		{CC12088D-35CD-46D2-9F22-72977A07FA50}.Release|Any CPU.ActiveCfg = Release|Any CPU
		{CC12088D-35CD-46D2-9F22-72977A07FA50}.Release|Any CPU.Build.0 = Release|Any CPU
		{CC12088D-35CD-46D2-9F22-72977A07FA50}.Release|Any CPU.Deploy.0 = Release|Any CPU
		{CC12088D-35CD-46D2-9F22-72977A07FA50}.Release|ARM.ActiveCfg = Release|ARM
		{CC12088D-35CD-46D2-9F22-72977A07FA50}.Release|ARM.Build.0 = Release|ARM
		{CC12088D-35CD-46D2-9F22-72977A07FA50}.Release|ARM.Deploy.0 = Release|ARM
		{CC12088D-35CD-46D2-9F22-72977A07FA50}.Release|iPhone.ActiveCfg = Release|Any CPU
		{CC12088D-35CD-46D2-9F22-72977A07FA50}.Release|iPhoneSimulator.ActiveCfg = Release|Any CPU
		{CC12088D-35CD-46D2-9F22-72977A07FA50}.Release|Mixed Platforms.ActiveCfg = Release|x86
		{CC12088D-35CD-46D2-9F22-72977A07FA50}.Release|Mixed Platforms.Build.0 = Release|x86
		{CC12088D-35CD-46D2-9F22-72977A07FA50}.Release|Mixed Platforms.Deploy.0 = Release|x86
		{CC12088D-35CD-46D2-9F22-72977A07FA50}.Release|x64.ActiveCfg = Release|Any CPU
		{CC12088D-35CD-46D2-9F22-72977A07FA50}.Release|x86.ActiveCfg = Release|x86
		{CC12088D-35CD-46D2-9F22-72977A07FA50}.Release|x86.Build.0 = Release|x86
		{CC12088D-35CD-46D2-9F22-72977A07FA50}.Release|x86.Deploy.0 = Release|x86
		{06399C1E-00D1-44AD-88B7-4EFC1E15E9E3}.Ad-Hoc|Any CPU.ActiveCfg = Release|Any CPU
		{06399C1E-00D1-44AD-88B7-4EFC1E15E9E3}.Ad-Hoc|Any CPU.Build.0 = Release|Any CPU
		{06399C1E-00D1-44AD-88B7-4EFC1E15E9E3}.Ad-Hoc|Any CPU.Deploy.0 = Release|Any CPU
		{06399C1E-00D1-44AD-88B7-4EFC1E15E9E3}.Ad-Hoc|ARM.ActiveCfg = Release|ARM
		{06399C1E-00D1-44AD-88B7-4EFC1E15E9E3}.Ad-Hoc|ARM.Build.0 = Release|ARM
		{06399C1E-00D1-44AD-88B7-4EFC1E15E9E3}.Ad-Hoc|ARM.Deploy.0 = Release|ARM
		{06399C1E-00D1-44AD-88B7-4EFC1E15E9E3}.Ad-Hoc|iPhone.ActiveCfg = Release|Any CPU
		{06399C1E-00D1-44AD-88B7-4EFC1E15E9E3}.Ad-Hoc|iPhoneSimulator.ActiveCfg = Release|Any CPU
		{06399C1E-00D1-44AD-88B7-4EFC1E15E9E3}.Ad-Hoc|Mixed Platforms.ActiveCfg = Release|x86
		{06399C1E-00D1-44AD-88B7-4EFC1E15E9E3}.Ad-Hoc|Mixed Platforms.Build.0 = Release|x86
		{06399C1E-00D1-44AD-88B7-4EFC1E15E9E3}.Ad-Hoc|Mixed Platforms.Deploy.0 = Release|x86
		{06399C1E-00D1-44AD-88B7-4EFC1E15E9E3}.Ad-Hoc|x64.ActiveCfg = Release|x64
		{06399C1E-00D1-44AD-88B7-4EFC1E15E9E3}.Ad-Hoc|x64.Build.0 = Release|x64
		{06399C1E-00D1-44AD-88B7-4EFC1E15E9E3}.Ad-Hoc|x64.Deploy.0 = Release|x64
		{06399C1E-00D1-44AD-88B7-4EFC1E15E9E3}.Ad-Hoc|x86.ActiveCfg = Release|x86
		{06399C1E-00D1-44AD-88B7-4EFC1E15E9E3}.Ad-Hoc|x86.Build.0 = Release|x86
		{06399C1E-00D1-44AD-88B7-4EFC1E15E9E3}.Ad-Hoc|x86.Deploy.0 = Release|x86
		{06399C1E-00D1-44AD-88B7-4EFC1E15E9E3}.AppStore|Any CPU.ActiveCfg = Release|Any CPU
		{06399C1E-00D1-44AD-88B7-4EFC1E15E9E3}.AppStore|Any CPU.Build.0 = Release|Any CPU
		{06399C1E-00D1-44AD-88B7-4EFC1E15E9E3}.AppStore|Any CPU.Deploy.0 = Release|Any CPU
		{06399C1E-00D1-44AD-88B7-4EFC1E15E9E3}.AppStore|ARM.ActiveCfg = Release|ARM
		{06399C1E-00D1-44AD-88B7-4EFC1E15E9E3}.AppStore|ARM.Build.0 = Release|ARM
		{06399C1E-00D1-44AD-88B7-4EFC1E15E9E3}.AppStore|ARM.Deploy.0 = Release|ARM
		{06399C1E-00D1-44AD-88B7-4EFC1E15E9E3}.AppStore|iPhone.ActiveCfg = Release|Any CPU
		{06399C1E-00D1-44AD-88B7-4EFC1E15E9E3}.AppStore|iPhoneSimulator.ActiveCfg = Release|Any CPU
		{06399C1E-00D1-44AD-88B7-4EFC1E15E9E3}.AppStore|Mixed Platforms.ActiveCfg = Release|x86
		{06399C1E-00D1-44AD-88B7-4EFC1E15E9E3}.AppStore|Mixed Platforms.Build.0 = Release|x86
		{06399C1E-00D1-44AD-88B7-4EFC1E15E9E3}.AppStore|Mixed Platforms.Deploy.0 = Release|x86
		{06399C1E-00D1-44AD-88B7-4EFC1E15E9E3}.AppStore|x64.ActiveCfg = Release|x64
		{06399C1E-00D1-44AD-88B7-4EFC1E15E9E3}.AppStore|x64.Build.0 = Release|x64
		{06399C1E-00D1-44AD-88B7-4EFC1E15E9E3}.AppStore|x64.Deploy.0 = Release|x64
		{06399C1E-00D1-44AD-88B7-4EFC1E15E9E3}.AppStore|x86.ActiveCfg = Release|x86
		{06399C1E-00D1-44AD-88B7-4EFC1E15E9E3}.AppStore|x86.Build.0 = Release|x86
		{06399C1E-00D1-44AD-88B7-4EFC1E15E9E3}.AppStore|x86.Deploy.0 = Release|x86
		{06399C1E-00D1-44AD-88B7-4EFC1E15E9E3}.Debug|Any CPU.ActiveCfg = Debug|Any CPU
		{06399C1E-00D1-44AD-88B7-4EFC1E15E9E3}.Debug|Any CPU.Build.0 = Debug|Any CPU
		{06399C1E-00D1-44AD-88B7-4EFC1E15E9E3}.Debug|Any CPU.Deploy.0 = Debug|Any CPU
		{06399C1E-00D1-44AD-88B7-4EFC1E15E9E3}.Debug|ARM.ActiveCfg = Debug|ARM
		{06399C1E-00D1-44AD-88B7-4EFC1E15E9E3}.Debug|ARM.Build.0 = Debug|ARM
		{06399C1E-00D1-44AD-88B7-4EFC1E15E9E3}.Debug|ARM.Deploy.0 = Debug|ARM
		{06399C1E-00D1-44AD-88B7-4EFC1E15E9E3}.Debug|iPhone.ActiveCfg = Debug|Any CPU
		{06399C1E-00D1-44AD-88B7-4EFC1E15E9E3}.Debug|iPhoneSimulator.ActiveCfg = Debug|Any CPU
		{06399C1E-00D1-44AD-88B7-4EFC1E15E9E3}.Debug|Mixed Platforms.ActiveCfg = Debug|x86
		{06399C1E-00D1-44AD-88B7-4EFC1E15E9E3}.Debug|Mixed Platforms.Build.0 = Debug|x86
		{06399C1E-00D1-44AD-88B7-4EFC1E15E9E3}.Debug|Mixed Platforms.Deploy.0 = Debug|x86
		{06399C1E-00D1-44AD-88B7-4EFC1E15E9E3}.Debug|x64.ActiveCfg = Debug|x64
		{06399C1E-00D1-44AD-88B7-4EFC1E15E9E3}.Debug|x64.Build.0 = Debug|x64
		{06399C1E-00D1-44AD-88B7-4EFC1E15E9E3}.Debug|x64.Deploy.0 = Debug|x64
		{06399C1E-00D1-44AD-88B7-4EFC1E15E9E3}.Debug|x86.ActiveCfg = Debug|x86
		{06399C1E-00D1-44AD-88B7-4EFC1E15E9E3}.Debug|x86.Build.0 = Debug|x86
		{06399C1E-00D1-44AD-88B7-4EFC1E15E9E3}.Debug|x86.Deploy.0 = Debug|x86
		{06399C1E-00D1-44AD-88B7-4EFC1E15E9E3}.Release|Any CPU.ActiveCfg = Release|Any CPU
		{06399C1E-00D1-44AD-88B7-4EFC1E15E9E3}.Release|Any CPU.Build.0 = Release|Any CPU
		{06399C1E-00D1-44AD-88B7-4EFC1E15E9E3}.Release|Any CPU.Deploy.0 = Release|Any CPU
		{06399C1E-00D1-44AD-88B7-4EFC1E15E9E3}.Release|ARM.ActiveCfg = Release|ARM
		{06399C1E-00D1-44AD-88B7-4EFC1E15E9E3}.Release|ARM.Build.0 = Release|ARM
		{06399C1E-00D1-44AD-88B7-4EFC1E15E9E3}.Release|ARM.Deploy.0 = Release|ARM
		{06399C1E-00D1-44AD-88B7-4EFC1E15E9E3}.Release|iPhone.ActiveCfg = Release|Any CPU
		{06399C1E-00D1-44AD-88B7-4EFC1E15E9E3}.Release|iPhoneSimulator.ActiveCfg = Release|Any CPU
		{06399C1E-00D1-44AD-88B7-4EFC1E15E9E3}.Release|Mixed Platforms.ActiveCfg = Release|x86
		{06399C1E-00D1-44AD-88B7-4EFC1E15E9E3}.Release|Mixed Platforms.Build.0 = Release|x86
		{06399C1E-00D1-44AD-88B7-4EFC1E15E9E3}.Release|Mixed Platforms.Deploy.0 = Release|x86
		{06399C1E-00D1-44AD-88B7-4EFC1E15E9E3}.Release|x64.ActiveCfg = Release|x64
		{06399C1E-00D1-44AD-88B7-4EFC1E15E9E3}.Release|x64.Build.0 = Release|x64
		{06399C1E-00D1-44AD-88B7-4EFC1E15E9E3}.Release|x64.Deploy.0 = Release|x64
		{06399C1E-00D1-44AD-88B7-4EFC1E15E9E3}.Release|x86.ActiveCfg = Release|x86
		{06399C1E-00D1-44AD-88B7-4EFC1E15E9E3}.Release|x86.Build.0 = Release|x86
		{06399C1E-00D1-44AD-88B7-4EFC1E15E9E3}.Release|x86.Deploy.0 = Release|x86
	EndGlobalSection
	GlobalSection(SolutionProperties) = preSolution
		HideSolutionNode = FALSE
	EndGlobalSection
EndGlobal
