
Microsoft Visual Studio Solution File, Format Version 12.00
# Visual Studio 14
VisualStudioVersion = 14.0.24720.0
MinimumVisualStudioVersion = 10.0.40219.1
Project("{FAE04EC0-301F-11D3-BF4B-00C04F79EFBC}") = "Media.Plugin", "Media\Media.Plugin\Media.Plugin.csproj", "{A6FCEF44-D2BA-42C7-B3CB-13667BCD7B54}"
EndProject
Project("{FAE04EC0-301F-11D3-BF4B-00C04F79EFBC}") = "Media.Plugin.Abstractions", "Media\Media.Plugin.Abstractions\Media.Plugin.Abstractions.csproj", "{6EDB0588-FFC5-4EF5-8A99-9E241D0F878D}"
EndProject
Project("{FAE04EC0-301F-11D3-BF4B-00C04F79EFBC}") = "Media.Plugin.iOS", "Media\Media.Plugin.iOS\Media.Plugin.iOS.csproj", "{D7F3AA16-8EF1-4924-9E0A-DAD4AB46B2EB}"
EndProject
Project("{FAE04EC0-301F-11D3-BF4B-00C04F79EFBC}") = "Media.Plugin.iOSUnified", "Media\Media.Plugin.iOSUnified\Media.Plugin.iOSUnified.csproj", "{2882AEEB-D4CD-4EB9-8A6C-6653B33681F0}"
EndProject
Project("{FAE04EC0-301F-11D3-BF4B-00C04F79EFBC}") = "Media.Plugin.Android", "Media\Media.Plugin.Android\Media.Plugin.Android.csproj", "{56A56F17-7DE1-4CA1-9617-BF32E971AC84}"
EndProject
Project("{FAE04EC0-301F-11D3-BF4B-00C04F79EFBC}") = "Media.Plugin.WindowsPhone8", "Media\Media.Plugin.WindowsPhone8\Media.Plugin.WindowsPhone8.csproj", "{5876144B-47DD-4C4E-B421-BC03F191B996}"
EndProject
Project("{FAE04EC0-301F-11D3-BF4B-00C04F79EFBC}") = "Media.Plugin.WindowsPhone81", "Media\Media.Plugin.WindowsPhone81\Media.Plugin.WindowsPhone81.csproj", "{7169373F-0B82-4E5D-9129-7CC3065B90FA}"
EndProject
Project("{FAE04EC0-301F-11D3-BF4B-00C04F79EFBC}") = "Media.Plugin.WindowsStore", "Media\Media.Plugin.WindowsStore\Media.Plugin.WindowsStore.csproj", "{ED9A4CA1-C04C-457D-9A2E-7995CCF12356}"
EndProject
Project("{2150E333-8FDC-42A3-9474-1A3956D46DE8}") = "Solution Items", "Solution Items", "{8A040C2B-8359-4AFD-BE26-E125EC08FADA}"
	ProjectSection(SolutionItems) = preProject
		Media.Plugin.nuspec = Media.Plugin.nuspec
	EndProjectSection
EndProject
Project("{2150E333-8FDC-42A3-9474-1A3956D46DE8}") = "TestsApps", "TestsApps", "{EAB7ED86-6B88-4D76-9CCC-83BFDF137EA8}"
EndProject
Project("{FAE04EC0-301F-11D3-BF4B-00C04F79EFBC}") = "MediaAndroidTest", "MediaAndroidTest\MediaAndroidTest.csproj", "{25ABD9E0-F2C6-4E86-9B9D-FED01E44E0FA}"
EndProject
Project("{2150E333-8FDC-42A3-9474-1A3956D46DE8}") = "MediaTest", "MediaTest", "{8938843E-A0A2-4946-A5CC-1D735AA7C963}"
EndProject
Project("{D954291E-2A0B-460D-934E-DC6B0785DB48}") = "MediaTest.Shared", "MediaTest\MediaTest.Shared\MediaTest.Shared.shproj", "{99603C24-247B-4BE8-8642-0775F1DD095B}"
EndProject
Project("{FAE04EC0-301F-11D3-BF4B-00C04F79EFBC}") = "MediaTest.Windows", "MediaTest\MediaTest.Windows\MediaTest.Windows.csproj", "{8CCFF280-61CC-4A2D-94BD-BC8DC1367128}"
EndProject
Project("{FAE04EC0-301F-11D3-BF4B-00C04F79EFBC}") = "MediaTest.WindowsPhone", "MediaTest\MediaTest.WindowsPhone\MediaTest.WindowsPhone.csproj", "{44CCD146-CFC0-4ABE-8C61-B7C160F3B306}"
EndProject
Project("{FAE04EC0-301F-11D3-BF4B-00C04F79EFBC}") = "Media.Plugin.UWP", "Media\Media.Plugin.UWP\Media.Plugin.UWP.csproj", "{04125CD7-F3B6-4960-B1BA-9F584384EBDF}"
EndProject
Project("{FAE04EC0-301F-11D3-BF4B-00C04F79EFBC}") = "MediaTest.iOS", "MediaTest\MediaTest.iOS\MediaTest.iOS.csproj", "{18EB9D77-ACEC-44B0-966E-C015FE303BDC}"
EndProject
Global
	GlobalSection(SharedMSBuildProjectFiles) = preSolution
		MediaTest\MediaTest.Shared\MediaTest.Shared.projitems*{99603c24-247b-4be8-8642-0775f1dd095b}*SharedItemsImports = 13
		MediaTest\MediaTest.Shared\MediaTest.Shared.projitems*{44ccd146-cfc0-4abe-8c61-b7c160f3b306}*SharedItemsImports = 4
		MediaTest\MediaTest.Shared\MediaTest.Shared.projitems*{8ccff280-61cc-4a2d-94bd-bc8dc1367128}*SharedItemsImports = 4
	EndGlobalSection
	GlobalSection(SolutionConfigurationPlatforms) = preSolution
		Ad-Hoc|Any CPU = Ad-Hoc|Any CPU
		Ad-Hoc|ARM = Ad-Hoc|ARM
		Ad-Hoc|iPhone = Ad-Hoc|iPhone
		Ad-Hoc|iPhoneSimulator = Ad-Hoc|iPhoneSimulator
		Ad-Hoc|Mixed Platforms = Ad-Hoc|Mixed Platforms
		Ad-Hoc|x64 = Ad-Hoc|x64
		Ad-Hoc|x86 = Ad-Hoc|x86
		AppStore|Any CPU = AppStore|Any CPU
		AppStore|ARM = AppStore|ARM
		AppStore|iPhone = AppStore|iPhone
		AppStore|iPhoneSimulator = AppStore|iPhoneSimulator
		AppStore|Mixed Platforms = AppStore|Mixed Platforms
		AppStore|x64 = AppStore|x64
		AppStore|x86 = AppStore|x86
		Debug|Any CPU = Debug|Any CPU
		Debug|ARM = Debug|ARM
		Debug|iPhone = Debug|iPhone
		Debug|iPhoneSimulator = Debug|iPhoneSimulator
		Debug|Mixed Platforms = Debug|Mixed Platforms
		Debug|x64 = Debug|x64
		Debug|x86 = Debug|x86
		Release|Any CPU = Release|Any CPU
		Release|ARM = Release|ARM
		Release|iPhone = Release|iPhone
		Release|iPhoneSimulator = Release|iPhoneSimulator
		Release|Mixed Platforms = Release|Mixed Platforms
		Release|x64 = Release|x64
		Release|x86 = Release|x86
	EndGlobalSection
	GlobalSection(ProjectConfigurationPlatforms) = postSolution
		{A6FCEF44-D2BA-42C7-B3CB-13667BCD7B54}.Ad-Hoc|Any CPU.ActiveCfg = Release|Any CPU
		{A6FCEF44-D2BA-42C7-B3CB-13667BCD7B54}.Ad-Hoc|Any CPU.Build.0 = Release|Any CPU
		{A6FCEF44-D2BA-42C7-B3CB-13667BCD7B54}.Ad-Hoc|ARM.ActiveCfg = Release|Any CPU
		{A6FCEF44-D2BA-42C7-B3CB-13667BCD7B54}.Ad-Hoc|iPhone.ActiveCfg = Release|Any CPU
		{A6FCEF44-D2BA-42C7-B3CB-13667BCD7B54}.Ad-Hoc|iPhoneSimulator.ActiveCfg = Release|Any CPU
		{A6FCEF44-D2BA-42C7-B3CB-13667BCD7B54}.Ad-Hoc|Mixed Platforms.ActiveCfg = Release|Any CPU
		{A6FCEF44-D2BA-42C7-B3CB-13667BCD7B54}.Ad-Hoc|Mixed Platforms.Build.0 = Release|Any CPU
		{A6FCEF44-D2BA-42C7-B3CB-13667BCD7B54}.Ad-Hoc|x64.ActiveCfg = Release|Any CPU
		{A6FCEF44-D2BA-42C7-B3CB-13667BCD7B54}.Ad-Hoc|x86.ActiveCfg = Release|Any CPU
		{A6FCEF44-D2BA-42C7-B3CB-13667BCD7B54}.AppStore|Any CPU.ActiveCfg = Release|Any CPU
		{A6FCEF44-D2BA-42C7-B3CB-13667BCD7B54}.AppStore|Any CPU.Build.0 = Release|Any CPU
		{A6FCEF44-D2BA-42C7-B3CB-13667BCD7B54}.AppStore|ARM.ActiveCfg = Release|Any CPU
		{A6FCEF44-D2BA-42C7-B3CB-13667BCD7B54}.AppStore|iPhone.ActiveCfg = Release|Any CPU
		{A6FCEF44-D2BA-42C7-B3CB-13667BCD7B54}.AppStore|iPhoneSimulator.ActiveCfg = Release|Any CPU
		{A6FCEF44-D2BA-42C7-B3CB-13667BCD7B54}.AppStore|Mixed Platforms.ActiveCfg = Release|Any CPU
		{A6FCEF44-D2BA-42C7-B3CB-13667BCD7B54}.AppStore|Mixed Platforms.Build.0 = Release|Any CPU
		{A6FCEF44-D2BA-42C7-B3CB-13667BCD7B54}.AppStore|x64.ActiveCfg = Release|Any CPU
		{A6FCEF44-D2BA-42C7-B3CB-13667BCD7B54}.AppStore|x86.ActiveCfg = Release|Any CPU
		{A6FCEF44-D2BA-42C7-B3CB-13667BCD7B54}.Debug|Any CPU.ActiveCfg = Debug|Any CPU
		{A6FCEF44-D2BA-42C7-B3CB-13667BCD7B54}.Debug|Any CPU.Build.0 = Debug|Any CPU
		{A6FCEF44-D2BA-42C7-B3CB-13667BCD7B54}.Debug|ARM.ActiveCfg = Debug|Any CPU
		{A6FCEF44-D2BA-42C7-B3CB-13667BCD7B54}.Debug|iPhone.ActiveCfg = Debug|Any CPU
		{A6FCEF44-D2BA-42C7-B3CB-13667BCD7B54}.Debug|iPhone.Build.0 = Debug|Any CPU
		{A6FCEF44-D2BA-42C7-B3CB-13667BCD7B54}.Debug|iPhoneSimulator.ActiveCfg = Debug|Any CPU
		{A6FCEF44-D2BA-42C7-B3CB-13667BCD7B54}.Debug|Mixed Platforms.ActiveCfg = Debug|Any CPU
		{A6FCEF44-D2BA-42C7-B3CB-13667BCD7B54}.Debug|Mixed Platforms.Build.0 = Debug|Any CPU
		{A6FCEF44-D2BA-42C7-B3CB-13667BCD7B54}.Debug|x64.ActiveCfg = Debug|Any CPU
		{A6FCEF44-D2BA-42C7-B3CB-13667BCD7B54}.Debug|x86.ActiveCfg = Debug|Any CPU
		{A6FCEF44-D2BA-42C7-B3CB-13667BCD7B54}.Release|Any CPU.ActiveCfg = Release|Any CPU
		{A6FCEF44-D2BA-42C7-B3CB-13667BCD7B54}.Release|Any CPU.Build.0 = Release|Any CPU
		{A6FCEF44-D2BA-42C7-B3CB-13667BCD7B54}.Release|ARM.ActiveCfg = Release|Any CPU
		{A6FCEF44-D2BA-42C7-B3CB-13667BCD7B54}.Release|iPhone.ActiveCfg = Release|Any CPU
		{A6FCEF44-D2BA-42C7-B3CB-13667BCD7B54}.Release|iPhoneSimulator.ActiveCfg = Release|Any CPU
		{A6FCEF44-D2BA-42C7-B3CB-13667BCD7B54}.Release|Mixed Platforms.ActiveCfg = Release|Any CPU
		{A6FCEF44-D2BA-42C7-B3CB-13667BCD7B54}.Release|Mixed Platforms.Build.0 = Release|Any CPU
		{A6FCEF44-D2BA-42C7-B3CB-13667BCD7B54}.Release|x64.ActiveCfg = Release|Any CPU
		{A6FCEF44-D2BA-42C7-B3CB-13667BCD7B54}.Release|x86.ActiveCfg = Release|Any CPU
		{6EDB0588-FFC5-4EF5-8A99-9E241D0F878D}.Ad-Hoc|Any CPU.ActiveCfg = Release|Any CPU
		{6EDB0588-FFC5-4EF5-8A99-9E241D0F878D}.Ad-Hoc|Any CPU.Build.0 = Release|Any CPU
		{6EDB0588-FFC5-4EF5-8A99-9E241D0F878D}.Ad-Hoc|ARM.ActiveCfg = Release|Any CPU
		{6EDB0588-FFC5-4EF5-8A99-9E241D0F878D}.Ad-Hoc|iPhone.ActiveCfg = Release|Any CPU
		{6EDB0588-FFC5-4EF5-8A99-9E241D0F878D}.Ad-Hoc|iPhoneSimulator.ActiveCfg = Release|Any CPU
		{6EDB0588-FFC5-4EF5-8A99-9E241D0F878D}.Ad-Hoc|Mixed Platforms.ActiveCfg = Release|Any CPU
		{6EDB0588-FFC5-4EF5-8A99-9E241D0F878D}.Ad-Hoc|Mixed Platforms.Build.0 = Release|Any CPU
		{6EDB0588-FFC5-4EF5-8A99-9E241D0F878D}.Ad-Hoc|x64.ActiveCfg = Release|Any CPU
		{6EDB0588-FFC5-4EF5-8A99-9E241D0F878D}.Ad-Hoc|x86.ActiveCfg = Release|Any CPU
		{6EDB0588-FFC5-4EF5-8A99-9E241D0F878D}.AppStore|Any CPU.ActiveCfg = Release|Any CPU
		{6EDB0588-FFC5-4EF5-8A99-9E241D0F878D}.AppStore|Any CPU.Build.0 = Release|Any CPU
		{6EDB0588-FFC5-4EF5-8A99-9E241D0F878D}.AppStore|ARM.ActiveCfg = Release|Any CPU
		{6EDB0588-FFC5-4EF5-8A99-9E241D0F878D}.AppStore|iPhone.ActiveCfg = Release|Any CPU
		{6EDB0588-FFC5-4EF5-8A99-9E241D0F878D}.AppStore|iPhoneSimulator.ActiveCfg = Release|Any CPU
		{6EDB0588-FFC5-4EF5-8A99-9E241D0F878D}.AppStore|Mixed Platforms.ActiveCfg = Release|Any CPU
		{6EDB0588-FFC5-4EF5-8A99-9E241D0F878D}.AppStore|Mixed Platforms.Build.0 = Release|Any CPU
		{6EDB0588-FFC5-4EF5-8A99-9E241D0F878D}.AppStore|x64.ActiveCfg = Release|Any CPU
		{6EDB0588-FFC5-4EF5-8A99-9E241D0F878D}.AppStore|x86.ActiveCfg = Release|Any CPU
		{6EDB0588-FFC5-4EF5-8A99-9E241D0F878D}.Debug|Any CPU.ActiveCfg = Debug|Any CPU
		{6EDB0588-FFC5-4EF5-8A99-9E241D0F878D}.Debug|Any CPU.Build.0 = Debug|Any CPU
		{6EDB0588-FFC5-4EF5-8A99-9E241D0F878D}.Debug|ARM.ActiveCfg = Debug|Any CPU
		{6EDB0588-FFC5-4EF5-8A99-9E241D0F878D}.Debug|iPhone.ActiveCfg = Debug|Any CPU
		{6EDB0588-FFC5-4EF5-8A99-9E241D0F878D}.Debug|iPhone.Build.0 = Debug|Any CPU
		{6EDB0588-FFC5-4EF5-8A99-9E241D0F878D}.Debug|iPhoneSimulator.ActiveCfg = Debug|Any CPU
		{6EDB0588-FFC5-4EF5-8A99-9E241D0F878D}.Debug|Mixed Platforms.ActiveCfg = Debug|Any CPU
		{6EDB0588-FFC5-4EF5-8A99-9E241D0F878D}.Debug|Mixed Platforms.Build.0 = Debug|Any CPU
		{6EDB0588-FFC5-4EF5-8A99-9E241D0F878D}.Debug|x64.ActiveCfg = Debug|Any CPU
		{6EDB0588-FFC5-4EF5-8A99-9E241D0F878D}.Debug|x86.ActiveCfg = Debug|Any CPU
		{6EDB0588-FFC5-4EF5-8A99-9E241D0F878D}.Release|Any CPU.ActiveCfg = Release|Any CPU
		{6EDB0588-FFC5-4EF5-8A99-9E241D0F878D}.Release|Any CPU.Build.0 = Release|Any CPU
		{6EDB0588-FFC5-4EF5-8A99-9E241D0F878D}.Release|ARM.ActiveCfg = Release|Any CPU
		{6EDB0588-FFC5-4EF5-8A99-9E241D0F878D}.Release|iPhone.ActiveCfg = Release|Any CPU
		{6EDB0588-FFC5-4EF5-8A99-9E241D0F878D}.Release|iPhoneSimulator.ActiveCfg = Release|Any CPU
		{6EDB0588-FFC5-4EF5-8A99-9E241D0F878D}.Release|Mixed Platforms.ActiveCfg = Release|Any CPU
		{6EDB0588-FFC5-4EF5-8A99-9E241D0F878D}.Release|Mixed Platforms.Build.0 = Release|Any CPU
		{6EDB0588-FFC5-4EF5-8A99-9E241D0F878D}.Release|x64.ActiveCfg = Release|Any CPU
		{6EDB0588-FFC5-4EF5-8A99-9E241D0F878D}.Release|x86.ActiveCfg = Release|Any CPU
		{D7F3AA16-8EF1-4924-9E0A-DAD4AB46B2EB}.Ad-Hoc|Any CPU.ActiveCfg = Release|Any CPU
		{D7F3AA16-8EF1-4924-9E0A-DAD4AB46B2EB}.Ad-Hoc|Any CPU.Build.0 = Release|Any CPU
		{D7F3AA16-8EF1-4924-9E0A-DAD4AB46B2EB}.Ad-Hoc|ARM.ActiveCfg = Release|Any CPU
		{D7F3AA16-8EF1-4924-9E0A-DAD4AB46B2EB}.Ad-Hoc|iPhone.ActiveCfg = Release|Any CPU
		{D7F3AA16-8EF1-4924-9E0A-DAD4AB46B2EB}.Ad-Hoc|iPhoneSimulator.ActiveCfg = Release|Any CPU
		{D7F3AA16-8EF1-4924-9E0A-DAD4AB46B2EB}.Ad-Hoc|Mixed Platforms.ActiveCfg = Release|Any CPU
		{D7F3AA16-8EF1-4924-9E0A-DAD4AB46B2EB}.Ad-Hoc|Mixed Platforms.Build.0 = Release|Any CPU
		{D7F3AA16-8EF1-4924-9E0A-DAD4AB46B2EB}.Ad-Hoc|x64.ActiveCfg = Release|Any CPU
		{D7F3AA16-8EF1-4924-9E0A-DAD4AB46B2EB}.Ad-Hoc|x86.ActiveCfg = Release|Any CPU
		{D7F3AA16-8EF1-4924-9E0A-DAD4AB46B2EB}.AppStore|Any CPU.ActiveCfg = Release|Any CPU
		{D7F3AA16-8EF1-4924-9E0A-DAD4AB46B2EB}.AppStore|Any CPU.Build.0 = Release|Any CPU
		{D7F3AA16-8EF1-4924-9E0A-DAD4AB46B2EB}.AppStore|ARM.ActiveCfg = Release|Any CPU
		{D7F3AA16-8EF1-4924-9E0A-DAD4AB46B2EB}.AppStore|iPhone.ActiveCfg = Release|Any CPU
		{D7F3AA16-8EF1-4924-9E0A-DAD4AB46B2EB}.AppStore|iPhoneSimulator.ActiveCfg = Release|Any CPU
		{D7F3AA16-8EF1-4924-9E0A-DAD4AB46B2EB}.AppStore|Mixed Platforms.ActiveCfg = Release|Any CPU
		{D7F3AA16-8EF1-4924-9E0A-DAD4AB46B2EB}.AppStore|Mixed Platforms.Build.0 = Release|Any CPU
		{D7F3AA16-8EF1-4924-9E0A-DAD4AB46B2EB}.AppStore|x64.ActiveCfg = Release|Any CPU
		{D7F3AA16-8EF1-4924-9E0A-DAD4AB46B2EB}.AppStore|x86.ActiveCfg = Release|Any CPU
		{D7F3AA16-8EF1-4924-9E0A-DAD4AB46B2EB}.Debug|Any CPU.ActiveCfg = Debug|Any CPU
		{D7F3AA16-8EF1-4924-9E0A-DAD4AB46B2EB}.Debug|Any CPU.Build.0 = Debug|Any CPU
		{D7F3AA16-8EF1-4924-9E0A-DAD4AB46B2EB}.Debug|ARM.ActiveCfg = Debug|Any CPU
		{D7F3AA16-8EF1-4924-9E0A-DAD4AB46B2EB}.Debug|iPhone.ActiveCfg = Debug|Any CPU
		{D7F3AA16-8EF1-4924-9E0A-DAD4AB46B2EB}.Debug|iPhone.Build.0 = Debug|Any CPU
		{D7F3AA16-8EF1-4924-9E0A-DAD4AB46B2EB}.Debug|iPhoneSimulator.ActiveCfg = Debug|Any CPU
		{D7F3AA16-8EF1-4924-9E0A-DAD4AB46B2EB}.Debug|Mixed Platforms.ActiveCfg = Debug|Any CPU
		{D7F3AA16-8EF1-4924-9E0A-DAD4AB46B2EB}.Debug|Mixed Platforms.Build.0 = Debug|Any CPU
		{D7F3AA16-8EF1-4924-9E0A-DAD4AB46B2EB}.Debug|x64.ActiveCfg = Debug|Any CPU
		{D7F3AA16-8EF1-4924-9E0A-DAD4AB46B2EB}.Debug|x86.ActiveCfg = Debug|Any CPU
		{D7F3AA16-8EF1-4924-9E0A-DAD4AB46B2EB}.Release|Any CPU.ActiveCfg = Release|Any CPU
		{D7F3AA16-8EF1-4924-9E0A-DAD4AB46B2EB}.Release|Any CPU.Build.0 = Release|Any CPU
		{D7F3AA16-8EF1-4924-9E0A-DAD4AB46B2EB}.Release|ARM.ActiveCfg = Release|Any CPU
		{D7F3AA16-8EF1-4924-9E0A-DAD4AB46B2EB}.Release|iPhone.ActiveCfg = Release|Any CPU
		{D7F3AA16-8EF1-4924-9E0A-DAD4AB46B2EB}.Release|iPhoneSimulator.ActiveCfg = Release|Any CPU
		{D7F3AA16-8EF1-4924-9E0A-DAD4AB46B2EB}.Release|Mixed Platforms.ActiveCfg = Release|Any CPU
		{D7F3AA16-8EF1-4924-9E0A-DAD4AB46B2EB}.Release|Mixed Platforms.Build.0 = Release|Any CPU
		{D7F3AA16-8EF1-4924-9E0A-DAD4AB46B2EB}.Release|x64.ActiveCfg = Release|Any CPU
		{D7F3AA16-8EF1-4924-9E0A-DAD4AB46B2EB}.Release|x86.ActiveCfg = Release|Any CPU
		{2882AEEB-D4CD-4EB9-8A6C-6653B33681F0}.Ad-Hoc|Any CPU.ActiveCfg = Release|Any CPU
		{2882AEEB-D4CD-4EB9-8A6C-6653B33681F0}.Ad-Hoc|Any CPU.Build.0 = Release|Any CPU
		{2882AEEB-D4CD-4EB9-8A6C-6653B33681F0}.Ad-Hoc|ARM.ActiveCfg = Release|Any CPU
		{2882AEEB-D4CD-4EB9-8A6C-6653B33681F0}.Ad-Hoc|iPhone.ActiveCfg = Release|Any CPU
		{2882AEEB-D4CD-4EB9-8A6C-6653B33681F0}.Ad-Hoc|iPhoneSimulator.ActiveCfg = Release|Any CPU
		{2882AEEB-D4CD-4EB9-8A6C-6653B33681F0}.Ad-Hoc|Mixed Platforms.ActiveCfg = Release|Any CPU
		{2882AEEB-D4CD-4EB9-8A6C-6653B33681F0}.Ad-Hoc|Mixed Platforms.Build.0 = Release|Any CPU
		{2882AEEB-D4CD-4EB9-8A6C-6653B33681F0}.Ad-Hoc|x64.ActiveCfg = Release|Any CPU
		{2882AEEB-D4CD-4EB9-8A6C-6653B33681F0}.Ad-Hoc|x86.ActiveCfg = Release|Any CPU
		{2882AEEB-D4CD-4EB9-8A6C-6653B33681F0}.AppStore|Any CPU.ActiveCfg = Release|Any CPU
		{2882AEEB-D4CD-4EB9-8A6C-6653B33681F0}.AppStore|Any CPU.Build.0 = Release|Any CPU
		{2882AEEB-D4CD-4EB9-8A6C-6653B33681F0}.AppStore|ARM.ActiveCfg = Release|Any CPU
		{2882AEEB-D4CD-4EB9-8A6C-6653B33681F0}.AppStore|iPhone.ActiveCfg = Release|Any CPU
		{2882AEEB-D4CD-4EB9-8A6C-6653B33681F0}.AppStore|iPhoneSimulator.ActiveCfg = Release|Any CPU
		{2882AEEB-D4CD-4EB9-8A6C-6653B33681F0}.AppStore|Mixed Platforms.ActiveCfg = Release|Any CPU
		{2882AEEB-D4CD-4EB9-8A6C-6653B33681F0}.AppStore|Mixed Platforms.Build.0 = Release|Any CPU
		{2882AEEB-D4CD-4EB9-8A6C-6653B33681F0}.AppStore|x64.ActiveCfg = Release|Any CPU
		{2882AEEB-D4CD-4EB9-8A6C-6653B33681F0}.AppStore|x86.ActiveCfg = Release|Any CPU
		{2882AEEB-D4CD-4EB9-8A6C-6653B33681F0}.Debug|Any CPU.ActiveCfg = Debug|Any CPU
		{2882AEEB-D4CD-4EB9-8A6C-6653B33681F0}.Debug|Any CPU.Build.0 = Debug|Any CPU
		{2882AEEB-D4CD-4EB9-8A6C-6653B33681F0}.Debug|ARM.ActiveCfg = Debug|Any CPU
		{2882AEEB-D4CD-4EB9-8A6C-6653B33681F0}.Debug|iPhone.ActiveCfg = Debug|Any CPU
		{2882AEEB-D4CD-4EB9-8A6C-6653B33681F0}.Debug|iPhone.Build.0 = Debug|Any CPU
		{2882AEEB-D4CD-4EB9-8A6C-6653B33681F0}.Debug|iPhoneSimulator.ActiveCfg = Debug|Any CPU
		{2882AEEB-D4CD-4EB9-8A6C-6653B33681F0}.Debug|Mixed Platforms.ActiveCfg = Debug|Any CPU
		{2882AEEB-D4CD-4EB9-8A6C-6653B33681F0}.Debug|Mixed Platforms.Build.0 = Debug|Any CPU
		{2882AEEB-D4CD-4EB9-8A6C-6653B33681F0}.Debug|x64.ActiveCfg = Debug|Any CPU
		{2882AEEB-D4CD-4EB9-8A6C-6653B33681F0}.Debug|x86.ActiveCfg = Debug|Any CPU
		{2882AEEB-D4CD-4EB9-8A6C-6653B33681F0}.Release|Any CPU.ActiveCfg = Release|Any CPU
		{2882AEEB-D4CD-4EB9-8A6C-6653B33681F0}.Release|Any CPU.Build.0 = Release|Any CPU
		{2882AEEB-D4CD-4EB9-8A6C-6653B33681F0}.Release|ARM.ActiveCfg = Release|Any CPU
		{2882AEEB-D4CD-4EB9-8A6C-6653B33681F0}.Release|iPhone.ActiveCfg = Release|Any CPU
		{2882AEEB-D4CD-4EB9-8A6C-6653B33681F0}.Release|iPhoneSimulator.ActiveCfg = Release|Any CPU
		{2882AEEB-D4CD-4EB9-8A6C-6653B33681F0}.Release|Mixed Platforms.ActiveCfg = Release|Any CPU
		{2882AEEB-D4CD-4EB9-8A6C-6653B33681F0}.Release|Mixed Platforms.Build.0 = Release|Any CPU
		{2882AEEB-D4CD-4EB9-8A6C-6653B33681F0}.Release|x64.ActiveCfg = Release|Any CPU
		{2882AEEB-D4CD-4EB9-8A6C-6653B33681F0}.Release|x86.ActiveCfg = Release|Any CPU
		{56A56F17-7DE1-4CA1-9617-BF32E971AC84}.Ad-Hoc|Any CPU.ActiveCfg = Release|Any CPU
		{56A56F17-7DE1-4CA1-9617-BF32E971AC84}.Ad-Hoc|Any CPU.Build.0 = Release|Any CPU
		{56A56F17-7DE1-4CA1-9617-BF32E971AC84}.Ad-Hoc|ARM.ActiveCfg = Release|Any CPU
		{56A56F17-7DE1-4CA1-9617-BF32E971AC84}.Ad-Hoc|iPhone.ActiveCfg = Release|Any CPU
		{56A56F17-7DE1-4CA1-9617-BF32E971AC84}.Ad-Hoc|iPhoneSimulator.ActiveCfg = Release|Any CPU
		{56A56F17-7DE1-4CA1-9617-BF32E971AC84}.Ad-Hoc|Mixed Platforms.ActiveCfg = Release|Any CPU
		{56A56F17-7DE1-4CA1-9617-BF32E971AC84}.Ad-Hoc|Mixed Platforms.Build.0 = Release|Any CPU
		{56A56F17-7DE1-4CA1-9617-BF32E971AC84}.Ad-Hoc|x64.ActiveCfg = Release|Any CPU
		{56A56F17-7DE1-4CA1-9617-BF32E971AC84}.Ad-Hoc|x86.ActiveCfg = Release|Any CPU
		{56A56F17-7DE1-4CA1-9617-BF32E971AC84}.AppStore|Any CPU.ActiveCfg = Release|Any CPU
		{56A56F17-7DE1-4CA1-9617-BF32E971AC84}.AppStore|Any CPU.Build.0 = Release|Any CPU
		{56A56F17-7DE1-4CA1-9617-BF32E971AC84}.AppStore|ARM.ActiveCfg = Release|Any CPU
		{56A56F17-7DE1-4CA1-9617-BF32E971AC84}.AppStore|iPhone.ActiveCfg = Release|Any CPU
		{56A56F17-7DE1-4CA1-9617-BF32E971AC84}.AppStore|iPhoneSimulator.ActiveCfg = Release|Any CPU
		{56A56F17-7DE1-4CA1-9617-BF32E971AC84}.AppStore|Mixed Platforms.ActiveCfg = Release|Any CPU
		{56A56F17-7DE1-4CA1-9617-BF32E971AC84}.AppStore|Mixed Platforms.Build.0 = Release|Any CPU
		{56A56F17-7DE1-4CA1-9617-BF32E971AC84}.AppStore|x64.ActiveCfg = Release|Any CPU
		{56A56F17-7DE1-4CA1-9617-BF32E971AC84}.AppStore|x86.ActiveCfg = Release|Any CPU
		{56A56F17-7DE1-4CA1-9617-BF32E971AC84}.Debug|Any CPU.ActiveCfg = Debug|Any CPU
		{56A56F17-7DE1-4CA1-9617-BF32E971AC84}.Debug|Any CPU.Build.0 = Debug|Any CPU
		{56A56F17-7DE1-4CA1-9617-BF32E971AC84}.Debug|ARM.ActiveCfg = Debug|Any CPU
		{56A56F17-7DE1-4CA1-9617-BF32E971AC84}.Debug|iPhone.ActiveCfg = Debug|Any CPU
		{56A56F17-7DE1-4CA1-9617-BF32E971AC84}.Debug|iPhone.Build.0 = Debug|Any CPU
		{56A56F17-7DE1-4CA1-9617-BF32E971AC84}.Debug|iPhoneSimulator.ActiveCfg = Debug|Any CPU
		{56A56F17-7DE1-4CA1-9617-BF32E971AC84}.Debug|Mixed Platforms.ActiveCfg = Debug|Any CPU
		{56A56F17-7DE1-4CA1-9617-BF32E971AC84}.Debug|Mixed Platforms.Build.0 = Debug|Any CPU
		{56A56F17-7DE1-4CA1-9617-BF32E971AC84}.Debug|x64.ActiveCfg = Debug|Any CPU
		{56A56F17-7DE1-4CA1-9617-BF32E971AC84}.Debug|x86.ActiveCfg = Debug|Any CPU
		{56A56F17-7DE1-4CA1-9617-BF32E971AC84}.Release|Any CPU.ActiveCfg = Release|Any CPU
		{56A56F17-7DE1-4CA1-9617-BF32E971AC84}.Release|Any CPU.Build.0 = Release|Any CPU
		{56A56F17-7DE1-4CA1-9617-BF32E971AC84}.Release|ARM.ActiveCfg = Release|Any CPU
		{56A56F17-7DE1-4CA1-9617-BF32E971AC84}.Release|iPhone.ActiveCfg = Release|Any CPU
		{56A56F17-7DE1-4CA1-9617-BF32E971AC84}.Release|iPhoneSimulator.ActiveCfg = Release|Any CPU
		{56A56F17-7DE1-4CA1-9617-BF32E971AC84}.Release|Mixed Platforms.ActiveCfg = Release|Any CPU
		{56A56F17-7DE1-4CA1-9617-BF32E971AC84}.Release|Mixed Platforms.Build.0 = Release|Any CPU
		{56A56F17-7DE1-4CA1-9617-BF32E971AC84}.Release|x64.ActiveCfg = Release|Any CPU
		{56A56F17-7DE1-4CA1-9617-BF32E971AC84}.Release|x86.ActiveCfg = Release|Any CPU
		{5876144B-47DD-4C4E-B421-BC03F191B996}.Ad-Hoc|Any CPU.ActiveCfg = Release|Any CPU
		{5876144B-47DD-4C4E-B421-BC03F191B996}.Ad-Hoc|Any CPU.Build.0 = Release|Any CPU
		{5876144B-47DD-4C4E-B421-BC03F191B996}.Ad-Hoc|ARM.ActiveCfg = Release|ARM
		{5876144B-47DD-4C4E-B421-BC03F191B996}.Ad-Hoc|ARM.Build.0 = Release|ARM
		{5876144B-47DD-4C4E-B421-BC03F191B996}.Ad-Hoc|iPhone.ActiveCfg = Release|Any CPU
		{5876144B-47DD-4C4E-B421-BC03F191B996}.Ad-Hoc|iPhoneSimulator.ActiveCfg = Release|Any CPU
		{5876144B-47DD-4C4E-B421-BC03F191B996}.Ad-Hoc|Mixed Platforms.ActiveCfg = Release|x86
		{5876144B-47DD-4C4E-B421-BC03F191B996}.Ad-Hoc|Mixed Platforms.Build.0 = Release|x86
		{5876144B-47DD-4C4E-B421-BC03F191B996}.Ad-Hoc|x64.ActiveCfg = Release|Any CPU
		{5876144B-47DD-4C4E-B421-BC03F191B996}.Ad-Hoc|x86.ActiveCfg = Release|x86
		{5876144B-47DD-4C4E-B421-BC03F191B996}.Ad-Hoc|x86.Build.0 = Release|x86
		{5876144B-47DD-4C4E-B421-BC03F191B996}.AppStore|Any CPU.ActiveCfg = Release|Any CPU
		{5876144B-47DD-4C4E-B421-BC03F191B996}.AppStore|Any CPU.Build.0 = Release|Any CPU
		{5876144B-47DD-4C4E-B421-BC03F191B996}.AppStore|ARM.ActiveCfg = Release|ARM
		{5876144B-47DD-4C4E-B421-BC03F191B996}.AppStore|ARM.Build.0 = Release|ARM
		{5876144B-47DD-4C4E-B421-BC03F191B996}.AppStore|iPhone.ActiveCfg = Release|Any CPU
		{5876144B-47DD-4C4E-B421-BC03F191B996}.AppStore|iPhoneSimulator.ActiveCfg = Release|Any CPU
		{5876144B-47DD-4C4E-B421-BC03F191B996}.AppStore|Mixed Platforms.ActiveCfg = Release|x86
		{5876144B-47DD-4C4E-B421-BC03F191B996}.AppStore|Mixed Platforms.Build.0 = Release|x86
		{5876144B-47DD-4C4E-B421-BC03F191B996}.AppStore|x64.ActiveCfg = Release|Any CPU
		{5876144B-47DD-4C4E-B421-BC03F191B996}.AppStore|x86.ActiveCfg = Release|x86
		{5876144B-47DD-4C4E-B421-BC03F191B996}.AppStore|x86.Build.0 = Release|x86
		{5876144B-47DD-4C4E-B421-BC03F191B996}.Debug|Any CPU.ActiveCfg = Debug|Any CPU
		{5876144B-47DD-4C4E-B421-BC03F191B996}.Debug|Any CPU.Build.0 = Debug|Any CPU
		{5876144B-47DD-4C4E-B421-BC03F191B996}.Debug|ARM.ActiveCfg = Debug|ARM
		{5876144B-47DD-4C4E-B421-BC03F191B996}.Debug|ARM.Build.0 = Debug|ARM
		{5876144B-47DD-4C4E-B421-BC03F191B996}.Debug|iPhone.ActiveCfg = Debug|Any CPU
		{5876144B-47DD-4C4E-B421-BC03F191B996}.Debug|iPhone.Build.0 = Debug|Any CPU
		{5876144B-47DD-4C4E-B421-BC03F191B996}.Debug|iPhoneSimulator.ActiveCfg = Debug|Any CPU
		{5876144B-47DD-4C4E-B421-BC03F191B996}.Debug|Mixed Platforms.ActiveCfg = Debug|x86
		{5876144B-47DD-4C4E-B421-BC03F191B996}.Debug|Mixed Platforms.Build.0 = Debug|x86
		{5876144B-47DD-4C4E-B421-BC03F191B996}.Debug|x64.ActiveCfg = Debug|Any CPU
		{5876144B-47DD-4C4E-B421-BC03F191B996}.Debug|x86.ActiveCfg = Debug|x86
		{5876144B-47DD-4C4E-B421-BC03F191B996}.Debug|x86.Build.0 = Debug|x86
		{5876144B-47DD-4C4E-B421-BC03F191B996}.Release|Any CPU.ActiveCfg = Release|Any CPU
		{5876144B-47DD-4C4E-B421-BC03F191B996}.Release|Any CPU.Build.0 = Release|Any CPU
		{5876144B-47DD-4C4E-B421-BC03F191B996}.Release|ARM.ActiveCfg = Release|ARM
		{5876144B-47DD-4C4E-B421-BC03F191B996}.Release|ARM.Build.0 = Release|ARM
		{5876144B-47DD-4C4E-B421-BC03F191B996}.Release|iPhone.ActiveCfg = Release|Any CPU
		{5876144B-47DD-4C4E-B421-BC03F191B996}.Release|iPhoneSimulator.ActiveCfg = Release|Any CPU
		{5876144B-47DD-4C4E-B421-BC03F191B996}.Release|Mixed Platforms.ActiveCfg = Release|x86
		{5876144B-47DD-4C4E-B421-BC03F191B996}.Release|Mixed Platforms.Build.0 = Release|x86
		{5876144B-47DD-4C4E-B421-BC03F191B996}.Release|x64.ActiveCfg = Release|Any CPU
		{5876144B-47DD-4C4E-B421-BC03F191B996}.Release|x86.ActiveCfg = Release|x86
		{5876144B-47DD-4C4E-B421-BC03F191B996}.Release|x86.Build.0 = Release|x86
		{7169373F-0B82-4E5D-9129-7CC3065B90FA}.Ad-Hoc|Any CPU.ActiveCfg = Release|Any CPU
		{7169373F-0B82-4E5D-9129-7CC3065B90FA}.Ad-Hoc|Any CPU.Build.0 = Release|Any CPU
		{7169373F-0B82-4E5D-9129-7CC3065B90FA}.Ad-Hoc|ARM.ActiveCfg = Release|ARM
		{7169373F-0B82-4E5D-9129-7CC3065B90FA}.Ad-Hoc|ARM.Build.0 = Release|ARM
		{7169373F-0B82-4E5D-9129-7CC3065B90FA}.Ad-Hoc|iPhone.ActiveCfg = Release|Any CPU
		{7169373F-0B82-4E5D-9129-7CC3065B90FA}.Ad-Hoc|iPhoneSimulator.ActiveCfg = Release|Any CPU
		{7169373F-0B82-4E5D-9129-7CC3065B90FA}.Ad-Hoc|Mixed Platforms.ActiveCfg = Release|x86
		{7169373F-0B82-4E5D-9129-7CC3065B90FA}.Ad-Hoc|Mixed Platforms.Build.0 = Release|x86
		{7169373F-0B82-4E5D-9129-7CC3065B90FA}.Ad-Hoc|x64.ActiveCfg = Release|Any CPU
		{7169373F-0B82-4E5D-9129-7CC3065B90FA}.Ad-Hoc|x86.ActiveCfg = Release|x86
		{7169373F-0B82-4E5D-9129-7CC3065B90FA}.Ad-Hoc|x86.Build.0 = Release|x86
		{7169373F-0B82-4E5D-9129-7CC3065B90FA}.AppStore|Any CPU.ActiveCfg = Release|Any CPU
		{7169373F-0B82-4E5D-9129-7CC3065B90FA}.AppStore|Any CPU.Build.0 = Release|Any CPU
		{7169373F-0B82-4E5D-9129-7CC3065B90FA}.AppStore|ARM.ActiveCfg = Release|ARM
		{7169373F-0B82-4E5D-9129-7CC3065B90FA}.AppStore|ARM.Build.0 = Release|ARM
		{7169373F-0B82-4E5D-9129-7CC3065B90FA}.AppStore|iPhone.ActiveCfg = Release|Any CPU
		{7169373F-0B82-4E5D-9129-7CC3065B90FA}.AppStore|iPhoneSimulator.ActiveCfg = Release|Any CPU
		{7169373F-0B82-4E5D-9129-7CC3065B90FA}.AppStore|Mixed Platforms.ActiveCfg = Release|x86
		{7169373F-0B82-4E5D-9129-7CC3065B90FA}.AppStore|Mixed Platforms.Build.0 = Release|x86
		{7169373F-0B82-4E5D-9129-7CC3065B90FA}.AppStore|x64.ActiveCfg = Release|Any CPU
		{7169373F-0B82-4E5D-9129-7CC3065B90FA}.AppStore|x86.ActiveCfg = Release|x86
		{7169373F-0B82-4E5D-9129-7CC3065B90FA}.AppStore|x86.Build.0 = Release|x86
		{7169373F-0B82-4E5D-9129-7CC3065B90FA}.Debug|Any CPU.ActiveCfg = Debug|Any CPU
		{7169373F-0B82-4E5D-9129-7CC3065B90FA}.Debug|Any CPU.Build.0 = Debug|Any CPU
		{7169373F-0B82-4E5D-9129-7CC3065B90FA}.Debug|ARM.ActiveCfg = Debug|ARM
		{7169373F-0B82-4E5D-9129-7CC3065B90FA}.Debug|ARM.Build.0 = Debug|ARM
		{7169373F-0B82-4E5D-9129-7CC3065B90FA}.Debug|iPhone.ActiveCfg = Debug|Any CPU
		{7169373F-0B82-4E5D-9129-7CC3065B90FA}.Debug|iPhone.Build.0 = Debug|Any CPU
		{7169373F-0B82-4E5D-9129-7CC3065B90FA}.Debug|iPhoneSimulator.ActiveCfg = Debug|Any CPU
		{7169373F-0B82-4E5D-9129-7CC3065B90FA}.Debug|Mixed Platforms.ActiveCfg = Debug|x86
		{7169373F-0B82-4E5D-9129-7CC3065B90FA}.Debug|Mixed Platforms.Build.0 = Debug|x86
		{7169373F-0B82-4E5D-9129-7CC3065B90FA}.Debug|x64.ActiveCfg = Debug|Any CPU
		{7169373F-0B82-4E5D-9129-7CC3065B90FA}.Debug|x86.ActiveCfg = Debug|x86
		{7169373F-0B82-4E5D-9129-7CC3065B90FA}.Debug|x86.Build.0 = Debug|x86
		{7169373F-0B82-4E5D-9129-7CC3065B90FA}.Release|Any CPU.ActiveCfg = Release|Any CPU
		{7169373F-0B82-4E5D-9129-7CC3065B90FA}.Release|Any CPU.Build.0 = Release|Any CPU
		{7169373F-0B82-4E5D-9129-7CC3065B90FA}.Release|ARM.ActiveCfg = Release|ARM
		{7169373F-0B82-4E5D-9129-7CC3065B90FA}.Release|ARM.Build.0 = Release|ARM
		{7169373F-0B82-4E5D-9129-7CC3065B90FA}.Release|iPhone.ActiveCfg = Release|Any CPU
		{7169373F-0B82-4E5D-9129-7CC3065B90FA}.Release|iPhoneSimulator.ActiveCfg = Release|Any CPU
		{7169373F-0B82-4E5D-9129-7CC3065B90FA}.Release|Mixed Platforms.ActiveCfg = Release|x86
		{7169373F-0B82-4E5D-9129-7CC3065B90FA}.Release|Mixed Platforms.Build.0 = Release|x86
		{7169373F-0B82-4E5D-9129-7CC3065B90FA}.Release|x64.ActiveCfg = Release|Any CPU
		{7169373F-0B82-4E5D-9129-7CC3065B90FA}.Release|x86.ActiveCfg = Release|x86
		{7169373F-0B82-4E5D-9129-7CC3065B90FA}.Release|x86.Build.0 = Release|x86
		{ED9A4CA1-C04C-457D-9A2E-7995CCF12356}.Ad-Hoc|Any CPU.ActiveCfg = Release|Any CPU
		{ED9A4CA1-C04C-457D-9A2E-7995CCF12356}.Ad-Hoc|Any CPU.Build.0 = Release|Any CPU
		{ED9A4CA1-C04C-457D-9A2E-7995CCF12356}.Ad-Hoc|ARM.ActiveCfg = Release|ARM
		{ED9A4CA1-C04C-457D-9A2E-7995CCF12356}.Ad-Hoc|ARM.Build.0 = Release|ARM
		{ED9A4CA1-C04C-457D-9A2E-7995CCF12356}.Ad-Hoc|iPhone.ActiveCfg = Release|Any CPU
		{ED9A4CA1-C04C-457D-9A2E-7995CCF12356}.Ad-Hoc|iPhoneSimulator.ActiveCfg = Release|Any CPU
		{ED9A4CA1-C04C-457D-9A2E-7995CCF12356}.Ad-Hoc|Mixed Platforms.ActiveCfg = Release|x86
		{ED9A4CA1-C04C-457D-9A2E-7995CCF12356}.Ad-Hoc|Mixed Platforms.Build.0 = Release|x86
		{ED9A4CA1-C04C-457D-9A2E-7995CCF12356}.Ad-Hoc|x64.ActiveCfg = Release|x64
		{ED9A4CA1-C04C-457D-9A2E-7995CCF12356}.Ad-Hoc|x64.Build.0 = Release|x64
		{ED9A4CA1-C04C-457D-9A2E-7995CCF12356}.Ad-Hoc|x86.ActiveCfg = Release|x86
		{ED9A4CA1-C04C-457D-9A2E-7995CCF12356}.Ad-Hoc|x86.Build.0 = Release|x86
		{ED9A4CA1-C04C-457D-9A2E-7995CCF12356}.AppStore|Any CPU.ActiveCfg = Release|Any CPU
		{ED9A4CA1-C04C-457D-9A2E-7995CCF12356}.AppStore|Any CPU.Build.0 = Release|Any CPU
		{ED9A4CA1-C04C-457D-9A2E-7995CCF12356}.AppStore|ARM.ActiveCfg = Release|ARM
		{ED9A4CA1-C04C-457D-9A2E-7995CCF12356}.AppStore|ARM.Build.0 = Release|ARM
		{ED9A4CA1-C04C-457D-9A2E-7995CCF12356}.AppStore|iPhone.ActiveCfg = Release|Any CPU
		{ED9A4CA1-C04C-457D-9A2E-7995CCF12356}.AppStore|iPhoneSimulator.ActiveCfg = Release|Any CPU
		{ED9A4CA1-C04C-457D-9A2E-7995CCF12356}.AppStore|Mixed Platforms.ActiveCfg = Release|x86
		{ED9A4CA1-C04C-457D-9A2E-7995CCF12356}.AppStore|Mixed Platforms.Build.0 = Release|x86
		{ED9A4CA1-C04C-457D-9A2E-7995CCF12356}.AppStore|x64.ActiveCfg = Release|x64
		{ED9A4CA1-C04C-457D-9A2E-7995CCF12356}.AppStore|x64.Build.0 = Release|x64
		{ED9A4CA1-C04C-457D-9A2E-7995CCF12356}.AppStore|x86.ActiveCfg = Release|x86
		{ED9A4CA1-C04C-457D-9A2E-7995CCF12356}.AppStore|x86.Build.0 = Release|x86
		{ED9A4CA1-C04C-457D-9A2E-7995CCF12356}.Debug|Any CPU.ActiveCfg = Debug|Any CPU
		{ED9A4CA1-C04C-457D-9A2E-7995CCF12356}.Debug|Any CPU.Build.0 = Debug|Any CPU
		{ED9A4CA1-C04C-457D-9A2E-7995CCF12356}.Debug|ARM.ActiveCfg = Debug|ARM
		{ED9A4CA1-C04C-457D-9A2E-7995CCF12356}.Debug|ARM.Build.0 = Debug|ARM
		{ED9A4CA1-C04C-457D-9A2E-7995CCF12356}.Debug|iPhone.ActiveCfg = Debug|Any CPU
		{ED9A4CA1-C04C-457D-9A2E-7995CCF12356}.Debug|iPhone.Build.0 = Debug|Any CPU
		{ED9A4CA1-C04C-457D-9A2E-7995CCF12356}.Debug|iPhoneSimulator.ActiveCfg = Debug|Any CPU
		{ED9A4CA1-C04C-457D-9A2E-7995CCF12356}.Debug|Mixed Platforms.ActiveCfg = Debug|x86
		{ED9A4CA1-C04C-457D-9A2E-7995CCF12356}.Debug|Mixed Platforms.Build.0 = Debug|x86
		{ED9A4CA1-C04C-457D-9A2E-7995CCF12356}.Debug|x64.ActiveCfg = Debug|x64
		{ED9A4CA1-C04C-457D-9A2E-7995CCF12356}.Debug|x64.Build.0 = Debug|x64
		{ED9A4CA1-C04C-457D-9A2E-7995CCF12356}.Debug|x86.ActiveCfg = Debug|x86
		{ED9A4CA1-C04C-457D-9A2E-7995CCF12356}.Debug|x86.Build.0 = Debug|x86
		{ED9A4CA1-C04C-457D-9A2E-7995CCF12356}.Release|Any CPU.ActiveCfg = Release|Any CPU
		{ED9A4CA1-C04C-457D-9A2E-7995CCF12356}.Release|Any CPU.Build.0 = Release|Any CPU
		{ED9A4CA1-C04C-457D-9A2E-7995CCF12356}.Release|ARM.ActiveCfg = Release|ARM
		{ED9A4CA1-C04C-457D-9A2E-7995CCF12356}.Release|ARM.Build.0 = Release|ARM
		{ED9A4CA1-C04C-457D-9A2E-7995CCF12356}.Release|iPhone.ActiveCfg = Release|Any CPU
		{ED9A4CA1-C04C-457D-9A2E-7995CCF12356}.Release|iPhoneSimulator.ActiveCfg = Release|Any CPU
		{ED9A4CA1-C04C-457D-9A2E-7995CCF12356}.Release|Mixed Platforms.ActiveCfg = Release|x86
		{ED9A4CA1-C04C-457D-9A2E-7995CCF12356}.Release|Mixed Platforms.Build.0 = Release|x86
		{ED9A4CA1-C04C-457D-9A2E-7995CCF12356}.Release|x64.ActiveCfg = Release|x64
		{ED9A4CA1-C04C-457D-9A2E-7995CCF12356}.Release|x64.Build.0 = Release|x64
		{ED9A4CA1-C04C-457D-9A2E-7995CCF12356}.Release|x86.ActiveCfg = Release|x86
		{ED9A4CA1-C04C-457D-9A2E-7995CCF12356}.Release|x86.Build.0 = Release|x86
		{25ABD9E0-F2C6-4E86-9B9D-FED01E44E0FA}.Ad-Hoc|Any CPU.ActiveCfg = Release|Any CPU
		{25ABD9E0-F2C6-4E86-9B9D-FED01E44E0FA}.Ad-Hoc|Any CPU.Build.0 = Release|Any CPU
		{25ABD9E0-F2C6-4E86-9B9D-FED01E44E0FA}.Ad-Hoc|Any CPU.Deploy.0 = Release|Any CPU
		{25ABD9E0-F2C6-4E86-9B9D-FED01E44E0FA}.Ad-Hoc|ARM.ActiveCfg = Release|Any CPU
		{25ABD9E0-F2C6-4E86-9B9D-FED01E44E0FA}.Ad-Hoc|iPhone.ActiveCfg = Release|Any CPU
		{25ABD9E0-F2C6-4E86-9B9D-FED01E44E0FA}.Ad-Hoc|iPhoneSimulator.ActiveCfg = Release|Any CPU
		{25ABD9E0-F2C6-4E86-9B9D-FED01E44E0FA}.Ad-Hoc|Mixed Platforms.ActiveCfg = Release|Any CPU
		{25ABD9E0-F2C6-4E86-9B9D-FED01E44E0FA}.Ad-Hoc|Mixed Platforms.Build.0 = Release|Any CPU
		{25ABD9E0-F2C6-4E86-9B9D-FED01E44E0FA}.Ad-Hoc|Mixed Platforms.Deploy.0 = Release|Any CPU
		{25ABD9E0-F2C6-4E86-9B9D-FED01E44E0FA}.Ad-Hoc|x64.ActiveCfg = Release|Any CPU
		{25ABD9E0-F2C6-4E86-9B9D-FED01E44E0FA}.Ad-Hoc|x86.ActiveCfg = Release|Any CPU
		{25ABD9E0-F2C6-4E86-9B9D-FED01E44E0FA}.AppStore|Any CPU.ActiveCfg = Release|Any CPU
		{25ABD9E0-F2C6-4E86-9B9D-FED01E44E0FA}.AppStore|Any CPU.Build.0 = Release|Any CPU
		{25ABD9E0-F2C6-4E86-9B9D-FED01E44E0FA}.AppStore|Any CPU.Deploy.0 = Release|Any CPU
		{25ABD9E0-F2C6-4E86-9B9D-FED01E44E0FA}.AppStore|ARM.ActiveCfg = Release|Any CPU
		{25ABD9E0-F2C6-4E86-9B9D-FED01E44E0FA}.AppStore|iPhone.ActiveCfg = Release|Any CPU
		{25ABD9E0-F2C6-4E86-9B9D-FED01E44E0FA}.AppStore|iPhoneSimulator.ActiveCfg = Release|Any CPU
		{25ABD9E0-F2C6-4E86-9B9D-FED01E44E0FA}.AppStore|Mixed Platforms.ActiveCfg = Release|Any CPU
		{25ABD9E0-F2C6-4E86-9B9D-FED01E44E0FA}.AppStore|Mixed Platforms.Build.0 = Release|Any CPU
		{25ABD9E0-F2C6-4E86-9B9D-FED01E44E0FA}.AppStore|Mixed Platforms.Deploy.0 = Release|Any CPU
		{25ABD9E0-F2C6-4E86-9B9D-FED01E44E0FA}.AppStore|x64.ActiveCfg = Release|Any CPU
		{25ABD9E0-F2C6-4E86-9B9D-FED01E44E0FA}.AppStore|x86.ActiveCfg = Release|Any CPU
		{25ABD9E0-F2C6-4E86-9B9D-FED01E44E0FA}.Debug|Any CPU.ActiveCfg = Debug|Any CPU
		{25ABD9E0-F2C6-4E86-9B9D-FED01E44E0FA}.Debug|Any CPU.Build.0 = Debug|Any CPU
		{25ABD9E0-F2C6-4E86-9B9D-FED01E44E0FA}.Debug|Any CPU.Deploy.0 = Debug|Any CPU
		{25ABD9E0-F2C6-4E86-9B9D-FED01E44E0FA}.Debug|ARM.ActiveCfg = Debug|Any CPU
		{25ABD9E0-F2C6-4E86-9B9D-FED01E44E0FA}.Debug|iPhone.ActiveCfg = Debug|Any CPU
		{25ABD9E0-F2C6-4E86-9B9D-FED01E44E0FA}.Debug|iPhoneSimulator.ActiveCfg = Debug|Any CPU
		{25ABD9E0-F2C6-4E86-9B9D-FED01E44E0FA}.Debug|Mixed Platforms.ActiveCfg = Debug|Any CPU
		{25ABD9E0-F2C6-4E86-9B9D-FED01E44E0FA}.Debug|Mixed Platforms.Build.0 = Debug|Any CPU
		{25ABD9E0-F2C6-4E86-9B9D-FED01E44E0FA}.Debug|Mixed Platforms.Deploy.0 = Debug|Any CPU
		{25ABD9E0-F2C6-4E86-9B9D-FED01E44E0FA}.Debug|x64.ActiveCfg = Debug|Any CPU
		{25ABD9E0-F2C6-4E86-9B9D-FED01E44E0FA}.Debug|x86.ActiveCfg = Debug|Any CPU
		{25ABD9E0-F2C6-4E86-9B9D-FED01E44E0FA}.Release|Any CPU.ActiveCfg = Release|Any CPU
		{25ABD9E0-F2C6-4E86-9B9D-FED01E44E0FA}.Release|ARM.ActiveCfg = Release|Any CPU
		{25ABD9E0-F2C6-4E86-9B9D-FED01E44E0FA}.Release|iPhone.ActiveCfg = Release|Any CPU
		{25ABD9E0-F2C6-4E86-9B9D-FED01E44E0FA}.Release|iPhoneSimulator.ActiveCfg = Release|Any CPU
		{25ABD9E0-F2C6-4E86-9B9D-FED01E44E0FA}.Release|Mixed Platforms.ActiveCfg = Release|Any CPU
		{25ABD9E0-F2C6-4E86-9B9D-FED01E44E0FA}.Release|Mixed Platforms.Build.0 = Release|Any CPU
		{25ABD9E0-F2C6-4E86-9B9D-FED01E44E0FA}.Release|Mixed Platforms.Deploy.0 = Release|Any CPU
		{25ABD9E0-F2C6-4E86-9B9D-FED01E44E0FA}.Release|x64.ActiveCfg = Release|Any CPU
		{25ABD9E0-F2C6-4E86-9B9D-FED01E44E0FA}.Release|x86.ActiveCfg = Release|Any CPU
		{8CCFF280-61CC-4A2D-94BD-BC8DC1367128}.Ad-Hoc|Any CPU.ActiveCfg = Release|Any CPU
		{8CCFF280-61CC-4A2D-94BD-BC8DC1367128}.Ad-Hoc|Any CPU.Build.0 = Release|Any CPU
		{8CCFF280-61CC-4A2D-94BD-BC8DC1367128}.Ad-Hoc|Any CPU.Deploy.0 = Release|Any CPU
		{8CCFF280-61CC-4A2D-94BD-BC8DC1367128}.Ad-Hoc|ARM.ActiveCfg = Release|ARM
		{8CCFF280-61CC-4A2D-94BD-BC8DC1367128}.Ad-Hoc|ARM.Build.0 = Release|ARM
		{8CCFF280-61CC-4A2D-94BD-BC8DC1367128}.Ad-Hoc|ARM.Deploy.0 = Release|ARM
		{8CCFF280-61CC-4A2D-94BD-BC8DC1367128}.Ad-Hoc|iPhone.ActiveCfg = Release|Any CPU
		{8CCFF280-61CC-4A2D-94BD-BC8DC1367128}.Ad-Hoc|iPhoneSimulator.ActiveCfg = Release|Any CPU
		{8CCFF280-61CC-4A2D-94BD-BC8DC1367128}.Ad-Hoc|Mixed Platforms.ActiveCfg = Release|x86
		{8CCFF280-61CC-4A2D-94BD-BC8DC1367128}.Ad-Hoc|Mixed Platforms.Build.0 = Release|x86
		{8CCFF280-61CC-4A2D-94BD-BC8DC1367128}.Ad-Hoc|Mixed Platforms.Deploy.0 = Release|x86
		{8CCFF280-61CC-4A2D-94BD-BC8DC1367128}.Ad-Hoc|x64.ActiveCfg = Release|x64
		{8CCFF280-61CC-4A2D-94BD-BC8DC1367128}.Ad-Hoc|x64.Build.0 = Release|x64
		{8CCFF280-61CC-4A2D-94BD-BC8DC1367128}.Ad-Hoc|x64.Deploy.0 = Release|x64
		{8CCFF280-61CC-4A2D-94BD-BC8DC1367128}.Ad-Hoc|x86.ActiveCfg = Release|x86
		{8CCFF280-61CC-4A2D-94BD-BC8DC1367128}.Ad-Hoc|x86.Build.0 = Release|x86
		{8CCFF280-61CC-4A2D-94BD-BC8DC1367128}.Ad-Hoc|x86.Deploy.0 = Release|x86
		{8CCFF280-61CC-4A2D-94BD-BC8DC1367128}.AppStore|Any CPU.ActiveCfg = Release|Any CPU
		{8CCFF280-61CC-4A2D-94BD-BC8DC1367128}.AppStore|Any CPU.Build.0 = Release|Any CPU
		{8CCFF280-61CC-4A2D-94BD-BC8DC1367128}.AppStore|Any CPU.Deploy.0 = Release|Any CPU
		{8CCFF280-61CC-4A2D-94BD-BC8DC1367128}.AppStore|ARM.ActiveCfg = Release|ARM
		{8CCFF280-61CC-4A2D-94BD-BC8DC1367128}.AppStore|ARM.Build.0 = Release|ARM
		{8CCFF280-61CC-4A2D-94BD-BC8DC1367128}.AppStore|ARM.Deploy.0 = Release|ARM
		{8CCFF280-61CC-4A2D-94BD-BC8DC1367128}.AppStore|iPhone.ActiveCfg = Release|Any CPU
		{8CCFF280-61CC-4A2D-94BD-BC8DC1367128}.AppStore|iPhoneSimulator.ActiveCfg = Release|Any CPU
		{8CCFF280-61CC-4A2D-94BD-BC8DC1367128}.AppStore|Mixed Platforms.ActiveCfg = Release|x86
		{8CCFF280-61CC-4A2D-94BD-BC8DC1367128}.AppStore|Mixed Platforms.Build.0 = Release|x86
		{8CCFF280-61CC-4A2D-94BD-BC8DC1367128}.AppStore|Mixed Platforms.Deploy.0 = Release|x86
		{8CCFF280-61CC-4A2D-94BD-BC8DC1367128}.AppStore|x64.ActiveCfg = Release|x64
		{8CCFF280-61CC-4A2D-94BD-BC8DC1367128}.AppStore|x64.Build.0 = Release|x64
		{8CCFF280-61CC-4A2D-94BD-BC8DC1367128}.AppStore|x64.Deploy.0 = Release|x64
		{8CCFF280-61CC-4A2D-94BD-BC8DC1367128}.AppStore|x86.ActiveCfg = Release|x86
		{8CCFF280-61CC-4A2D-94BD-BC8DC1367128}.AppStore|x86.Build.0 = Release|x86
		{8CCFF280-61CC-4A2D-94BD-BC8DC1367128}.AppStore|x86.Deploy.0 = Release|x86
		{8CCFF280-61CC-4A2D-94BD-BC8DC1367128}.Debug|Any CPU.ActiveCfg = Debug|Any CPU
		{8CCFF280-61CC-4A2D-94BD-BC8DC1367128}.Debug|Any CPU.Build.0 = Debug|Any CPU
		{8CCFF280-61CC-4A2D-94BD-BC8DC1367128}.Debug|Any CPU.Deploy.0 = Debug|Any CPU
		{8CCFF280-61CC-4A2D-94BD-BC8DC1367128}.Debug|ARM.ActiveCfg = Debug|ARM
		{8CCFF280-61CC-4A2D-94BD-BC8DC1367128}.Debug|ARM.Build.0 = Debug|ARM
		{8CCFF280-61CC-4A2D-94BD-BC8DC1367128}.Debug|ARM.Deploy.0 = Debug|ARM
		{8CCFF280-61CC-4A2D-94BD-BC8DC1367128}.Debug|iPhone.ActiveCfg = Debug|Any CPU
		{8CCFF280-61CC-4A2D-94BD-BC8DC1367128}.Debug|iPhoneSimulator.ActiveCfg = Debug|Any CPU
		{8CCFF280-61CC-4A2D-94BD-BC8DC1367128}.Debug|Mixed Platforms.ActiveCfg = Debug|x86
		{8CCFF280-61CC-4A2D-94BD-BC8DC1367128}.Debug|Mixed Platforms.Build.0 = Debug|x86
		{8CCFF280-61CC-4A2D-94BD-BC8DC1367128}.Debug|Mixed Platforms.Deploy.0 = Debug|x86
		{8CCFF280-61CC-4A2D-94BD-BC8DC1367128}.Debug|x64.ActiveCfg = Debug|x64
		{8CCFF280-61CC-4A2D-94BD-BC8DC1367128}.Debug|x64.Build.0 = Debug|x64
		{8CCFF280-61CC-4A2D-94BD-BC8DC1367128}.Debug|x64.Deploy.0 = Debug|x64
		{8CCFF280-61CC-4A2D-94BD-BC8DC1367128}.Debug|x86.ActiveCfg = Debug|x86
		{8CCFF280-61CC-4A2D-94BD-BC8DC1367128}.Debug|x86.Build.0 = Debug|x86
		{8CCFF280-61CC-4A2D-94BD-BC8DC1367128}.Debug|x86.Deploy.0 = Debug|x86
		{8CCFF280-61CC-4A2D-94BD-BC8DC1367128}.Release|Any CPU.ActiveCfg = Release|Any CPU
		{8CCFF280-61CC-4A2D-94BD-BC8DC1367128}.Release|ARM.ActiveCfg = Release|ARM
		{8CCFF280-61CC-4A2D-94BD-BC8DC1367128}.Release|ARM.Build.0 = Release|ARM
		{8CCFF280-61CC-4A2D-94BD-BC8DC1367128}.Release|ARM.Deploy.0 = Release|ARM
		{8CCFF280-61CC-4A2D-94BD-BC8DC1367128}.Release|iPhone.ActiveCfg = Release|Any CPU
		{8CCFF280-61CC-4A2D-94BD-BC8DC1367128}.Release|iPhoneSimulator.ActiveCfg = Release|Any CPU
		{8CCFF280-61CC-4A2D-94BD-BC8DC1367128}.Release|Mixed Platforms.ActiveCfg = Release|x86
		{8CCFF280-61CC-4A2D-94BD-BC8DC1367128}.Release|Mixed Platforms.Build.0 = Release|x86
		{8CCFF280-61CC-4A2D-94BD-BC8DC1367128}.Release|Mixed Platforms.Deploy.0 = Release|x86
		{8CCFF280-61CC-4A2D-94BD-BC8DC1367128}.Release|x64.ActiveCfg = Release|x64
		{8CCFF280-61CC-4A2D-94BD-BC8DC1367128}.Release|x64.Build.0 = Release|x64
		{8CCFF280-61CC-4A2D-94BD-BC8DC1367128}.Release|x64.Deploy.0 = Release|x64
		{8CCFF280-61CC-4A2D-94BD-BC8DC1367128}.Release|x86.ActiveCfg = Release|x86
		{8CCFF280-61CC-4A2D-94BD-BC8DC1367128}.Release|x86.Build.0 = Release|x86
		{8CCFF280-61CC-4A2D-94BD-BC8DC1367128}.Release|x86.Deploy.0 = Release|x86
		{44CCD146-CFC0-4ABE-8C61-B7C160F3B306}.Ad-Hoc|Any CPU.ActiveCfg = Release|Any CPU
		{44CCD146-CFC0-4ABE-8C61-B7C160F3B306}.Ad-Hoc|Any CPU.Build.0 = Release|Any CPU
		{44CCD146-CFC0-4ABE-8C61-B7C160F3B306}.Ad-Hoc|Any CPU.Deploy.0 = Release|Any CPU
		{44CCD146-CFC0-4ABE-8C61-B7C160F3B306}.Ad-Hoc|ARM.ActiveCfg = Release|ARM
		{44CCD146-CFC0-4ABE-8C61-B7C160F3B306}.Ad-Hoc|ARM.Build.0 = Release|ARM
		{44CCD146-CFC0-4ABE-8C61-B7C160F3B306}.Ad-Hoc|ARM.Deploy.0 = Release|ARM
		{44CCD146-CFC0-4ABE-8C61-B7C160F3B306}.Ad-Hoc|iPhone.ActiveCfg = Release|Any CPU
		{44CCD146-CFC0-4ABE-8C61-B7C160F3B306}.Ad-Hoc|iPhoneSimulator.ActiveCfg = Release|Any CPU
		{44CCD146-CFC0-4ABE-8C61-B7C160F3B306}.Ad-Hoc|Mixed Platforms.ActiveCfg = Release|x86
		{44CCD146-CFC0-4ABE-8C61-B7C160F3B306}.Ad-Hoc|Mixed Platforms.Build.0 = Release|x86
		{44CCD146-CFC0-4ABE-8C61-B7C160F3B306}.Ad-Hoc|Mixed Platforms.Deploy.0 = Release|x86
		{44CCD146-CFC0-4ABE-8C61-B7C160F3B306}.Ad-Hoc|x64.ActiveCfg = Release|Any CPU
		{44CCD146-CFC0-4ABE-8C61-B7C160F3B306}.Ad-Hoc|x86.ActiveCfg = Release|x86
		{44CCD146-CFC0-4ABE-8C61-B7C160F3B306}.Ad-Hoc|x86.Build.0 = Release|x86
		{44CCD146-CFC0-4ABE-8C61-B7C160F3B306}.Ad-Hoc|x86.Deploy.0 = Release|x86
		{44CCD146-CFC0-4ABE-8C61-B7C160F3B306}.AppStore|Any CPU.ActiveCfg = Release|Any CPU
		{44CCD146-CFC0-4ABE-8C61-B7C160F3B306}.AppStore|Any CPU.Build.0 = Release|Any CPU
		{44CCD146-CFC0-4ABE-8C61-B7C160F3B306}.AppStore|Any CPU.Deploy.0 = Release|Any CPU
		{44CCD146-CFC0-4ABE-8C61-B7C160F3B306}.AppStore|ARM.ActiveCfg = Release|ARM
		{44CCD146-CFC0-4ABE-8C61-B7C160F3B306}.AppStore|ARM.Build.0 = Release|ARM
		{44CCD146-CFC0-4ABE-8C61-B7C160F3B306}.AppStore|ARM.Deploy.0 = Release|ARM
		{44CCD146-CFC0-4ABE-8C61-B7C160F3B306}.AppStore|iPhone.ActiveCfg = Release|Any CPU
		{44CCD146-CFC0-4ABE-8C61-B7C160F3B306}.AppStore|iPhoneSimulator.ActiveCfg = Release|Any CPU
		{44CCD146-CFC0-4ABE-8C61-B7C160F3B306}.AppStore|Mixed Platforms.ActiveCfg = Release|x86
		{44CCD146-CFC0-4ABE-8C61-B7C160F3B306}.AppStore|Mixed Platforms.Build.0 = Release|x86
		{44CCD146-CFC0-4ABE-8C61-B7C160F3B306}.AppStore|Mixed Platforms.Deploy.0 = Release|x86
		{44CCD146-CFC0-4ABE-8C61-B7C160F3B306}.AppStore|x64.ActiveCfg = Release|Any CPU
		{44CCD146-CFC0-4ABE-8C61-B7C160F3B306}.AppStore|x86.ActiveCfg = Release|x86
		{44CCD146-CFC0-4ABE-8C61-B7C160F3B306}.AppStore|x86.Build.0 = Release|x86
		{44CCD146-CFC0-4ABE-8C61-B7C160F3B306}.AppStore|x86.Deploy.0 = Release|x86
		{44CCD146-CFC0-4ABE-8C61-B7C160F3B306}.Debug|Any CPU.ActiveCfg = Debug|Any CPU
		{44CCD146-CFC0-4ABE-8C61-B7C160F3B306}.Debug|Any CPU.Build.0 = Debug|Any CPU
		{44CCD146-CFC0-4ABE-8C61-B7C160F3B306}.Debug|Any CPU.Deploy.0 = Debug|Any CPU
		{44CCD146-CFC0-4ABE-8C61-B7C160F3B306}.Debug|ARM.ActiveCfg = Debug|ARM
		{44CCD146-CFC0-4ABE-8C61-B7C160F3B306}.Debug|ARM.Build.0 = Debug|ARM
		{44CCD146-CFC0-4ABE-8C61-B7C160F3B306}.Debug|ARM.Deploy.0 = Debug|ARM
		{44CCD146-CFC0-4ABE-8C61-B7C160F3B306}.Debug|iPhone.ActiveCfg = Debug|Any CPU
		{44CCD146-CFC0-4ABE-8C61-B7C160F3B306}.Debug|iPhoneSimulator.ActiveCfg = Debug|Any CPU
		{44CCD146-CFC0-4ABE-8C61-B7C160F3B306}.Debug|Mixed Platforms.ActiveCfg = Debug|x86
		{44CCD146-CFC0-4ABE-8C61-B7C160F3B306}.Debug|Mixed Platforms.Build.0 = Debug|x86
		{44CCD146-CFC0-4ABE-8C61-B7C160F3B306}.Debug|Mixed Platforms.Deploy.0 = Debug|x86
		{44CCD146-CFC0-4ABE-8C61-B7C160F3B306}.Debug|x64.ActiveCfg = Debug|Any CPU
		{44CCD146-CFC0-4ABE-8C61-B7C160F3B306}.Debug|x86.ActiveCfg = Debug|x86
		{44CCD146-CFC0-4ABE-8C61-B7C160F3B306}.Debug|x86.Build.0 = Debug|x86
		{44CCD146-CFC0-4ABE-8C61-B7C160F3B306}.Debug|x86.Deploy.0 = Debug|x86
		{44CCD146-CFC0-4ABE-8C61-B7C160F3B306}.Release|Any CPU.ActiveCfg = Release|Any CPU
		{44CCD146-CFC0-4ABE-8C61-B7C160F3B306}.Release|ARM.ActiveCfg = Release|ARM
		{44CCD146-CFC0-4ABE-8C61-B7C160F3B306}.Release|ARM.Build.0 = Release|ARM
		{44CCD146-CFC0-4ABE-8C61-B7C160F3B306}.Release|ARM.Deploy.0 = Release|ARM
		{44CCD146-CFC0-4ABE-8C61-B7C160F3B306}.Release|iPhone.ActiveCfg = Release|Any CPU
		{44CCD146-CFC0-4ABE-8C61-B7C160F3B306}.Release|iPhoneSimulator.ActiveCfg = Release|Any CPU
		{44CCD146-CFC0-4ABE-8C61-B7C160F3B306}.Release|Mixed Platforms.ActiveCfg = Release|x86
		{44CCD146-CFC0-4ABE-8C61-B7C160F3B306}.Release|Mixed Platforms.Build.0 = Release|x86
		{44CCD146-CFC0-4ABE-8C61-B7C160F3B306}.Release|Mixed Platforms.Deploy.0 = Release|x86
		{44CCD146-CFC0-4ABE-8C61-B7C160F3B306}.Release|x64.ActiveCfg = Release|Any CPU
		{44CCD146-CFC0-4ABE-8C61-B7C160F3B306}.Release|x86.ActiveCfg = Release|x86
		{44CCD146-CFC0-4ABE-8C61-B7C160F3B306}.Release|x86.Build.0 = Release|x86
		{44CCD146-CFC0-4ABE-8C61-B7C160F3B306}.Release|x86.Deploy.0 = Release|x86
		{04125CD7-F3B6-4960-B1BA-9F584384EBDF}.Ad-Hoc|Any CPU.ActiveCfg = Release|Any CPU
		{04125CD7-F3B6-4960-B1BA-9F584384EBDF}.Ad-Hoc|Any CPU.Build.0 = Release|Any CPU
		{04125CD7-F3B6-4960-B1BA-9F584384EBDF}.Ad-Hoc|ARM.ActiveCfg = Release|ARM
		{04125CD7-F3B6-4960-B1BA-9F584384EBDF}.Ad-Hoc|ARM.Build.0 = Release|ARM
		{04125CD7-F3B6-4960-B1BA-9F584384EBDF}.Ad-Hoc|iPhone.ActiveCfg = Release|Any CPU
		{04125CD7-F3B6-4960-B1BA-9F584384EBDF}.Ad-Hoc|iPhone.Build.0 = Release|Any CPU
		{04125CD7-F3B6-4960-B1BA-9F584384EBDF}.Ad-Hoc|iPhoneSimulator.ActiveCfg = Release|Any CPU
		{04125CD7-F3B6-4960-B1BA-9F584384EBDF}.Ad-Hoc|iPhoneSimulator.Build.0 = Release|Any CPU
		{04125CD7-F3B6-4960-B1BA-9F584384EBDF}.Ad-Hoc|Mixed Platforms.ActiveCfg = Release|x86
		{04125CD7-F3B6-4960-B1BA-9F584384EBDF}.Ad-Hoc|Mixed Platforms.Build.0 = Release|x86
		{04125CD7-F3B6-4960-B1BA-9F584384EBDF}.Ad-Hoc|x64.ActiveCfg = Release|x64
		{04125CD7-F3B6-4960-B1BA-9F584384EBDF}.Ad-Hoc|x64.Build.0 = Release|x64
		{04125CD7-F3B6-4960-B1BA-9F584384EBDF}.Ad-Hoc|x86.ActiveCfg = Release|x86
		{04125CD7-F3B6-4960-B1BA-9F584384EBDF}.Ad-Hoc|x86.Build.0 = Release|x86
		{04125CD7-F3B6-4960-B1BA-9F584384EBDF}.AppStore|Any CPU.ActiveCfg = Release|Any CPU
		{04125CD7-F3B6-4960-B1BA-9F584384EBDF}.AppStore|Any CPU.Build.0 = Release|Any CPU
		{04125CD7-F3B6-4960-B1BA-9F584384EBDF}.AppStore|ARM.ActiveCfg = Release|ARM
		{04125CD7-F3B6-4960-B1BA-9F584384EBDF}.AppStore|ARM.Build.0 = Release|ARM
		{04125CD7-F3B6-4960-B1BA-9F584384EBDF}.AppStore|iPhone.ActiveCfg = Release|Any CPU
		{04125CD7-F3B6-4960-B1BA-9F584384EBDF}.AppStore|iPhone.Build.0 = Release|Any CPU
		{04125CD7-F3B6-4960-B1BA-9F584384EBDF}.AppStore|iPhoneSimulator.ActiveCfg = Release|Any CPU
		{04125CD7-F3B6-4960-B1BA-9F584384EBDF}.AppStore|iPhoneSimulator.Build.0 = Release|Any CPU
		{04125CD7-F3B6-4960-B1BA-9F584384EBDF}.AppStore|Mixed Platforms.ActiveCfg = Release|x86
		{04125CD7-F3B6-4960-B1BA-9F584384EBDF}.AppStore|Mixed Platforms.Build.0 = Release|x86
		{04125CD7-F3B6-4960-B1BA-9F584384EBDF}.AppStore|x64.ActiveCfg = Release|x64
		{04125CD7-F3B6-4960-B1BA-9F584384EBDF}.AppStore|x64.Build.0 = Release|x64
		{04125CD7-F3B6-4960-B1BA-9F584384EBDF}.AppStore|x86.ActiveCfg = Release|x86
		{04125CD7-F3B6-4960-B1BA-9F584384EBDF}.AppStore|x86.Build.0 = Release|x86
		{04125CD7-F3B6-4960-B1BA-9F584384EBDF}.Debug|Any CPU.ActiveCfg = Debug|Any CPU
		{04125CD7-F3B6-4960-B1BA-9F584384EBDF}.Debug|Any CPU.Build.0 = Debug|Any CPU
		{04125CD7-F3B6-4960-B1BA-9F584384EBDF}.Debug|ARM.ActiveCfg = Debug|ARM
		{04125CD7-F3B6-4960-B1BA-9F584384EBDF}.Debug|ARM.Build.0 = Debug|ARM
		{04125CD7-F3B6-4960-B1BA-9F584384EBDF}.Debug|iPhone.ActiveCfg = Debug|Any CPU
		{04125CD7-F3B6-4960-B1BA-9F584384EBDF}.Debug|iPhone.Build.0 = Debug|Any CPU
		{04125CD7-F3B6-4960-B1BA-9F584384EBDF}.Debug|iPhoneSimulator.ActiveCfg = Debug|Any CPU
		{04125CD7-F3B6-4960-B1BA-9F584384EBDF}.Debug|iPhoneSimulator.Build.0 = Debug|Any CPU
		{04125CD7-F3B6-4960-B1BA-9F584384EBDF}.Debug|Mixed Platforms.ActiveCfg = Debug|x86
		{04125CD7-F3B6-4960-B1BA-9F584384EBDF}.Debug|Mixed Platforms.Build.0 = Debug|x86
		{04125CD7-F3B6-4960-B1BA-9F584384EBDF}.Debug|x64.ActiveCfg = Debug|x64
		{04125CD7-F3B6-4960-B1BA-9F584384EBDF}.Debug|x64.Build.0 = Debug|x64
		{04125CD7-F3B6-4960-B1BA-9F584384EBDF}.Debug|x86.ActiveCfg = Debug|x86
		{04125CD7-F3B6-4960-B1BA-9F584384EBDF}.Debug|x86.Build.0 = Debug|x86
		{04125CD7-F3B6-4960-B1BA-9F584384EBDF}.Release|Any CPU.ActiveCfg = Release|Any CPU
		{04125CD7-F3B6-4960-B1BA-9F584384EBDF}.Release|Any CPU.Build.0 = Release|Any CPU
		{04125CD7-F3B6-4960-B1BA-9F584384EBDF}.Release|ARM.ActiveCfg = Release|ARM
		{04125CD7-F3B6-4960-B1BA-9F584384EBDF}.Release|ARM.Build.0 = Release|ARM
		{04125CD7-F3B6-4960-B1BA-9F584384EBDF}.Release|iPhone.ActiveCfg = Release|Any CPU
		{04125CD7-F3B6-4960-B1BA-9F584384EBDF}.Release|iPhone.Build.0 = Release|Any CPU
		{04125CD7-F3B6-4960-B1BA-9F584384EBDF}.Release|iPhoneSimulator.ActiveCfg = Release|Any CPU
		{04125CD7-F3B6-4960-B1BA-9F584384EBDF}.Release|iPhoneSimulator.Build.0 = Release|Any CPU
		{04125CD7-F3B6-4960-B1BA-9F584384EBDF}.Release|Mixed Platforms.ActiveCfg = Release|x86
		{04125CD7-F3B6-4960-B1BA-9F584384EBDF}.Release|Mixed Platforms.Build.0 = Release|x86
		{04125CD7-F3B6-4960-B1BA-9F584384EBDF}.Release|x64.ActiveCfg = Release|x64
		{04125CD7-F3B6-4960-B1BA-9F584384EBDF}.Release|x64.Build.0 = Release|x64
		{04125CD7-F3B6-4960-B1BA-9F584384EBDF}.Release|x86.ActiveCfg = Release|x86
		{04125CD7-F3B6-4960-B1BA-9F584384EBDF}.Release|x86.Build.0 = Release|x86
		{18EB9D77-ACEC-44B0-966E-C015FE303BDC}.Ad-Hoc|Any CPU.ActiveCfg = Ad-Hoc|iPhone
		{18EB9D77-ACEC-44B0-966E-C015FE303BDC}.Ad-Hoc|ARM.ActiveCfg = Ad-Hoc|iPhone
		{18EB9D77-ACEC-44B0-966E-C015FE303BDC}.Ad-Hoc|iPhone.ActiveCfg = Ad-Hoc|iPhone
		{18EB9D77-ACEC-44B0-966E-C015FE303BDC}.Ad-Hoc|iPhone.Build.0 = Ad-Hoc|iPhone
		{18EB9D77-ACEC-44B0-966E-C015FE303BDC}.Ad-Hoc|iPhoneSimulator.ActiveCfg = Ad-Hoc|iPhoneSimulator
		{18EB9D77-ACEC-44B0-966E-C015FE303BDC}.Ad-Hoc|iPhoneSimulator.Build.0 = Ad-Hoc|iPhoneSimulator
		{18EB9D77-ACEC-44B0-966E-C015FE303BDC}.Ad-Hoc|Mixed Platforms.ActiveCfg = Ad-Hoc|iPhone
		{18EB9D77-ACEC-44B0-966E-C015FE303BDC}.Ad-Hoc|Mixed Platforms.Build.0 = Ad-Hoc|iPhone
		{18EB9D77-ACEC-44B0-966E-C015FE303BDC}.Ad-Hoc|x64.ActiveCfg = Ad-Hoc|iPhone
		{18EB9D77-ACEC-44B0-966E-C015FE303BDC}.Ad-Hoc|x86.ActiveCfg = Ad-Hoc|iPhone
		{18EB9D77-ACEC-44B0-966E-C015FE303BDC}.AppStore|Any CPU.ActiveCfg = AppStore|iPhone
		{18EB9D77-ACEC-44B0-966E-C015FE303BDC}.AppStore|ARM.ActiveCfg = AppStore|iPhone
		{18EB9D77-ACEC-44B0-966E-C015FE303BDC}.AppStore|iPhone.ActiveCfg = AppStore|iPhone
		{18EB9D77-ACEC-44B0-966E-C015FE303BDC}.AppStore|iPhone.Build.0 = AppStore|iPhone
		{18EB9D77-ACEC-44B0-966E-C015FE303BDC}.AppStore|iPhoneSimulator.ActiveCfg = AppStore|iPhoneSimulator
		{18EB9D77-ACEC-44B0-966E-C015FE303BDC}.AppStore|iPhoneSimulator.Build.0 = AppStore|iPhoneSimulator
		{18EB9D77-ACEC-44B0-966E-C015FE303BDC}.AppStore|Mixed Platforms.ActiveCfg = AppStore|iPhone
		{18EB9D77-ACEC-44B0-966E-C015FE303BDC}.AppStore|Mixed Platforms.Build.0 = AppStore|iPhone
		{18EB9D77-ACEC-44B0-966E-C015FE303BDC}.AppStore|x64.ActiveCfg = AppStore|iPhone
		{18EB9D77-ACEC-44B0-966E-C015FE303BDC}.AppStore|x86.ActiveCfg = AppStore|iPhone
		{18EB9D77-ACEC-44B0-966E-C015FE303BDC}.Debug|Any CPU.ActiveCfg = Debug|iPhone
		{18EB9D77-ACEC-44B0-966E-C015FE303BDC}.Debug|ARM.ActiveCfg = Debug|iPhone
		{18EB9D77-ACEC-44B0-966E-C015FE303BDC}.Debug|iPhone.ActiveCfg = Debug|iPhone
		{18EB9D77-ACEC-44B0-966E-C015FE303BDC}.Debug|iPhone.Build.0 = Debug|iPhone
		{18EB9D77-ACEC-44B0-966E-C015FE303BDC}.Debug|iPhoneSimulator.ActiveCfg = Debug|iPhoneSimulator
		{18EB9D77-ACEC-44B0-966E-C015FE303BDC}.Debug|iPhoneSimulator.Build.0 = Debug|iPhoneSimulator
		{18EB9D77-ACEC-44B0-966E-C015FE303BDC}.Debug|Mixed Platforms.ActiveCfg = Debug|iPhone
		{18EB9D77-ACEC-44B0-966E-C015FE303BDC}.Debug|Mixed Platforms.Build.0 = Debug|iPhone
		{18EB9D77-ACEC-44B0-966E-C015FE303BDC}.Debug|x64.ActiveCfg = Debug|iPhone
		{18EB9D77-ACEC-44B0-966E-C015FE303BDC}.Debug|x86.ActiveCfg = Debug|iPhone
		{18EB9D77-ACEC-44B0-966E-C015FE303BDC}.Release|Any CPU.ActiveCfg = Release|iPhone
		{18EB9D77-ACEC-44B0-966E-C015FE303BDC}.Release|ARM.ActiveCfg = Release|iPhone
		{18EB9D77-ACEC-44B0-966E-C015FE303BDC}.Release|iPhone.ActiveCfg = Release|iPhone
		{18EB9D77-ACEC-44B0-966E-C015FE303BDC}.Release|iPhone.Build.0 = Release|iPhone
		{18EB9D77-ACEC-44B0-966E-C015FE303BDC}.Release|iPhoneSimulator.ActiveCfg = Release|iPhoneSimulator
		{18EB9D77-ACEC-44B0-966E-C015FE303BDC}.Release|iPhoneSimulator.Build.0 = Release|iPhoneSimulator
		{18EB9D77-ACEC-44B0-966E-C015FE303BDC}.Release|Mixed Platforms.ActiveCfg = Release|iPhone
		{18EB9D77-ACEC-44B0-966E-C015FE303BDC}.Release|Mixed Platforms.Build.0 = Release|iPhone
		{18EB9D77-ACEC-44B0-966E-C015FE303BDC}.Release|x64.ActiveCfg = Release|iPhone
		{18EB9D77-ACEC-44B0-966E-C015FE303BDC}.Release|x86.ActiveCfg = Release|iPhone
	EndGlobalSection
	GlobalSection(SolutionProperties) = preSolution
		HideSolutionNode = FALSE
	EndGlobalSection
	GlobalSection(NestedProjects) = preSolution
		{25ABD9E0-F2C6-4E86-9B9D-FED01E44E0FA} = {EAB7ED86-6B88-4D76-9CCC-83BFDF137EA8}
		{8938843E-A0A2-4946-A5CC-1D735AA7C963} = {EAB7ED86-6B88-4D76-9CCC-83BFDF137EA8}
		{99603C24-247B-4BE8-8642-0775F1DD095B} = {8938843E-A0A2-4946-A5CC-1D735AA7C963}
		{8CCFF280-61CC-4A2D-94BD-BC8DC1367128} = {8938843E-A0A2-4946-A5CC-1D735AA7C963}
		{44CCD146-CFC0-4ABE-8C61-B7C160F3B306} = {8938843E-A0A2-4946-A5CC-1D735AA7C963}
		{18EB9D77-ACEC-44B0-966E-C015FE303BDC} = {8938843E-A0A2-4946-A5CC-1D735AA7C963}
	EndGlobalSection
EndGlobal
