
Microsoft Visual Studio Solution File, Format Version 12.00
# Visual Studio 2013
VisualStudioVersion = 12.0.30723.0
MinimumVisualStudioVersion = 10.0.40219.1
Project("{FAE04EC0-301F-11D3-BF4B-00C04F79EFBC}") = "DeviceInfoSample", "DeviceInfoSample\DeviceInfoSample\DeviceInfoSample.csproj", "{AE497F96-A745-4705-82EA-F639B9E4E966}"
EndProject
Project("{FAE04EC0-301F-11D3-BF4B-00C04F79EFBC}") = "DeviceInfoSample.iOS", "DeviceInfoSample\DeviceInfoSample.iOS\DeviceInfoSample.iOS.csproj", "{429F38CF-85A0-4C8E-AA55-660C351BFA97}"
EndProject
Project("{FAE04EC0-301F-11D3-BF4B-00C04F79EFBC}") = "DeviceInfoSample.Droid", "DeviceInfoSample\DeviceInfoSample.Droid\DeviceInfoSample.Droid.csproj", "{DD5B29B6-3BE6-472C-AF75-895FB37319A1}"
EndProject
Project("{FAE04EC0-301F-11D3-BF4B-00C04F79EFBC}") = "DeviceInfoSample.WinPhone", "DeviceInfoSample\DeviceInfoSample.WinPhone\DeviceInfoSample.WinPhone.csproj", "{2D44E400-712A-494D-A838-6FB9B8CB222C}"
EndProject
Global
	GlobalSection(SolutionConfigurationPlatforms) = preSolution
		Ad-Hoc|Any CPU = Ad-Hoc|Any CPU
		Ad-Hoc|ARM = Ad-Hoc|ARM
		Ad-Hoc|iPhone = Ad-Hoc|iPhone
		Ad-Hoc|iPhoneSimulator = Ad-Hoc|iPhoneSimulator
		Ad-Hoc|Mixed Platforms = Ad-Hoc|Mixed Platforms
		Ad-Hoc|x86 = Ad-Hoc|x86
		AppStore|Any CPU = AppStore|Any CPU
		AppStore|ARM = AppStore|ARM
		AppStore|iPhone = AppStore|iPhone
		AppStore|iPhoneSimulator = AppStore|iPhoneSimulator
		AppStore|Mixed Platforms = AppStore|Mixed Platforms
		AppStore|x86 = AppStore|x86
		Debug|Any CPU = Debug|Any CPU
		Debug|ARM = Debug|ARM
		Debug|iPhone = Debug|iPhone
		Debug|iPhoneSimulator = Debug|iPhoneSimulator
		Debug|Mixed Platforms = Debug|Mixed Platforms
		Debug|x86 = Debug|x86
		Release|Any CPU = Release|Any CPU
		Release|ARM = Release|ARM
		Release|iPhone = Release|iPhone
		Release|iPhoneSimulator = Release|iPhoneSimulator
		Release|Mixed Platforms = Release|Mixed Platforms
		Release|x86 = Release|x86
	EndGlobalSection
	GlobalSection(ProjectConfigurationPlatforms) = postSolution
		{AE497F96-A745-4705-82EA-F639B9E4E966}.Ad-Hoc|Any CPU.ActiveCfg = Release|Any CPU
		{AE497F96-A745-4705-82EA-F639B9E4E966}.Ad-Hoc|Any CPU.Build.0 = Release|Any CPU
		{AE497F96-A745-4705-82EA-F639B9E4E966}.Ad-Hoc|ARM.ActiveCfg = Release|Any CPU
		{AE497F96-A745-4705-82EA-F639B9E4E966}.Ad-Hoc|iPhone.ActiveCfg = Release|Any CPU
		{AE497F96-A745-4705-82EA-F639B9E4E966}.Ad-Hoc|iPhoneSimulator.ActiveCfg = Release|Any CPU
		{AE497F96-A745-4705-82EA-F639B9E4E966}.Ad-Hoc|Mixed Platforms.ActiveCfg = Release|Any CPU
		{AE497F96-A745-4705-82EA-F639B9E4E966}.Ad-Hoc|Mixed Platforms.Build.0 = Release|Any CPU
		{AE497F96-A745-4705-82EA-F639B9E4E966}.Ad-Hoc|x86.ActiveCfg = Release|Any CPU
		{AE497F96-A745-4705-82EA-F639B9E4E966}.AppStore|Any CPU.ActiveCfg = Release|Any CPU
		{AE497F96-A745-4705-82EA-F639B9E4E966}.AppStore|Any CPU.Build.0 = Release|Any CPU
		{AE497F96-A745-4705-82EA-F639B9E4E966}.AppStore|ARM.ActiveCfg = Release|Any CPU
		{AE497F96-A745-4705-82EA-F639B9E4E966}.AppStore|iPhone.ActiveCfg = Release|Any CPU
		{AE497F96-A745-4705-82EA-F639B9E4E966}.AppStore|iPhoneSimulator.ActiveCfg = Release|Any CPU
		{AE497F96-A745-4705-82EA-F639B9E4E966}.AppStore|Mixed Platforms.ActiveCfg = Release|Any CPU
		{AE497F96-A745-4705-82EA-F639B9E4E966}.AppStore|Mixed Platforms.Build.0 = Release|Any CPU
		{AE497F96-A745-4705-82EA-F639B9E4E966}.AppStore|x86.ActiveCfg = Release|Any CPU
		{AE497F96-A745-4705-82EA-F639B9E4E966}.Debug|Any CPU.ActiveCfg = Debug|Any CPU
		{AE497F96-A745-4705-82EA-F639B9E4E966}.Debug|Any CPU.Build.0 = Debug|Any CPU
		{AE497F96-A745-4705-82EA-F639B9E4E966}.Debug|ARM.ActiveCfg = Debug|Any CPU
		{AE497F96-A745-4705-82EA-F639B9E4E966}.Debug|iPhone.ActiveCfg = Debug|Any CPU
		{AE497F96-A745-4705-82EA-F639B9E4E966}.Debug|iPhoneSimulator.ActiveCfg = Debug|Any CPU
		{AE497F96-A745-4705-82EA-F639B9E4E966}.Debug|Mixed Platforms.ActiveCfg = Debug|Any CPU
		{AE497F96-A745-4705-82EA-F639B9E4E966}.Debug|Mixed Platforms.Build.0 = Debug|Any CPU
		{AE497F96-A745-4705-82EA-F639B9E4E966}.Debug|x86.ActiveCfg = Debug|Any CPU
		{AE497F96-A745-4705-82EA-F639B9E4E966}.Release|Any CPU.ActiveCfg = Release|Any CPU
		{AE497F96-A745-4705-82EA-F639B9E4E966}.Release|Any CPU.Build.0 = Release|Any CPU
		{AE497F96-A745-4705-82EA-F639B9E4E966}.Release|ARM.ActiveCfg = Release|Any CPU
		{AE497F96-A745-4705-82EA-F639B9E4E966}.Release|iPhone.ActiveCfg = Release|Any CPU
		{AE497F96-A745-4705-82EA-F639B9E4E966}.Release|iPhoneSimulator.ActiveCfg = Release|Any CPU
		{AE497F96-A745-4705-82EA-F639B9E4E966}.Release|Mixed Platforms.ActiveCfg = Release|Any CPU
		{AE497F96-A745-4705-82EA-F639B9E4E966}.Release|Mixed Platforms.Build.0 = Release|Any CPU
		{AE497F96-A745-4705-82EA-F639B9E4E966}.Release|x86.ActiveCfg = Release|Any CPU
		{429F38CF-85A0-4C8E-AA55-660C351BFA97}.Ad-Hoc|Any CPU.ActiveCfg = Ad-Hoc|iPhone
		{429F38CF-85A0-4C8E-AA55-660C351BFA97}.Ad-Hoc|ARM.ActiveCfg = Ad-Hoc|iPhone
		{429F38CF-85A0-4C8E-AA55-660C351BFA97}.Ad-Hoc|iPhone.ActiveCfg = Ad-Hoc|iPhone
		{429F38CF-85A0-4C8E-AA55-660C351BFA97}.Ad-Hoc|iPhone.Build.0 = Ad-Hoc|iPhone
		{429F38CF-85A0-4C8E-AA55-660C351BFA97}.Ad-Hoc|iPhoneSimulator.ActiveCfg = Ad-Hoc|iPhoneSimulator
		{429F38CF-85A0-4C8E-AA55-660C351BFA97}.Ad-Hoc|iPhoneSimulator.Build.0 = Ad-Hoc|iPhoneSimulator
		{429F38CF-85A0-4C8E-AA55-660C351BFA97}.Ad-Hoc|Mixed Platforms.ActiveCfg = Ad-Hoc|iPhone
		{429F38CF-85A0-4C8E-AA55-660C351BFA97}.Ad-Hoc|Mixed Platforms.Build.0 = Ad-Hoc|iPhone
		{429F38CF-85A0-4C8E-AA55-660C351BFA97}.Ad-Hoc|x86.ActiveCfg = Ad-Hoc|iPhone
		{429F38CF-85A0-4C8E-AA55-660C351BFA97}.AppStore|Any CPU.ActiveCfg = AppStore|iPhone
		{429F38CF-85A0-4C8E-AA55-660C351BFA97}.AppStore|ARM.ActiveCfg = AppStore|iPhone
		{429F38CF-85A0-4C8E-AA55-660C351BFA97}.AppStore|iPhone.ActiveCfg = AppStore|iPhone
		{429F38CF-85A0-4C8E-AA55-660C351BFA97}.AppStore|iPhone.Build.0 = AppStore|iPhone
		{429F38CF-85A0-4C8E-AA55-660C351BFA97}.AppStore|iPhoneSimulator.ActiveCfg = AppStore|iPhoneSimulator
		{429F38CF-85A0-4C8E-AA55-660C351BFA97}.AppStore|iPhoneSimulator.Build.0 = AppStore|iPhoneSimulator
		{429F38CF-85A0-4C8E-AA55-660C351BFA97}.AppStore|Mixed Platforms.ActiveCfg = AppStore|iPhone
		{429F38CF-85A0-4C8E-AA55-660C351BFA97}.AppStore|Mixed Platforms.Build.0 = AppStore|iPhone
		{429F38CF-85A0-4C8E-AA55-660C351BFA97}.AppStore|x86.ActiveCfg = AppStore|iPhone
		{429F38CF-85A0-4C8E-AA55-660C351BFA97}.Debug|Any CPU.ActiveCfg = Debug|iPhone
		{429F38CF-85A0-4C8E-AA55-660C351BFA97}.Debug|ARM.ActiveCfg = Debug|iPhone
		{429F38CF-85A0-4C8E-AA55-660C351BFA97}.Debug|iPhone.ActiveCfg = Debug|iPhone
		{429F38CF-85A0-4C8E-AA55-660C351BFA97}.Debug|iPhone.Build.0 = Debug|iPhone
		{429F38CF-85A0-4C8E-AA55-660C351BFA97}.Debug|iPhoneSimulator.ActiveCfg = Debug|iPhoneSimulator
		{429F38CF-85A0-4C8E-AA55-660C351BFA97}.Debug|iPhoneSimulator.Build.0 = Debug|iPhoneSimulator
		{429F38CF-85A0-4C8E-AA55-660C351BFA97}.Debug|Mixed Platforms.ActiveCfg = Debug|iPhone
		{429F38CF-85A0-4C8E-AA55-660C351BFA97}.Debug|Mixed Platforms.Build.0 = Debug|iPhone
		{429F38CF-85A0-4C8E-AA55-660C351BFA97}.Debug|x86.ActiveCfg = Debug|iPhone
		{429F38CF-85A0-4C8E-AA55-660C351BFA97}.Release|Any CPU.ActiveCfg = Release|iPhone
		{429F38CF-85A0-4C8E-AA55-660C351BFA97}.Release|ARM.ActiveCfg = Release|iPhone
		{429F38CF-85A0-4C8E-AA55-660C351BFA97}.Release|iPhone.ActiveCfg = Release|iPhone
		{429F38CF-85A0-4C8E-AA55-660C351BFA97}.Release|iPhone.Build.0 = Release|iPhone
		{429F38CF-85A0-4C8E-AA55-660C351BFA97}.Release|iPhoneSimulator.ActiveCfg = Release|iPhoneSimulator
		{429F38CF-85A0-4C8E-AA55-660C351BFA97}.Release|iPhoneSimulator.Build.0 = Release|iPhoneSimulator
		{429F38CF-85A0-4C8E-AA55-660C351BFA97}.Release|Mixed Platforms.ActiveCfg = Release|iPhone
		{429F38CF-85A0-4C8E-AA55-660C351BFA97}.Release|Mixed Platforms.Build.0 = Release|iPhone
		{429F38CF-85A0-4C8E-AA55-660C351BFA97}.Release|x86.ActiveCfg = Release|iPhone
		{DD5B29B6-3BE6-472C-AF75-895FB37319A1}.Ad-Hoc|Any CPU.ActiveCfg = Release|Any CPU
		{DD5B29B6-3BE6-472C-AF75-895FB37319A1}.Ad-Hoc|Any CPU.Build.0 = Release|Any CPU
		{DD5B29B6-3BE6-472C-AF75-895FB37319A1}.Ad-Hoc|Any CPU.Deploy.0 = Release|Any CPU
		{DD5B29B6-3BE6-472C-AF75-895FB37319A1}.Ad-Hoc|ARM.ActiveCfg = Release|Any CPU
		{DD5B29B6-3BE6-472C-AF75-895FB37319A1}.Ad-Hoc|iPhone.ActiveCfg = Release|Any CPU
		{DD5B29B6-3BE6-472C-AF75-895FB37319A1}.Ad-Hoc|iPhoneSimulator.ActiveCfg = Release|Any CPU
		{DD5B29B6-3BE6-472C-AF75-895FB37319A1}.Ad-Hoc|Mixed Platforms.ActiveCfg = Release|Any CPU
		{DD5B29B6-3BE6-472C-AF75-895FB37319A1}.Ad-Hoc|Mixed Platforms.Build.0 = Release|Any CPU
		{DD5B29B6-3BE6-472C-AF75-895FB37319A1}.Ad-Hoc|Mixed Platforms.Deploy.0 = Release|Any CPU
		{DD5B29B6-3BE6-472C-AF75-895FB37319A1}.Ad-Hoc|x86.ActiveCfg = Release|Any CPU
		{DD5B29B6-3BE6-472C-AF75-895FB37319A1}.AppStore|Any CPU.ActiveCfg = Release|Any CPU
		{DD5B29B6-3BE6-472C-AF75-895FB37319A1}.AppStore|Any CPU.Build.0 = Release|Any CPU
		{DD5B29B6-3BE6-472C-AF75-895FB37319A1}.AppStore|Any CPU.Deploy.0 = Release|Any CPU
		{DD5B29B6-3BE6-472C-AF75-895FB37319A1}.AppStore|ARM.ActiveCfg = Release|Any CPU
		{DD5B29B6-3BE6-472C-AF75-895FB37319A1}.AppStore|iPhone.ActiveCfg = Release|Any CPU
		{DD5B29B6-3BE6-472C-AF75-895FB37319A1}.AppStore|iPhoneSimulator.ActiveCfg = Release|Any CPU
		{DD5B29B6-3BE6-472C-AF75-895FB37319A1}.AppStore|Mixed Platforms.ActiveCfg = Release|Any CPU
		{DD5B29B6-3BE6-472C-AF75-895FB37319A1}.AppStore|Mixed Platforms.Build.0 = Release|Any CPU
		{DD5B29B6-3BE6-472C-AF75-895FB37319A1}.AppStore|Mixed Platforms.Deploy.0 = Release|Any CPU
		{DD5B29B6-3BE6-472C-AF75-895FB37319A1}.AppStore|x86.ActiveCfg = Release|Any CPU
		{DD5B29B6-3BE6-472C-AF75-895FB37319A1}.Debug|Any CPU.ActiveCfg = Debug|Any CPU
		{DD5B29B6-3BE6-472C-AF75-895FB37319A1}.Debug|Any CPU.Build.0 = Debug|Any CPU
		{DD5B29B6-3BE6-472C-AF75-895FB37319A1}.Debug|Any CPU.Deploy.0 = Debug|Any CPU
		{DD5B29B6-3BE6-472C-AF75-895FB37319A1}.Debug|ARM.ActiveCfg = Debug|Any CPU
		{DD5B29B6-3BE6-472C-AF75-895FB37319A1}.Debug|iPhone.ActiveCfg = Debug|Any CPU
		{DD5B29B6-3BE6-472C-AF75-895FB37319A1}.Debug|iPhoneSimulator.ActiveCfg = Debug|Any CPU
		{DD5B29B6-3BE6-472C-AF75-895FB37319A1}.Debug|Mixed Platforms.ActiveCfg = Debug|Any CPU
		{DD5B29B6-3BE6-472C-AF75-895FB37319A1}.Debug|Mixed Platforms.Build.0 = Debug|Any CPU
		{DD5B29B6-3BE6-472C-AF75-895FB37319A1}.Debug|Mixed Platforms.Deploy.0 = Debug|Any CPU
		{DD5B29B6-3BE6-472C-AF75-895FB37319A1}.Debug|x86.ActiveCfg = Debug|Any CPU
		{DD5B29B6-3BE6-472C-AF75-895FB37319A1}.Release|Any CPU.ActiveCfg = Release|Any CPU
		{DD5B29B6-3BE6-472C-AF75-895FB37319A1}.Release|Any CPU.Build.0 = Release|Any CPU
		{DD5B29B6-3BE6-472C-AF75-895FB37319A1}.Release|Any CPU.Deploy.0 = Release|Any CPU
		{DD5B29B6-3BE6-472C-AF75-895FB37319A1}.Release|ARM.ActiveCfg = Release|Any CPU
		{DD5B29B6-3BE6-472C-AF75-895FB37319A1}.Release|iPhone.ActiveCfg = Release|Any CPU
		{DD5B29B6-3BE6-472C-AF75-895FB37319A1}.Release|iPhoneSimulator.ActiveCfg = Release|Any CPU
		{DD5B29B6-3BE6-472C-AF75-895FB37319A1}.Release|Mixed Platforms.ActiveCfg = Release|Any CPU
		{DD5B29B6-3BE6-472C-AF75-895FB37319A1}.Release|Mixed Platforms.Build.0 = Release|Any CPU
		{DD5B29B6-3BE6-472C-AF75-895FB37319A1}.Release|Mixed Platforms.Deploy.0 = Release|Any CPU
		{DD5B29B6-3BE6-472C-AF75-895FB37319A1}.Release|x86.ActiveCfg = Release|Any CPU
		{2D44E400-712A-494D-A838-6FB9B8CB222C}.Ad-Hoc|Any CPU.ActiveCfg = Release|Any CPU
		{2D44E400-712A-494D-A838-6FB9B8CB222C}.Ad-Hoc|Any CPU.Build.0 = Release|Any CPU
		{2D44E400-712A-494D-A838-6FB9B8CB222C}.Ad-Hoc|Any CPU.Deploy.0 = Release|Any CPU
		{2D44E400-712A-494D-A838-6FB9B8CB222C}.Ad-Hoc|ARM.ActiveCfg = Release|ARM
		{2D44E400-712A-494D-A838-6FB9B8CB222C}.Ad-Hoc|ARM.Build.0 = Release|ARM
		{2D44E400-712A-494D-A838-6FB9B8CB222C}.Ad-Hoc|ARM.Deploy.0 = Release|ARM
		{2D44E400-712A-494D-A838-6FB9B8CB222C}.Ad-Hoc|iPhone.ActiveCfg = Release|Any CPU
		{2D44E400-712A-494D-A838-6FB9B8CB222C}.Ad-Hoc|iPhoneSimulator.ActiveCfg = Release|Any CPU
		{2D44E400-712A-494D-A838-6FB9B8CB222C}.Ad-Hoc|Mixed Platforms.ActiveCfg = Release|x86
		{2D44E400-712A-494D-A838-6FB9B8CB222C}.Ad-Hoc|Mixed Platforms.Build.0 = Release|x86
		{2D44E400-712A-494D-A838-6FB9B8CB222C}.Ad-Hoc|Mixed Platforms.Deploy.0 = Release|x86
		{2D44E400-712A-494D-A838-6FB9B8CB222C}.Ad-Hoc|x86.ActiveCfg = Release|x86
		{2D44E400-712A-494D-A838-6FB9B8CB222C}.Ad-Hoc|x86.Build.0 = Release|x86
		{2D44E400-712A-494D-A838-6FB9B8CB222C}.Ad-Hoc|x86.Deploy.0 = Release|x86
		{2D44E400-712A-494D-A838-6FB9B8CB222C}.AppStore|Any CPU.ActiveCfg = Release|Any CPU
		{2D44E400-712A-494D-A838-6FB9B8CB222C}.AppStore|Any CPU.Build.0 = Release|Any CPU
		{2D44E400-712A-494D-A838-6FB9B8CB222C}.AppStore|Any CPU.Deploy.0 = Release|Any CPU
		{2D44E400-712A-494D-A838-6FB9B8CB222C}.AppStore|ARM.ActiveCfg = Release|ARM
		{2D44E400-712A-494D-A838-6FB9B8CB222C}.AppStore|ARM.Build.0 = Release|ARM
		{2D44E400-712A-494D-A838-6FB9B8CB222C}.AppStore|ARM.Deploy.0 = Release|ARM
		{2D44E400-712A-494D-A838-6FB9B8CB222C}.AppStore|iPhone.ActiveCfg = Release|Any CPU
		{2D44E400-712A-494D-A838-6FB9B8CB222C}.AppStore|iPhoneSimulator.ActiveCfg = Release|Any CPU
		{2D44E400-712A-494D-A838-6FB9B8CB222C}.AppStore|Mixed Platforms.ActiveCfg = Release|x86
		{2D44E400-712A-494D-A838-6FB9B8CB222C}.AppStore|Mixed Platforms.Build.0 = Release|x86
		{2D44E400-712A-494D-A838-6FB9B8CB222C}.AppStore|Mixed Platforms.Deploy.0 = Release|x86
		{2D44E400-712A-494D-A838-6FB9B8CB222C}.AppStore|x86.ActiveCfg = Release|x86
		{2D44E400-712A-494D-A838-6FB9B8CB222C}.AppStore|x86.Build.0 = Release|x86
		{2D44E400-712A-494D-A838-6FB9B8CB222C}.AppStore|x86.Deploy.0 = Release|x86
		{2D44E400-712A-494D-A838-6FB9B8CB222C}.Debug|Any CPU.ActiveCfg = Debug|Any CPU
		{2D44E400-712A-494D-A838-6FB9B8CB222C}.Debug|Any CPU.Build.0 = Debug|Any CPU
		{2D44E400-712A-494D-A838-6FB9B8CB222C}.Debug|Any CPU.Deploy.0 = Debug|Any CPU
		{2D44E400-712A-494D-A838-6FB9B8CB222C}.Debug|ARM.ActiveCfg = Debug|ARM
		{2D44E400-712A-494D-A838-6FB9B8CB222C}.Debug|ARM.Build.0 = Debug|ARM
		{2D44E400-712A-494D-A838-6FB9B8CB222C}.Debug|ARM.Deploy.0 = Debug|ARM
		{2D44E400-712A-494D-A838-6FB9B8CB222C}.Debug|iPhone.ActiveCfg = Debug|Any CPU
		{2D44E400-712A-494D-A838-6FB9B8CB222C}.Debug|iPhoneSimulator.ActiveCfg = Debug|Any CPU
		{2D44E400-712A-494D-A838-6FB9B8CB222C}.Debug|Mixed Platforms.ActiveCfg = Debug|x86
		{2D44E400-712A-494D-A838-6FB9B8CB222C}.Debug|Mixed Platforms.Build.0 = Debug|x86
		{2D44E400-712A-494D-A838-6FB9B8CB222C}.Debug|Mixed Platforms.Deploy.0 = Debug|x86
		{2D44E400-712A-494D-A838-6FB9B8CB222C}.Debug|x86.ActiveCfg = Debug|x86
		{2D44E400-712A-494D-A838-6FB9B8CB222C}.Debug|x86.Build.0 = Debug|x86
		{2D44E400-712A-494D-A838-6FB9B8CB222C}.Debug|x86.Deploy.0 = Debug|x86
		{2D44E400-712A-494D-A838-6FB9B8CB222C}.Release|Any CPU.ActiveCfg = Release|Any CPU
		{2D44E400-712A-494D-A838-6FB9B8CB222C}.Release|Any CPU.Build.0 = Release|Any CPU
		{2D44E400-712A-494D-A838-6FB9B8CB222C}.Release|Any CPU.Deploy.0 = Release|Any CPU
		{2D44E400-712A-494D-A838-6FB9B8CB222C}.Release|ARM.ActiveCfg = Release|ARM
		{2D44E400-712A-494D-A838-6FB9B8CB222C}.Release|ARM.Build.0 = Release|ARM
		{2D44E400-712A-494D-A838-6FB9B8CB222C}.Release|ARM.Deploy.0 = Release|ARM
		{2D44E400-712A-494D-A838-6FB9B8CB222C}.Release|iPhone.ActiveCfg = Release|Any CPU
		{2D44E400-712A-494D-A838-6FB9B8CB222C}.Release|iPhoneSimulator.ActiveCfg = Release|Any CPU
		{2D44E400-712A-494D-A838-6FB9B8CB222C}.Release|Mixed Platforms.ActiveCfg = Release|x86
		{2D44E400-712A-494D-A838-6FB9B8CB222C}.Release|Mixed Platforms.Build.0 = Release|x86
		{2D44E400-712A-494D-A838-6FB9B8CB222C}.Release|Mixed Platforms.Deploy.0 = Release|x86
		{2D44E400-712A-494D-A838-6FB9B8CB222C}.Release|x86.ActiveCfg = Release|x86
		{2D44E400-712A-494D-A838-6FB9B8CB222C}.Release|x86.Build.0 = Release|x86
		{2D44E400-712A-494D-A838-6FB9B8CB222C}.Release|x86.Deploy.0 = Release|x86
	EndGlobalSection
	GlobalSection(SolutionProperties) = preSolution
		HideSolutionNode = FALSE
	EndGlobalSection
EndGlobal
