
Microsoft Visual Studio Solution File, Format Version 12.00
# Visual Studio 2013
VisualStudioVersion = 12.0.21005.1
MinimumVisualStudioVersion = 10.0.40219.1
Project("{FAE04EC0-301F-11D3-BF4B-00C04F79EFBC}") = "Refractored.Xam.Messages", "Refractored.Xam.Messages\Refractored.Xam.Messages.csproj", "{A6C428F6-B7E7-40CA-84F4-797BBB873246}"
EndProject
Project("{FAE04EC0-301F-11D3-BF4B-00C04F79EFBC}") = "Refractored.Xam.Messages.iOS", "Refractored.Xam.Messages.iOS\Refractored.Xam.Messages.iOS.csproj", "{D1A5411F-42D5-4F91-AED7-E4F3DA344A26}"
EndProject
Project("{FAE04EC0-301F-11D3-BF4B-00C04F79EFBC}") = "Refractored.Xam.Messages.WindowsPhone", "Refractored.Xam.Messages.WindowsPhone\Refractored.Xam.Messages.WindowsPhone.csproj", "{794AF38B-1D6D-47D0-A817-60CB7B6A73F7}"
EndProject
Project("{FAE04EC0-301F-11D3-BF4B-00C04F79EFBC}") = "Refractored.Xam.Messages.Android", "Refractored.Xam.Messages.Android\Refractored.Xam.Messages.Android.csproj", "{1C0DC231-0E7D-4392-8D85-ADE96CE3C70D}"
EndProject
Project("{2150E333-8FDC-42A3-9474-1A3956D46DE8}") = "Tests", "Tests", "{DE78602D-05C7-419C-B49F-76204EA9D5CD}"
EndProject
Project("{FAE04EC0-301F-11D3-BF4B-00C04F79EFBC}") = "Test.Portable", "Test.Portable\Test.Portable.csproj", "{60F654B8-774E-492D-8937-43E3B45B094A}"
EndProject
Project("{FAE04EC0-301F-11D3-BF4B-00C04F79EFBC}") = "Test.Android", "Test.Android\Test.Android.csproj", "{9AD9DB55-93A9-46AB-966E-C734EB1A48C8}"
EndProject
Project("{FAE04EC0-301F-11D3-BF4B-00C04F79EFBC}") = "Test.iOS", "Test.iOS\Test.iOS.csproj", "{FE86550B-E086-4834-8B04-DFE4DAB973EF}"
EndProject
Global
	GlobalSection(SolutionConfigurationPlatforms) = preSolution
		Ad-Hoc|Any CPU = Ad-Hoc|Any CPU
		Ad-Hoc|ARM = Ad-Hoc|ARM
		Ad-Hoc|iPhone = Ad-Hoc|iPhone
		Ad-Hoc|iPhoneSimulator = Ad-Hoc|iPhoneSimulator
		Ad-Hoc|Mixed Platforms = Ad-Hoc|Mixed Platforms
		Ad-Hoc|x86 = Ad-Hoc|x86
		AppStore|Any CPU = AppStore|Any CPU
		AppStore|ARM = AppStore|ARM
		AppStore|iPhone = AppStore|iPhone
		AppStore|iPhoneSimulator = AppStore|iPhoneSimulator
		AppStore|Mixed Platforms = AppStore|Mixed Platforms
		AppStore|x86 = AppStore|x86
		Debug|Any CPU = Debug|Any CPU
		Debug|ARM = Debug|ARM
		Debug|iPhone = Debug|iPhone
		Debug|iPhoneSimulator = Debug|iPhoneSimulator
		Debug|Mixed Platforms = Debug|Mixed Platforms
		Debug|x86 = Debug|x86
		Release|Any CPU = Release|Any CPU
		Release|ARM = Release|ARM
		Release|iPhone = Release|iPhone
		Release|iPhoneSimulator = Release|iPhoneSimulator
		Release|Mixed Platforms = Release|Mixed Platforms
		Release|x86 = Release|x86
	EndGlobalSection
	GlobalSection(ProjectConfigurationPlatforms) = postSolution
		{A6C428F6-B7E7-40CA-84F4-797BBB873246}.Ad-Hoc|Any CPU.ActiveCfg = Release|Any CPU
		{A6C428F6-B7E7-40CA-84F4-797BBB873246}.Ad-Hoc|Any CPU.Build.0 = Release|Any CPU
		{A6C428F6-B7E7-40CA-84F4-797BBB873246}.Ad-Hoc|ARM.ActiveCfg = Release|Any CPU
		{A6C428F6-B7E7-40CA-84F4-797BBB873246}.Ad-Hoc|iPhone.ActiveCfg = Release|Any CPU
		{A6C428F6-B7E7-40CA-84F4-797BBB873246}.Ad-Hoc|iPhoneSimulator.ActiveCfg = Release|Any CPU
		{A6C428F6-B7E7-40CA-84F4-797BBB873246}.Ad-Hoc|Mixed Platforms.ActiveCfg = Release|Any CPU
		{A6C428F6-B7E7-40CA-84F4-797BBB873246}.Ad-Hoc|Mixed Platforms.Build.0 = Release|Any CPU
		{A6C428F6-B7E7-40CA-84F4-797BBB873246}.Ad-Hoc|x86.ActiveCfg = Release|Any CPU
		{A6C428F6-B7E7-40CA-84F4-797BBB873246}.AppStore|Any CPU.ActiveCfg = Release|Any CPU
		{A6C428F6-B7E7-40CA-84F4-797BBB873246}.AppStore|Any CPU.Build.0 = Release|Any CPU
		{A6C428F6-B7E7-40CA-84F4-797BBB873246}.AppStore|ARM.ActiveCfg = Release|Any CPU
		{A6C428F6-B7E7-40CA-84F4-797BBB873246}.AppStore|iPhone.ActiveCfg = Release|Any CPU
		{A6C428F6-B7E7-40CA-84F4-797BBB873246}.AppStore|iPhoneSimulator.ActiveCfg = Release|Any CPU
		{A6C428F6-B7E7-40CA-84F4-797BBB873246}.AppStore|Mixed Platforms.ActiveCfg = Release|Any CPU
		{A6C428F6-B7E7-40CA-84F4-797BBB873246}.AppStore|Mixed Platforms.Build.0 = Release|Any CPU
		{A6C428F6-B7E7-40CA-84F4-797BBB873246}.AppStore|x86.ActiveCfg = Release|Any CPU
		{A6C428F6-B7E7-40CA-84F4-797BBB873246}.Debug|Any CPU.ActiveCfg = Debug|Any CPU
		{A6C428F6-B7E7-40CA-84F4-797BBB873246}.Debug|Any CPU.Build.0 = Debug|Any CPU
		{A6C428F6-B7E7-40CA-84F4-797BBB873246}.Debug|ARM.ActiveCfg = Debug|Any CPU
		{A6C428F6-B7E7-40CA-84F4-797BBB873246}.Debug|iPhone.ActiveCfg = Debug|Any CPU
		{A6C428F6-B7E7-40CA-84F4-797BBB873246}.Debug|iPhoneSimulator.ActiveCfg = Debug|Any CPU
		{A6C428F6-B7E7-40CA-84F4-797BBB873246}.Debug|Mixed Platforms.ActiveCfg = Debug|Any CPU
		{A6C428F6-B7E7-40CA-84F4-797BBB873246}.Debug|Mixed Platforms.Build.0 = Debug|Any CPU
		{A6C428F6-B7E7-40CA-84F4-797BBB873246}.Debug|x86.ActiveCfg = Debug|Any CPU
		{A6C428F6-B7E7-40CA-84F4-797BBB873246}.Release|Any CPU.ActiveCfg = Release|Any CPU
		{A6C428F6-B7E7-40CA-84F4-797BBB873246}.Release|Any CPU.Build.0 = Release|Any CPU
		{A6C428F6-B7E7-40CA-84F4-797BBB873246}.Release|ARM.ActiveCfg = Release|Any CPU
		{A6C428F6-B7E7-40CA-84F4-797BBB873246}.Release|iPhone.ActiveCfg = Release|Any CPU
		{A6C428F6-B7E7-40CA-84F4-797BBB873246}.Release|iPhoneSimulator.ActiveCfg = Release|Any CPU
		{A6C428F6-B7E7-40CA-84F4-797BBB873246}.Release|Mixed Platforms.ActiveCfg = Release|Any CPU
		{A6C428F6-B7E7-40CA-84F4-797BBB873246}.Release|Mixed Platforms.Build.0 = Release|Any CPU
		{A6C428F6-B7E7-40CA-84F4-797BBB873246}.Release|x86.ActiveCfg = Release|Any CPU
		{D1A5411F-42D5-4F91-AED7-E4F3DA344A26}.Ad-Hoc|Any CPU.ActiveCfg = Release|Any CPU
		{D1A5411F-42D5-4F91-AED7-E4F3DA344A26}.Ad-Hoc|Any CPU.Build.0 = Release|Any CPU
		{D1A5411F-42D5-4F91-AED7-E4F3DA344A26}.Ad-Hoc|ARM.ActiveCfg = Release|Any CPU
		{D1A5411F-42D5-4F91-AED7-E4F3DA344A26}.Ad-Hoc|iPhone.ActiveCfg = Release|Any CPU
		{D1A5411F-42D5-4F91-AED7-E4F3DA344A26}.Ad-Hoc|iPhoneSimulator.ActiveCfg = Release|Any CPU
		{D1A5411F-42D5-4F91-AED7-E4F3DA344A26}.Ad-Hoc|Mixed Platforms.ActiveCfg = Release|Any CPU
		{D1A5411F-42D5-4F91-AED7-E4F3DA344A26}.Ad-Hoc|Mixed Platforms.Build.0 = Release|Any CPU
		{D1A5411F-42D5-4F91-AED7-E4F3DA344A26}.Ad-Hoc|x86.ActiveCfg = Release|Any CPU
		{D1A5411F-42D5-4F91-AED7-E4F3DA344A26}.AppStore|Any CPU.ActiveCfg = Release|Any CPU
		{D1A5411F-42D5-4F91-AED7-E4F3DA344A26}.AppStore|Any CPU.Build.0 = Release|Any CPU
		{D1A5411F-42D5-4F91-AED7-E4F3DA344A26}.AppStore|ARM.ActiveCfg = Release|Any CPU
		{D1A5411F-42D5-4F91-AED7-E4F3DA344A26}.AppStore|iPhone.ActiveCfg = Release|Any CPU
		{D1A5411F-42D5-4F91-AED7-E4F3DA344A26}.AppStore|iPhoneSimulator.ActiveCfg = Release|Any CPU
		{D1A5411F-42D5-4F91-AED7-E4F3DA344A26}.AppStore|Mixed Platforms.ActiveCfg = Release|Any CPU
		{D1A5411F-42D5-4F91-AED7-E4F3DA344A26}.AppStore|Mixed Platforms.Build.0 = Release|Any CPU
		{D1A5411F-42D5-4F91-AED7-E4F3DA344A26}.AppStore|x86.ActiveCfg = Release|Any CPU
		{D1A5411F-42D5-4F91-AED7-E4F3DA344A26}.Debug|Any CPU.ActiveCfg = Debug|Any CPU
		{D1A5411F-42D5-4F91-AED7-E4F3DA344A26}.Debug|Any CPU.Build.0 = Debug|Any CPU
		{D1A5411F-42D5-4F91-AED7-E4F3DA344A26}.Debug|ARM.ActiveCfg = Debug|Any CPU
		{D1A5411F-42D5-4F91-AED7-E4F3DA344A26}.Debug|iPhone.ActiveCfg = Debug|Any CPU
		{D1A5411F-42D5-4F91-AED7-E4F3DA344A26}.Debug|iPhoneSimulator.ActiveCfg = Debug|Any CPU
		{D1A5411F-42D5-4F91-AED7-E4F3DA344A26}.Debug|Mixed Platforms.ActiveCfg = Debug|Any CPU
		{D1A5411F-42D5-4F91-AED7-E4F3DA344A26}.Debug|Mixed Platforms.Build.0 = Debug|Any CPU
		{D1A5411F-42D5-4F91-AED7-E4F3DA344A26}.Debug|x86.ActiveCfg = Debug|Any CPU
		{D1A5411F-42D5-4F91-AED7-E4F3DA344A26}.Release|Any CPU.ActiveCfg = Release|Any CPU
		{D1A5411F-42D5-4F91-AED7-E4F3DA344A26}.Release|Any CPU.Build.0 = Release|Any CPU
		{D1A5411F-42D5-4F91-AED7-E4F3DA344A26}.Release|ARM.ActiveCfg = Release|Any CPU
		{D1A5411F-42D5-4F91-AED7-E4F3DA344A26}.Release|iPhone.ActiveCfg = Release|Any CPU
		{D1A5411F-42D5-4F91-AED7-E4F3DA344A26}.Release|iPhoneSimulator.ActiveCfg = Release|Any CPU
		{D1A5411F-42D5-4F91-AED7-E4F3DA344A26}.Release|Mixed Platforms.ActiveCfg = Release|Any CPU
		{D1A5411F-42D5-4F91-AED7-E4F3DA344A26}.Release|Mixed Platforms.Build.0 = Release|Any CPU
		{D1A5411F-42D5-4F91-AED7-E4F3DA344A26}.Release|x86.ActiveCfg = Release|Any CPU
		{794AF38B-1D6D-47D0-A817-60CB7B6A73F7}.Ad-Hoc|Any CPU.ActiveCfg = Release|Any CPU
		{794AF38B-1D6D-47D0-A817-60CB7B6A73F7}.Ad-Hoc|Any CPU.Build.0 = Release|Any CPU
		{794AF38B-1D6D-47D0-A817-60CB7B6A73F7}.Ad-Hoc|ARM.ActiveCfg = Release|ARM
		{794AF38B-1D6D-47D0-A817-60CB7B6A73F7}.Ad-Hoc|ARM.Build.0 = Release|ARM
		{794AF38B-1D6D-47D0-A817-60CB7B6A73F7}.Ad-Hoc|iPhone.ActiveCfg = Release|Any CPU
		{794AF38B-1D6D-47D0-A817-60CB7B6A73F7}.Ad-Hoc|iPhoneSimulator.ActiveCfg = Release|Any CPU
		{794AF38B-1D6D-47D0-A817-60CB7B6A73F7}.Ad-Hoc|Mixed Platforms.ActiveCfg = Release|x86
		{794AF38B-1D6D-47D0-A817-60CB7B6A73F7}.Ad-Hoc|Mixed Platforms.Build.0 = Release|x86
		{794AF38B-1D6D-47D0-A817-60CB7B6A73F7}.Ad-Hoc|x86.ActiveCfg = Release|x86
		{794AF38B-1D6D-47D0-A817-60CB7B6A73F7}.Ad-Hoc|x86.Build.0 = Release|x86
		{794AF38B-1D6D-47D0-A817-60CB7B6A73F7}.AppStore|Any CPU.ActiveCfg = Release|Any CPU
		{794AF38B-1D6D-47D0-A817-60CB7B6A73F7}.AppStore|Any CPU.Build.0 = Release|Any CPU
		{794AF38B-1D6D-47D0-A817-60CB7B6A73F7}.AppStore|ARM.ActiveCfg = Release|ARM
		{794AF38B-1D6D-47D0-A817-60CB7B6A73F7}.AppStore|ARM.Build.0 = Release|ARM
		{794AF38B-1D6D-47D0-A817-60CB7B6A73F7}.AppStore|iPhone.ActiveCfg = Release|Any CPU
		{794AF38B-1D6D-47D0-A817-60CB7B6A73F7}.AppStore|iPhoneSimulator.ActiveCfg = Release|Any CPU
		{794AF38B-1D6D-47D0-A817-60CB7B6A73F7}.AppStore|Mixed Platforms.ActiveCfg = Release|x86
		{794AF38B-1D6D-47D0-A817-60CB7B6A73F7}.AppStore|Mixed Platforms.Build.0 = Release|x86
		{794AF38B-1D6D-47D0-A817-60CB7B6A73F7}.AppStore|x86.ActiveCfg = Release|x86
		{794AF38B-1D6D-47D0-A817-60CB7B6A73F7}.AppStore|x86.Build.0 = Release|x86
		{794AF38B-1D6D-47D0-A817-60CB7B6A73F7}.Debug|Any CPU.ActiveCfg = Debug|Any CPU
		{794AF38B-1D6D-47D0-A817-60CB7B6A73F7}.Debug|Any CPU.Build.0 = Debug|Any CPU
		{794AF38B-1D6D-47D0-A817-60CB7B6A73F7}.Debug|ARM.ActiveCfg = Debug|ARM
		{794AF38B-1D6D-47D0-A817-60CB7B6A73F7}.Debug|ARM.Build.0 = Debug|ARM
		{794AF38B-1D6D-47D0-A817-60CB7B6A73F7}.Debug|iPhone.ActiveCfg = Debug|Any CPU
		{794AF38B-1D6D-47D0-A817-60CB7B6A73F7}.Debug|iPhoneSimulator.ActiveCfg = Debug|Any CPU
		{794AF38B-1D6D-47D0-A817-60CB7B6A73F7}.Debug|Mixed Platforms.ActiveCfg = Debug|x86
		{794AF38B-1D6D-47D0-A817-60CB7B6A73F7}.Debug|Mixed Platforms.Build.0 = Debug|x86
		{794AF38B-1D6D-47D0-A817-60CB7B6A73F7}.Debug|x86.ActiveCfg = Debug|x86
		{794AF38B-1D6D-47D0-A817-60CB7B6A73F7}.Debug|x86.Build.0 = Debug|x86
		{794AF38B-1D6D-47D0-A817-60CB7B6A73F7}.Release|Any CPU.ActiveCfg = Release|Any CPU
		{794AF38B-1D6D-47D0-A817-60CB7B6A73F7}.Release|Any CPU.Build.0 = Release|Any CPU
		{794AF38B-1D6D-47D0-A817-60CB7B6A73F7}.Release|ARM.ActiveCfg = Release|ARM
		{794AF38B-1D6D-47D0-A817-60CB7B6A73F7}.Release|ARM.Build.0 = Release|ARM
		{794AF38B-1D6D-47D0-A817-60CB7B6A73F7}.Release|iPhone.ActiveCfg = Release|Any CPU
		{794AF38B-1D6D-47D0-A817-60CB7B6A73F7}.Release|iPhoneSimulator.ActiveCfg = Release|Any CPU
		{794AF38B-1D6D-47D0-A817-60CB7B6A73F7}.Release|Mixed Platforms.ActiveCfg = Release|x86
		{794AF38B-1D6D-47D0-A817-60CB7B6A73F7}.Release|Mixed Platforms.Build.0 = Release|x86
		{794AF38B-1D6D-47D0-A817-60CB7B6A73F7}.Release|x86.ActiveCfg = Release|x86
		{794AF38B-1D6D-47D0-A817-60CB7B6A73F7}.Release|x86.Build.0 = Release|x86
		{1C0DC231-0E7D-4392-8D85-ADE96CE3C70D}.Ad-Hoc|Any CPU.ActiveCfg = Release|Any CPU
		{1C0DC231-0E7D-4392-8D85-ADE96CE3C70D}.Ad-Hoc|Any CPU.Build.0 = Release|Any CPU
		{1C0DC231-0E7D-4392-8D85-ADE96CE3C70D}.Ad-Hoc|ARM.ActiveCfg = Release|Any CPU
		{1C0DC231-0E7D-4392-8D85-ADE96CE3C70D}.Ad-Hoc|iPhone.ActiveCfg = Release|Any CPU
		{1C0DC231-0E7D-4392-8D85-ADE96CE3C70D}.Ad-Hoc|iPhoneSimulator.ActiveCfg = Release|Any CPU
		{1C0DC231-0E7D-4392-8D85-ADE96CE3C70D}.Ad-Hoc|Mixed Platforms.ActiveCfg = Release|Any CPU
		{1C0DC231-0E7D-4392-8D85-ADE96CE3C70D}.Ad-Hoc|Mixed Platforms.Build.0 = Release|Any CPU
		{1C0DC231-0E7D-4392-8D85-ADE96CE3C70D}.Ad-Hoc|x86.ActiveCfg = Release|Any CPU
		{1C0DC231-0E7D-4392-8D85-ADE96CE3C70D}.AppStore|Any CPU.ActiveCfg = Release|Any CPU
		{1C0DC231-0E7D-4392-8D85-ADE96CE3C70D}.AppStore|Any CPU.Build.0 = Release|Any CPU
		{1C0DC231-0E7D-4392-8D85-ADE96CE3C70D}.AppStore|ARM.ActiveCfg = Release|Any CPU
		{1C0DC231-0E7D-4392-8D85-ADE96CE3C70D}.AppStore|iPhone.ActiveCfg = Release|Any CPU
		{1C0DC231-0E7D-4392-8D85-ADE96CE3C70D}.AppStore|iPhoneSimulator.ActiveCfg = Release|Any CPU
		{1C0DC231-0E7D-4392-8D85-ADE96CE3C70D}.AppStore|Mixed Platforms.ActiveCfg = Release|Any CPU
		{1C0DC231-0E7D-4392-8D85-ADE96CE3C70D}.AppStore|Mixed Platforms.Build.0 = Release|Any CPU
		{1C0DC231-0E7D-4392-8D85-ADE96CE3C70D}.AppStore|x86.ActiveCfg = Release|Any CPU
		{1C0DC231-0E7D-4392-8D85-ADE96CE3C70D}.Debug|Any CPU.ActiveCfg = Debug|Any CPU
		{1C0DC231-0E7D-4392-8D85-ADE96CE3C70D}.Debug|Any CPU.Build.0 = Debug|Any CPU
		{1C0DC231-0E7D-4392-8D85-ADE96CE3C70D}.Debug|ARM.ActiveCfg = Debug|Any CPU
		{1C0DC231-0E7D-4392-8D85-ADE96CE3C70D}.Debug|iPhone.ActiveCfg = Debug|Any CPU
		{1C0DC231-0E7D-4392-8D85-ADE96CE3C70D}.Debug|iPhoneSimulator.ActiveCfg = Debug|Any CPU
		{1C0DC231-0E7D-4392-8D85-ADE96CE3C70D}.Debug|Mixed Platforms.ActiveCfg = Debug|Any CPU
		{1C0DC231-0E7D-4392-8D85-ADE96CE3C70D}.Debug|Mixed Platforms.Build.0 = Debug|Any CPU
		{1C0DC231-0E7D-4392-8D85-ADE96CE3C70D}.Debug|x86.ActiveCfg = Debug|Any CPU
		{1C0DC231-0E7D-4392-8D85-ADE96CE3C70D}.Release|Any CPU.ActiveCfg = Release|Any CPU
		{1C0DC231-0E7D-4392-8D85-ADE96CE3C70D}.Release|Any CPU.Build.0 = Release|Any CPU
		{1C0DC231-0E7D-4392-8D85-ADE96CE3C70D}.Release|ARM.ActiveCfg = Release|Any CPU
		{1C0DC231-0E7D-4392-8D85-ADE96CE3C70D}.Release|iPhone.ActiveCfg = Release|Any CPU
		{1C0DC231-0E7D-4392-8D85-ADE96CE3C70D}.Release|iPhoneSimulator.ActiveCfg = Release|Any CPU
		{1C0DC231-0E7D-4392-8D85-ADE96CE3C70D}.Release|Mixed Platforms.ActiveCfg = Release|Any CPU
		{1C0DC231-0E7D-4392-8D85-ADE96CE3C70D}.Release|Mixed Platforms.Build.0 = Release|Any CPU
		{1C0DC231-0E7D-4392-8D85-ADE96CE3C70D}.Release|x86.ActiveCfg = Release|Any CPU
		{60F654B8-774E-492D-8937-43E3B45B094A}.Ad-Hoc|Any CPU.ActiveCfg = Release|Any CPU
		{60F654B8-774E-492D-8937-43E3B45B094A}.Ad-Hoc|Any CPU.Build.0 = Release|Any CPU
		{60F654B8-774E-492D-8937-43E3B45B094A}.Ad-Hoc|ARM.ActiveCfg = Release|Any CPU
		{60F654B8-774E-492D-8937-43E3B45B094A}.Ad-Hoc|iPhone.ActiveCfg = Release|Any CPU
		{60F654B8-774E-492D-8937-43E3B45B094A}.Ad-Hoc|iPhoneSimulator.ActiveCfg = Release|Any CPU
		{60F654B8-774E-492D-8937-43E3B45B094A}.Ad-Hoc|Mixed Platforms.ActiveCfg = Release|Any CPU
		{60F654B8-774E-492D-8937-43E3B45B094A}.Ad-Hoc|Mixed Platforms.Build.0 = Release|Any CPU
		{60F654B8-774E-492D-8937-43E3B45B094A}.Ad-Hoc|x86.ActiveCfg = Release|Any CPU
		{60F654B8-774E-492D-8937-43E3B45B094A}.AppStore|Any CPU.ActiveCfg = Release|Any CPU
		{60F654B8-774E-492D-8937-43E3B45B094A}.AppStore|Any CPU.Build.0 = Release|Any CPU
		{60F654B8-774E-492D-8937-43E3B45B094A}.AppStore|ARM.ActiveCfg = Release|Any CPU
		{60F654B8-774E-492D-8937-43E3B45B094A}.AppStore|iPhone.ActiveCfg = Release|Any CPU
		{60F654B8-774E-492D-8937-43E3B45B094A}.AppStore|iPhoneSimulator.ActiveCfg = Release|Any CPU
		{60F654B8-774E-492D-8937-43E3B45B094A}.AppStore|Mixed Platforms.ActiveCfg = Release|Any CPU
		{60F654B8-774E-492D-8937-43E3B45B094A}.AppStore|Mixed Platforms.Build.0 = Release|Any CPU
		{60F654B8-774E-492D-8937-43E3B45B094A}.AppStore|x86.ActiveCfg = Release|Any CPU
		{60F654B8-774E-492D-8937-43E3B45B094A}.Debug|Any CPU.ActiveCfg = Debug|Any CPU
		{60F654B8-774E-492D-8937-43E3B45B094A}.Debug|Any CPU.Build.0 = Debug|Any CPU
		{60F654B8-774E-492D-8937-43E3B45B094A}.Debug|ARM.ActiveCfg = Debug|Any CPU
		{60F654B8-774E-492D-8937-43E3B45B094A}.Debug|iPhone.ActiveCfg = Debug|Any CPU
		{60F654B8-774E-492D-8937-43E3B45B094A}.Debug|iPhoneSimulator.ActiveCfg = Debug|Any CPU
		{60F654B8-774E-492D-8937-43E3B45B094A}.Debug|iPhoneSimulator.Build.0 = Debug|Any CPU
		{60F654B8-774E-492D-8937-43E3B45B094A}.Debug|Mixed Platforms.ActiveCfg = Debug|Any CPU
		{60F654B8-774E-492D-8937-43E3B45B094A}.Debug|Mixed Platforms.Build.0 = Debug|Any CPU
		{60F654B8-774E-492D-8937-43E3B45B094A}.Debug|x86.ActiveCfg = Debug|Any CPU
		{60F654B8-774E-492D-8937-43E3B45B094A}.Release|Any CPU.ActiveCfg = Release|Any CPU
		{60F654B8-774E-492D-8937-43E3B45B094A}.Release|Any CPU.Build.0 = Release|Any CPU
		{60F654B8-774E-492D-8937-43E3B45B094A}.Release|ARM.ActiveCfg = Release|Any CPU
		{60F654B8-774E-492D-8937-43E3B45B094A}.Release|iPhone.ActiveCfg = Release|Any CPU
		{60F654B8-774E-492D-8937-43E3B45B094A}.Release|iPhoneSimulator.ActiveCfg = Release|Any CPU
		{60F654B8-774E-492D-8937-43E3B45B094A}.Release|Mixed Platforms.ActiveCfg = Release|Any CPU
		{60F654B8-774E-492D-8937-43E3B45B094A}.Release|Mixed Platforms.Build.0 = Release|Any CPU
		{60F654B8-774E-492D-8937-43E3B45B094A}.Release|x86.ActiveCfg = Release|Any CPU
		{9AD9DB55-93A9-46AB-966E-C734EB1A48C8}.Ad-Hoc|Any CPU.ActiveCfg = Release|Any CPU
		{9AD9DB55-93A9-46AB-966E-C734EB1A48C8}.Ad-Hoc|Any CPU.Build.0 = Release|Any CPU
		{9AD9DB55-93A9-46AB-966E-C734EB1A48C8}.Ad-Hoc|Any CPU.Deploy.0 = Release|Any CPU
		{9AD9DB55-93A9-46AB-966E-C734EB1A48C8}.Ad-Hoc|ARM.ActiveCfg = Release|Any CPU
		{9AD9DB55-93A9-46AB-966E-C734EB1A48C8}.Ad-Hoc|iPhone.ActiveCfg = Release|Any CPU
		{9AD9DB55-93A9-46AB-966E-C734EB1A48C8}.Ad-Hoc|iPhoneSimulator.ActiveCfg = Release|Any CPU
		{9AD9DB55-93A9-46AB-966E-C734EB1A48C8}.Ad-Hoc|Mixed Platforms.ActiveCfg = Release|Any CPU
		{9AD9DB55-93A9-46AB-966E-C734EB1A48C8}.Ad-Hoc|Mixed Platforms.Build.0 = Release|Any CPU
		{9AD9DB55-93A9-46AB-966E-C734EB1A48C8}.Ad-Hoc|Mixed Platforms.Deploy.0 = Release|Any CPU
		{9AD9DB55-93A9-46AB-966E-C734EB1A48C8}.Ad-Hoc|x86.ActiveCfg = Release|Any CPU
		{9AD9DB55-93A9-46AB-966E-C734EB1A48C8}.AppStore|Any CPU.ActiveCfg = Release|Any CPU
		{9AD9DB55-93A9-46AB-966E-C734EB1A48C8}.AppStore|Any CPU.Build.0 = Release|Any CPU
		{9AD9DB55-93A9-46AB-966E-C734EB1A48C8}.AppStore|Any CPU.Deploy.0 = Release|Any CPU
		{9AD9DB55-93A9-46AB-966E-C734EB1A48C8}.AppStore|ARM.ActiveCfg = Release|Any CPU
		{9AD9DB55-93A9-46AB-966E-C734EB1A48C8}.AppStore|iPhone.ActiveCfg = Release|Any CPU
		{9AD9DB55-93A9-46AB-966E-C734EB1A48C8}.AppStore|iPhoneSimulator.ActiveCfg = Release|Any CPU
		{9AD9DB55-93A9-46AB-966E-C734EB1A48C8}.AppStore|Mixed Platforms.ActiveCfg = Release|Any CPU
		{9AD9DB55-93A9-46AB-966E-C734EB1A48C8}.AppStore|Mixed Platforms.Build.0 = Release|Any CPU
		{9AD9DB55-93A9-46AB-966E-C734EB1A48C8}.AppStore|Mixed Platforms.Deploy.0 = Release|Any CPU
		{9AD9DB55-93A9-46AB-966E-C734EB1A48C8}.AppStore|x86.ActiveCfg = Release|Any CPU
		{9AD9DB55-93A9-46AB-966E-C734EB1A48C8}.Debug|Any CPU.ActiveCfg = Debug|Any CPU
		{9AD9DB55-93A9-46AB-966E-C734EB1A48C8}.Debug|Any CPU.Build.0 = Debug|Any CPU
		{9AD9DB55-93A9-46AB-966E-C734EB1A48C8}.Debug|Any CPU.Deploy.0 = Debug|Any CPU
		{9AD9DB55-93A9-46AB-966E-C734EB1A48C8}.Debug|ARM.ActiveCfg = Debug|Any CPU
		{9AD9DB55-93A9-46AB-966E-C734EB1A48C8}.Debug|iPhone.ActiveCfg = Debug|Any CPU
		{9AD9DB55-93A9-46AB-966E-C734EB1A48C8}.Debug|iPhoneSimulator.ActiveCfg = Debug|Any CPU
		{9AD9DB55-93A9-46AB-966E-C734EB1A48C8}.Debug|Mixed Platforms.ActiveCfg = Debug|Any CPU
		{9AD9DB55-93A9-46AB-966E-C734EB1A48C8}.Debug|Mixed Platforms.Build.0 = Debug|Any CPU
		{9AD9DB55-93A9-46AB-966E-C734EB1A48C8}.Debug|Mixed Platforms.Deploy.0 = Debug|Any CPU
		{9AD9DB55-93A9-46AB-966E-C734EB1A48C8}.Debug|x86.ActiveCfg = Debug|Any CPU
		{9AD9DB55-93A9-46AB-966E-C734EB1A48C8}.Release|Any CPU.ActiveCfg = Release|Any CPU
		{9AD9DB55-93A9-46AB-966E-C734EB1A48C8}.Release|Any CPU.Build.0 = Release|Any CPU
		{9AD9DB55-93A9-46AB-966E-C734EB1A48C8}.Release|Any CPU.Deploy.0 = Release|Any CPU
		{9AD9DB55-93A9-46AB-966E-C734EB1A48C8}.Release|ARM.ActiveCfg = Release|Any CPU
		{9AD9DB55-93A9-46AB-966E-C734EB1A48C8}.Release|iPhone.ActiveCfg = Release|Any CPU
		{9AD9DB55-93A9-46AB-966E-C734EB1A48C8}.Release|iPhoneSimulator.ActiveCfg = Release|Any CPU
		{9AD9DB55-93A9-46AB-966E-C734EB1A48C8}.Release|Mixed Platforms.ActiveCfg = Release|Any CPU
		{9AD9DB55-93A9-46AB-966E-C734EB1A48C8}.Release|Mixed Platforms.Build.0 = Release|Any CPU
		{9AD9DB55-93A9-46AB-966E-C734EB1A48C8}.Release|Mixed Platforms.Deploy.0 = Release|Any CPU
		{9AD9DB55-93A9-46AB-966E-C734EB1A48C8}.Release|x86.ActiveCfg = Release|Any CPU
		{FE86550B-E086-4834-8B04-DFE4DAB973EF}.Ad-Hoc|Any CPU.ActiveCfg = Ad-Hoc|iPhone
		{FE86550B-E086-4834-8B04-DFE4DAB973EF}.Ad-Hoc|ARM.ActiveCfg = Ad-Hoc|iPhone
		{FE86550B-E086-4834-8B04-DFE4DAB973EF}.Ad-Hoc|iPhone.ActiveCfg = Ad-Hoc|iPhone
		{FE86550B-E086-4834-8B04-DFE4DAB973EF}.Ad-Hoc|iPhone.Build.0 = Ad-Hoc|iPhone
		{FE86550B-E086-4834-8B04-DFE4DAB973EF}.Ad-Hoc|iPhone.Deploy.0 = Ad-Hoc|iPhone
		{FE86550B-E086-4834-8B04-DFE4DAB973EF}.Ad-Hoc|iPhoneSimulator.ActiveCfg = Ad-Hoc|iPhoneSimulator
		{FE86550B-E086-4834-8B04-DFE4DAB973EF}.Ad-Hoc|iPhoneSimulator.Build.0 = Ad-Hoc|iPhoneSimulator
		{FE86550B-E086-4834-8B04-DFE4DAB973EF}.Ad-Hoc|iPhoneSimulator.Deploy.0 = Ad-Hoc|iPhoneSimulator
		{FE86550B-E086-4834-8B04-DFE4DAB973EF}.Ad-Hoc|Mixed Platforms.ActiveCfg = Ad-Hoc|iPhone
		{FE86550B-E086-4834-8B04-DFE4DAB973EF}.Ad-Hoc|Mixed Platforms.Build.0 = Ad-Hoc|iPhone
		{FE86550B-E086-4834-8B04-DFE4DAB973EF}.Ad-Hoc|Mixed Platforms.Deploy.0 = Ad-Hoc|iPhone
		{FE86550B-E086-4834-8B04-DFE4DAB973EF}.Ad-Hoc|x86.ActiveCfg = Ad-Hoc|iPhone
		{FE86550B-E086-4834-8B04-DFE4DAB973EF}.AppStore|Any CPU.ActiveCfg = AppStore|iPhone
		{FE86550B-E086-4834-8B04-DFE4DAB973EF}.AppStore|ARM.ActiveCfg = AppStore|iPhone
		{FE86550B-E086-4834-8B04-DFE4DAB973EF}.AppStore|iPhone.ActiveCfg = AppStore|iPhone
		{FE86550B-E086-4834-8B04-DFE4DAB973EF}.AppStore|iPhone.Build.0 = AppStore|iPhone
		{FE86550B-E086-4834-8B04-DFE4DAB973EF}.AppStore|iPhone.Deploy.0 = AppStore|iPhone
		{FE86550B-E086-4834-8B04-DFE4DAB973EF}.AppStore|iPhoneSimulator.ActiveCfg = AppStore|iPhoneSimulator
		{FE86550B-E086-4834-8B04-DFE4DAB973EF}.AppStore|iPhoneSimulator.Build.0 = AppStore|iPhoneSimulator
		{FE86550B-E086-4834-8B04-DFE4DAB973EF}.AppStore|iPhoneSimulator.Deploy.0 = AppStore|iPhoneSimulator
		{FE86550B-E086-4834-8B04-DFE4DAB973EF}.AppStore|Mixed Platforms.ActiveCfg = AppStore|iPhone
		{FE86550B-E086-4834-8B04-DFE4DAB973EF}.AppStore|Mixed Platforms.Build.0 = AppStore|iPhone
		{FE86550B-E086-4834-8B04-DFE4DAB973EF}.AppStore|Mixed Platforms.Deploy.0 = AppStore|iPhone
		{FE86550B-E086-4834-8B04-DFE4DAB973EF}.AppStore|x86.ActiveCfg = AppStore|iPhone
		{FE86550B-E086-4834-8B04-DFE4DAB973EF}.Debug|Any CPU.ActiveCfg = Debug|iPhone
		{FE86550B-E086-4834-8B04-DFE4DAB973EF}.Debug|ARM.ActiveCfg = Debug|iPhone
		{FE86550B-E086-4834-8B04-DFE4DAB973EF}.Debug|iPhone.ActiveCfg = Debug|iPhone
		{FE86550B-E086-4834-8B04-DFE4DAB973EF}.Debug|iPhone.Build.0 = Debug|iPhone
		{FE86550B-E086-4834-8B04-DFE4DAB973EF}.Debug|iPhone.Deploy.0 = Debug|iPhone
		{FE86550B-E086-4834-8B04-DFE4DAB973EF}.Debug|iPhoneSimulator.ActiveCfg = Debug|iPhoneSimulator
		{FE86550B-E086-4834-8B04-DFE4DAB973EF}.Debug|iPhoneSimulator.Build.0 = Debug|iPhoneSimulator
		{FE86550B-E086-4834-8B04-DFE4DAB973EF}.Debug|iPhoneSimulator.Deploy.0 = Debug|iPhoneSimulator
		{FE86550B-E086-4834-8B04-DFE4DAB973EF}.Debug|Mixed Platforms.ActiveCfg = Debug|iPhone
		{FE86550B-E086-4834-8B04-DFE4DAB973EF}.Debug|Mixed Platforms.Build.0 = Debug|iPhone
		{FE86550B-E086-4834-8B04-DFE4DAB973EF}.Debug|Mixed Platforms.Deploy.0 = Debug|iPhone
		{FE86550B-E086-4834-8B04-DFE4DAB973EF}.Debug|x86.ActiveCfg = Debug|iPhone
		{FE86550B-E086-4834-8B04-DFE4DAB973EF}.Release|Any CPU.ActiveCfg = Release|iPhone
		{FE86550B-E086-4834-8B04-DFE4DAB973EF}.Release|ARM.ActiveCfg = Release|iPhone
		{FE86550B-E086-4834-8B04-DFE4DAB973EF}.Release|iPhone.ActiveCfg = Release|iPhone
		{FE86550B-E086-4834-8B04-DFE4DAB973EF}.Release|iPhone.Build.0 = Release|iPhone
		{FE86550B-E086-4834-8B04-DFE4DAB973EF}.Release|iPhone.Deploy.0 = Release|iPhone
		{FE86550B-E086-4834-8B04-DFE4DAB973EF}.Release|iPhoneSimulator.ActiveCfg = Release|iPhoneSimulator
		{FE86550B-E086-4834-8B04-DFE4DAB973EF}.Release|iPhoneSimulator.Build.0 = Release|iPhoneSimulator
		{FE86550B-E086-4834-8B04-DFE4DAB973EF}.Release|iPhoneSimulator.Deploy.0 = Release|iPhoneSimulator
		{FE86550B-E086-4834-8B04-DFE4DAB973EF}.Release|Mixed Platforms.ActiveCfg = Release|iPhone
		{FE86550B-E086-4834-8B04-DFE4DAB973EF}.Release|Mixed Platforms.Build.0 = Release|iPhone
		{FE86550B-E086-4834-8B04-DFE4DAB973EF}.Release|Mixed Platforms.Deploy.0 = Release|iPhone
		{FE86550B-E086-4834-8B04-DFE4DAB973EF}.Release|x86.ActiveCfg = Release|iPhone
	EndGlobalSection
	GlobalSection(SolutionProperties) = preSolution
		HideSolutionNode = FALSE
	EndGlobalSection
	GlobalSection(NestedProjects) = preSolution
		{60F654B8-774E-492D-8937-43E3B45B094A} = {DE78602D-05C7-419C-B49F-76204EA9D5CD}
		{9AD9DB55-93A9-46AB-966E-C734EB1A48C8} = {DE78602D-05C7-419C-B49F-76204EA9D5CD}
		{FE86550B-E086-4834-8B04-DFE4DAB973EF} = {DE78602D-05C7-419C-B49F-76204EA9D5CD}
	EndGlobalSection
EndGlobal
