
Microsoft Visual Studio Solution File, Format Version 12.00
# Visual Studio 14
VisualStudioVersion = 14.0.23107.0
MinimumVisualStudioVersion = 10.0.40219.1
Project("{FAE04EC0-301F-11D3-BF4B-00C04F79EFBC}") = "Share.Plugin", "Share\Share.Plugin\Share.Plugin.csproj", "{A6FCEF44-D2BA-42C7-B3CB-13667BCD7B54}"
EndProject
Project("{FAE04EC0-301F-11D3-BF4B-00C04F79EFBC}") = "Share.Plugin.Abstractions", "Share\Share.Plugin.Abstractions\Share.Plugin.Abstractions.csproj", "{6EDB0588-FFC5-4EF5-8A99-9E241D0F878D}"
EndProject
Project("{FAE04EC0-301F-11D3-BF4B-00C04F79EFBC}") = "Share.Plugin.iOSUnified", "Share\Share.Plugin.iOSUnified\Share.Plugin.iOSUnified.csproj", "{2882AEEB-D4CD-4EB9-8A6C-6653B33681F0}"
EndProject
Project("{FAE04EC0-301F-11D3-BF4B-00C04F79EFBC}") = "Share.Plugin.Android", "Share\Share.Plugin.Android\Share.Plugin.Android.csproj", "{56A56F17-7DE1-4CA1-9617-BF32E971AC84}"
EndProject
Project("{FAE04EC0-301F-11D3-BF4B-00C04F79EFBC}") = "Share.Plugin.WindowsPhone8", "Share\Share.Plugin.WindowsPhone8\Share.Plugin.WindowsPhone8.csproj", "{5876144B-47DD-4C4E-B421-BC03F191B996}"
EndProject
Project("{FAE04EC0-301F-11D3-BF4B-00C04F79EFBC}") = "Share.Plugin.WindowsPhone81", "Share\Share.Plugin.WindowsPhone81\Share.Plugin.WindowsPhone81.csproj", "{7169373F-0B82-4E5D-9129-7CC3065B90FA}"
EndProject
Project("{FAE04EC0-301F-11D3-BF4B-00C04F79EFBC}") = "Share.Plugin.WindowsStore", "Share\Share.Plugin.WindowsStore\Share.Plugin.WindowsStore.csproj", "{ED9A4CA1-C04C-457D-9A2E-7995CCF12356}"
EndProject
Project("{2150E333-8FDC-42A3-9474-1A3956D46DE8}") = "Solution Items", "Solution Items", "{72960D27-CDC8-47F6-A733-0B9D9CA3E2E2}"
	ProjectSection(SolutionItems) = preProject
		Share.Plugin.nuspec = Share.Plugin.nuspec
	EndProjectSection
EndProject
Project("{2150E333-8FDC-42A3-9474-1A3956D46DE8}") = "TestProjects", "TestProjects", "{EA2DEE94-9BEC-4CE0-8B9B-17A6BC0CE6F8}"
EndProject
Project("{FAE04EC0-301F-11D3-BF4B-00C04F79EFBC}") = "ShareTest.iOS", "ShareTest\ShareTest.iOS\ShareTest.iOS.csproj", "{2144DA75-8F4E-4C94-97DD-43DFEA1B6305}"
EndProject
Project("{FAE04EC0-301F-11D3-BF4B-00C04F79EFBC}") = "ShareTest.Droid", "ShareTest\ShareTest.Droid\ShareTest.Droid.csproj", "{401C3C4E-EB55-4F03-8E7F-94E5BA23EF64}"
EndProject
Project("{FAE04EC0-301F-11D3-BF4B-00C04F79EFBC}") = "ShareTest.WinPhone", "ShareTest\ShareTest.WinPhone\ShareTest.WinPhone.csproj", "{8680CC51-58A5-41AC-B00C-FFA83D155DC7}"
EndProject
Project("{FAE04EC0-301F-11D3-BF4B-00C04F79EFBC}") = "ShareTest", "ShareTest\ShareTest\ShareTest.csproj", "{0F183FA6-5A54-4CE7-810A-801937115DE3}"
EndProject
Global
	GlobalSection(SolutionConfigurationPlatforms) = preSolution
		Ad-Hoc|Any CPU = Ad-Hoc|Any CPU
		Ad-Hoc|ARM = Ad-Hoc|ARM
		Ad-Hoc|iPhone = Ad-Hoc|iPhone
		Ad-Hoc|iPhoneSimulator = Ad-Hoc|iPhoneSimulator
		Ad-Hoc|x64 = Ad-Hoc|x64
		Ad-Hoc|x86 = Ad-Hoc|x86
		AppStore|Any CPU = AppStore|Any CPU
		AppStore|ARM = AppStore|ARM
		AppStore|iPhone = AppStore|iPhone
		AppStore|iPhoneSimulator = AppStore|iPhoneSimulator
		AppStore|x64 = AppStore|x64
		AppStore|x86 = AppStore|x86
		Debug|Any CPU = Debug|Any CPU
		Debug|ARM = Debug|ARM
		Debug|iPhone = Debug|iPhone
		Debug|iPhoneSimulator = Debug|iPhoneSimulator
		Debug|x64 = Debug|x64
		Debug|x86 = Debug|x86
		Release|Any CPU = Release|Any CPU
		Release|ARM = Release|ARM
		Release|iPhone = Release|iPhone
		Release|iPhoneSimulator = Release|iPhoneSimulator
		Release|x64 = Release|x64
		Release|x86 = Release|x86
	EndGlobalSection
	GlobalSection(ProjectConfigurationPlatforms) = postSolution
		{A6FCEF44-D2BA-42C7-B3CB-13667BCD7B54}.Ad-Hoc|Any CPU.ActiveCfg = Release|Any CPU
		{A6FCEF44-D2BA-42C7-B3CB-13667BCD7B54}.Ad-Hoc|Any CPU.Build.0 = Release|Any CPU
		{A6FCEF44-D2BA-42C7-B3CB-13667BCD7B54}.Ad-Hoc|ARM.ActiveCfg = Release|Any CPU
		{A6FCEF44-D2BA-42C7-B3CB-13667BCD7B54}.Ad-Hoc|ARM.Build.0 = Release|Any CPU
		{A6FCEF44-D2BA-42C7-B3CB-13667BCD7B54}.Ad-Hoc|iPhone.ActiveCfg = Release|Any CPU
		{A6FCEF44-D2BA-42C7-B3CB-13667BCD7B54}.Ad-Hoc|iPhone.Build.0 = Release|Any CPU
		{A6FCEF44-D2BA-42C7-B3CB-13667BCD7B54}.Ad-Hoc|iPhoneSimulator.ActiveCfg = Release|Any CPU
		{A6FCEF44-D2BA-42C7-B3CB-13667BCD7B54}.Ad-Hoc|iPhoneSimulator.Build.0 = Release|Any CPU
		{A6FCEF44-D2BA-42C7-B3CB-13667BCD7B54}.Ad-Hoc|x64.ActiveCfg = Release|Any CPU
		{A6FCEF44-D2BA-42C7-B3CB-13667BCD7B54}.Ad-Hoc|x64.Build.0 = Release|Any CPU
		{A6FCEF44-D2BA-42C7-B3CB-13667BCD7B54}.Ad-Hoc|x86.ActiveCfg = Release|Any CPU
		{A6FCEF44-D2BA-42C7-B3CB-13667BCD7B54}.Ad-Hoc|x86.Build.0 = Release|Any CPU
		{A6FCEF44-D2BA-42C7-B3CB-13667BCD7B54}.AppStore|Any CPU.ActiveCfg = Release|Any CPU
		{A6FCEF44-D2BA-42C7-B3CB-13667BCD7B54}.AppStore|Any CPU.Build.0 = Release|Any CPU
		{A6FCEF44-D2BA-42C7-B3CB-13667BCD7B54}.AppStore|ARM.ActiveCfg = Release|Any CPU
		{A6FCEF44-D2BA-42C7-B3CB-13667BCD7B54}.AppStore|ARM.Build.0 = Release|Any CPU
		{A6FCEF44-D2BA-42C7-B3CB-13667BCD7B54}.AppStore|iPhone.ActiveCfg = Release|Any CPU
		{A6FCEF44-D2BA-42C7-B3CB-13667BCD7B54}.AppStore|iPhone.Build.0 = Release|Any CPU
		{A6FCEF44-D2BA-42C7-B3CB-13667BCD7B54}.AppStore|iPhoneSimulator.ActiveCfg = Release|Any CPU
		{A6FCEF44-D2BA-42C7-B3CB-13667BCD7B54}.AppStore|iPhoneSimulator.Build.0 = Release|Any CPU
		{A6FCEF44-D2BA-42C7-B3CB-13667BCD7B54}.AppStore|x64.ActiveCfg = Release|Any CPU
		{A6FCEF44-D2BA-42C7-B3CB-13667BCD7B54}.AppStore|x64.Build.0 = Release|Any CPU
		{A6FCEF44-D2BA-42C7-B3CB-13667BCD7B54}.AppStore|x86.ActiveCfg = Release|Any CPU
		{A6FCEF44-D2BA-42C7-B3CB-13667BCD7B54}.AppStore|x86.Build.0 = Release|Any CPU
		{A6FCEF44-D2BA-42C7-B3CB-13667BCD7B54}.Debug|Any CPU.ActiveCfg = Debug|Any CPU
		{A6FCEF44-D2BA-42C7-B3CB-13667BCD7B54}.Debug|Any CPU.Build.0 = Debug|Any CPU
		{A6FCEF44-D2BA-42C7-B3CB-13667BCD7B54}.Debug|ARM.ActiveCfg = Debug|Any CPU
		{A6FCEF44-D2BA-42C7-B3CB-13667BCD7B54}.Debug|ARM.Build.0 = Debug|Any CPU
		{A6FCEF44-D2BA-42C7-B3CB-13667BCD7B54}.Debug|iPhone.ActiveCfg = Debug|Any CPU
		{A6FCEF44-D2BA-42C7-B3CB-13667BCD7B54}.Debug|iPhone.Build.0 = Debug|Any CPU
		{A6FCEF44-D2BA-42C7-B3CB-13667BCD7B54}.Debug|iPhoneSimulator.ActiveCfg = Debug|Any CPU
		{A6FCEF44-D2BA-42C7-B3CB-13667BCD7B54}.Debug|iPhoneSimulator.Build.0 = Debug|Any CPU
		{A6FCEF44-D2BA-42C7-B3CB-13667BCD7B54}.Debug|x64.ActiveCfg = Debug|Any CPU
		{A6FCEF44-D2BA-42C7-B3CB-13667BCD7B54}.Debug|x64.Build.0 = Debug|Any CPU
		{A6FCEF44-D2BA-42C7-B3CB-13667BCD7B54}.Debug|x86.ActiveCfg = Debug|Any CPU
		{A6FCEF44-D2BA-42C7-B3CB-13667BCD7B54}.Debug|x86.Build.0 = Debug|Any CPU
		{A6FCEF44-D2BA-42C7-B3CB-13667BCD7B54}.Release|Any CPU.ActiveCfg = Release|Any CPU
		{A6FCEF44-D2BA-42C7-B3CB-13667BCD7B54}.Release|Any CPU.Build.0 = Release|Any CPU
		{A6FCEF44-D2BA-42C7-B3CB-13667BCD7B54}.Release|ARM.ActiveCfg = Release|Any CPU
		{A6FCEF44-D2BA-42C7-B3CB-13667BCD7B54}.Release|ARM.Build.0 = Release|Any CPU
		{A6FCEF44-D2BA-42C7-B3CB-13667BCD7B54}.Release|iPhone.ActiveCfg = Release|Any CPU
		{A6FCEF44-D2BA-42C7-B3CB-13667BCD7B54}.Release|iPhone.Build.0 = Release|Any CPU
		{A6FCEF44-D2BA-42C7-B3CB-13667BCD7B54}.Release|iPhoneSimulator.ActiveCfg = Release|Any CPU
		{A6FCEF44-D2BA-42C7-B3CB-13667BCD7B54}.Release|iPhoneSimulator.Build.0 = Release|Any CPU
		{A6FCEF44-D2BA-42C7-B3CB-13667BCD7B54}.Release|x64.ActiveCfg = Release|Any CPU
		{A6FCEF44-D2BA-42C7-B3CB-13667BCD7B54}.Release|x64.Build.0 = Release|Any CPU
		{A6FCEF44-D2BA-42C7-B3CB-13667BCD7B54}.Release|x86.ActiveCfg = Release|Any CPU
		{A6FCEF44-D2BA-42C7-B3CB-13667BCD7B54}.Release|x86.Build.0 = Release|Any CPU
		{6EDB0588-FFC5-4EF5-8A99-9E241D0F878D}.Ad-Hoc|Any CPU.ActiveCfg = Release|Any CPU
		{6EDB0588-FFC5-4EF5-8A99-9E241D0F878D}.Ad-Hoc|Any CPU.Build.0 = Release|Any CPU
		{6EDB0588-FFC5-4EF5-8A99-9E241D0F878D}.Ad-Hoc|ARM.ActiveCfg = Release|Any CPU
		{6EDB0588-FFC5-4EF5-8A99-9E241D0F878D}.Ad-Hoc|ARM.Build.0 = Release|Any CPU
		{6EDB0588-FFC5-4EF5-8A99-9E241D0F878D}.Ad-Hoc|iPhone.ActiveCfg = Release|Any CPU
		{6EDB0588-FFC5-4EF5-8A99-9E241D0F878D}.Ad-Hoc|iPhone.Build.0 = Release|Any CPU
		{6EDB0588-FFC5-4EF5-8A99-9E241D0F878D}.Ad-Hoc|iPhoneSimulator.ActiveCfg = Release|Any CPU
		{6EDB0588-FFC5-4EF5-8A99-9E241D0F878D}.Ad-Hoc|iPhoneSimulator.Build.0 = Release|Any CPU
		{6EDB0588-FFC5-4EF5-8A99-9E241D0F878D}.Ad-Hoc|x64.ActiveCfg = Release|Any CPU
		{6EDB0588-FFC5-4EF5-8A99-9E241D0F878D}.Ad-Hoc|x64.Build.0 = Release|Any CPU
		{6EDB0588-FFC5-4EF5-8A99-9E241D0F878D}.Ad-Hoc|x86.ActiveCfg = Release|Any CPU
		{6EDB0588-FFC5-4EF5-8A99-9E241D0F878D}.Ad-Hoc|x86.Build.0 = Release|Any CPU
		{6EDB0588-FFC5-4EF5-8A99-9E241D0F878D}.AppStore|Any CPU.ActiveCfg = Release|Any CPU
		{6EDB0588-FFC5-4EF5-8A99-9E241D0F878D}.AppStore|Any CPU.Build.0 = Release|Any CPU
		{6EDB0588-FFC5-4EF5-8A99-9E241D0F878D}.AppStore|ARM.ActiveCfg = Release|Any CPU
		{6EDB0588-FFC5-4EF5-8A99-9E241D0F878D}.AppStore|ARM.Build.0 = Release|Any CPU
		{6EDB0588-FFC5-4EF5-8A99-9E241D0F878D}.AppStore|iPhone.ActiveCfg = Release|Any CPU
		{6EDB0588-FFC5-4EF5-8A99-9E241D0F878D}.AppStore|iPhone.Build.0 = Release|Any CPU
		{6EDB0588-FFC5-4EF5-8A99-9E241D0F878D}.AppStore|iPhoneSimulator.ActiveCfg = Release|Any CPU
		{6EDB0588-FFC5-4EF5-8A99-9E241D0F878D}.AppStore|iPhoneSimulator.Build.0 = Release|Any CPU
		{6EDB0588-FFC5-4EF5-8A99-9E241D0F878D}.AppStore|x64.ActiveCfg = Release|Any CPU
		{6EDB0588-FFC5-4EF5-8A99-9E241D0F878D}.AppStore|x64.Build.0 = Release|Any CPU
		{6EDB0588-FFC5-4EF5-8A99-9E241D0F878D}.AppStore|x86.ActiveCfg = Release|Any CPU
		{6EDB0588-FFC5-4EF5-8A99-9E241D0F878D}.AppStore|x86.Build.0 = Release|Any CPU
		{6EDB0588-FFC5-4EF5-8A99-9E241D0F878D}.Debug|Any CPU.ActiveCfg = Debug|Any CPU
		{6EDB0588-FFC5-4EF5-8A99-9E241D0F878D}.Debug|Any CPU.Build.0 = Debug|Any CPU
		{6EDB0588-FFC5-4EF5-8A99-9E241D0F878D}.Debug|ARM.ActiveCfg = Debug|Any CPU
		{6EDB0588-FFC5-4EF5-8A99-9E241D0F878D}.Debug|ARM.Build.0 = Debug|Any CPU
		{6EDB0588-FFC5-4EF5-8A99-9E241D0F878D}.Debug|iPhone.ActiveCfg = Debug|Any CPU
		{6EDB0588-FFC5-4EF5-8A99-9E241D0F878D}.Debug|iPhone.Build.0 = Debug|Any CPU
		{6EDB0588-FFC5-4EF5-8A99-9E241D0F878D}.Debug|iPhoneSimulator.ActiveCfg = Debug|Any CPU
		{6EDB0588-FFC5-4EF5-8A99-9E241D0F878D}.Debug|iPhoneSimulator.Build.0 = Debug|Any CPU
		{6EDB0588-FFC5-4EF5-8A99-9E241D0F878D}.Debug|x64.ActiveCfg = Debug|Any CPU
		{6EDB0588-FFC5-4EF5-8A99-9E241D0F878D}.Debug|x64.Build.0 = Debug|Any CPU
		{6EDB0588-FFC5-4EF5-8A99-9E241D0F878D}.Debug|x86.ActiveCfg = Debug|Any CPU
		{6EDB0588-FFC5-4EF5-8A99-9E241D0F878D}.Debug|x86.Build.0 = Debug|Any CPU
		{6EDB0588-FFC5-4EF5-8A99-9E241D0F878D}.Release|Any CPU.ActiveCfg = Release|Any CPU
		{6EDB0588-FFC5-4EF5-8A99-9E241D0F878D}.Release|Any CPU.Build.0 = Release|Any CPU
		{6EDB0588-FFC5-4EF5-8A99-9E241D0F878D}.Release|ARM.ActiveCfg = Release|Any CPU
		{6EDB0588-FFC5-4EF5-8A99-9E241D0F878D}.Release|ARM.Build.0 = Release|Any CPU
		{6EDB0588-FFC5-4EF5-8A99-9E241D0F878D}.Release|iPhone.ActiveCfg = Release|Any CPU
		{6EDB0588-FFC5-4EF5-8A99-9E241D0F878D}.Release|iPhone.Build.0 = Release|Any CPU
		{6EDB0588-FFC5-4EF5-8A99-9E241D0F878D}.Release|iPhoneSimulator.ActiveCfg = Release|Any CPU
		{6EDB0588-FFC5-4EF5-8A99-9E241D0F878D}.Release|iPhoneSimulator.Build.0 = Release|Any CPU
		{6EDB0588-FFC5-4EF5-8A99-9E241D0F878D}.Release|x64.ActiveCfg = Release|Any CPU
		{6EDB0588-FFC5-4EF5-8A99-9E241D0F878D}.Release|x64.Build.0 = Release|Any CPU
		{6EDB0588-FFC5-4EF5-8A99-9E241D0F878D}.Release|x86.ActiveCfg = Release|Any CPU
		{6EDB0588-FFC5-4EF5-8A99-9E241D0F878D}.Release|x86.Build.0 = Release|Any CPU
		{2882AEEB-D4CD-4EB9-8A6C-6653B33681F0}.Ad-Hoc|Any CPU.ActiveCfg = Release|Any CPU
		{2882AEEB-D4CD-4EB9-8A6C-6653B33681F0}.Ad-Hoc|Any CPU.Build.0 = Release|Any CPU
		{2882AEEB-D4CD-4EB9-8A6C-6653B33681F0}.Ad-Hoc|ARM.ActiveCfg = Release|Any CPU
		{2882AEEB-D4CD-4EB9-8A6C-6653B33681F0}.Ad-Hoc|ARM.Build.0 = Release|Any CPU
		{2882AEEB-D4CD-4EB9-8A6C-6653B33681F0}.Ad-Hoc|iPhone.ActiveCfg = Release|Any CPU
		{2882AEEB-D4CD-4EB9-8A6C-6653B33681F0}.Ad-Hoc|iPhone.Build.0 = Release|Any CPU
		{2882AEEB-D4CD-4EB9-8A6C-6653B33681F0}.Ad-Hoc|iPhoneSimulator.ActiveCfg = Release|Any CPU
		{2882AEEB-D4CD-4EB9-8A6C-6653B33681F0}.Ad-Hoc|iPhoneSimulator.Build.0 = Release|Any CPU
		{2882AEEB-D4CD-4EB9-8A6C-6653B33681F0}.Ad-Hoc|x64.ActiveCfg = Release|Any CPU
		{2882AEEB-D4CD-4EB9-8A6C-6653B33681F0}.Ad-Hoc|x64.Build.0 = Release|Any CPU
		{2882AEEB-D4CD-4EB9-8A6C-6653B33681F0}.Ad-Hoc|x86.ActiveCfg = Release|Any CPU
		{2882AEEB-D4CD-4EB9-8A6C-6653B33681F0}.Ad-Hoc|x86.Build.0 = Release|Any CPU
		{2882AEEB-D4CD-4EB9-8A6C-6653B33681F0}.AppStore|Any CPU.ActiveCfg = Release|Any CPU
		{2882AEEB-D4CD-4EB9-8A6C-6653B33681F0}.AppStore|Any CPU.Build.0 = Release|Any CPU
		{2882AEEB-D4CD-4EB9-8A6C-6653B33681F0}.AppStore|ARM.ActiveCfg = Release|Any CPU
		{2882AEEB-D4CD-4EB9-8A6C-6653B33681F0}.AppStore|ARM.Build.0 = Release|Any CPU
		{2882AEEB-D4CD-4EB9-8A6C-6653B33681F0}.AppStore|iPhone.ActiveCfg = Release|Any CPU
		{2882AEEB-D4CD-4EB9-8A6C-6653B33681F0}.AppStore|iPhone.Build.0 = Release|Any CPU
		{2882AEEB-D4CD-4EB9-8A6C-6653B33681F0}.AppStore|iPhoneSimulator.ActiveCfg = Release|Any CPU
		{2882AEEB-D4CD-4EB9-8A6C-6653B33681F0}.AppStore|iPhoneSimulator.Build.0 = Release|Any CPU
		{2882AEEB-D4CD-4EB9-8A6C-6653B33681F0}.AppStore|x64.ActiveCfg = Release|Any CPU
		{2882AEEB-D4CD-4EB9-8A6C-6653B33681F0}.AppStore|x64.Build.0 = Release|Any CPU
		{2882AEEB-D4CD-4EB9-8A6C-6653B33681F0}.AppStore|x86.ActiveCfg = Release|Any CPU
		{2882AEEB-D4CD-4EB9-8A6C-6653B33681F0}.AppStore|x86.Build.0 = Release|Any CPU
		{2882AEEB-D4CD-4EB9-8A6C-6653B33681F0}.Debug|Any CPU.ActiveCfg = Debug|Any CPU
		{2882AEEB-D4CD-4EB9-8A6C-6653B33681F0}.Debug|Any CPU.Build.0 = Debug|Any CPU
		{2882AEEB-D4CD-4EB9-8A6C-6653B33681F0}.Debug|ARM.ActiveCfg = Debug|Any CPU
		{2882AEEB-D4CD-4EB9-8A6C-6653B33681F0}.Debug|ARM.Build.0 = Debug|Any CPU
		{2882AEEB-D4CD-4EB9-8A6C-6653B33681F0}.Debug|iPhone.ActiveCfg = Debug|Any CPU
		{2882AEEB-D4CD-4EB9-8A6C-6653B33681F0}.Debug|iPhone.Build.0 = Debug|Any CPU
		{2882AEEB-D4CD-4EB9-8A6C-6653B33681F0}.Debug|iPhoneSimulator.ActiveCfg = Debug|Any CPU
		{2882AEEB-D4CD-4EB9-8A6C-6653B33681F0}.Debug|iPhoneSimulator.Build.0 = Debug|Any CPU
		{2882AEEB-D4CD-4EB9-8A6C-6653B33681F0}.Debug|x64.ActiveCfg = Debug|Any CPU
		{2882AEEB-D4CD-4EB9-8A6C-6653B33681F0}.Debug|x64.Build.0 = Debug|Any CPU
		{2882AEEB-D4CD-4EB9-8A6C-6653B33681F0}.Debug|x86.ActiveCfg = Debug|Any CPU
		{2882AEEB-D4CD-4EB9-8A6C-6653B33681F0}.Debug|x86.Build.0 = Debug|Any CPU
		{2882AEEB-D4CD-4EB9-8A6C-6653B33681F0}.Release|Any CPU.ActiveCfg = Release|Any CPU
		{2882AEEB-D4CD-4EB9-8A6C-6653B33681F0}.Release|Any CPU.Build.0 = Release|Any CPU
		{2882AEEB-D4CD-4EB9-8A6C-6653B33681F0}.Release|ARM.ActiveCfg = Release|Any CPU
		{2882AEEB-D4CD-4EB9-8A6C-6653B33681F0}.Release|ARM.Build.0 = Release|Any CPU
		{2882AEEB-D4CD-4EB9-8A6C-6653B33681F0}.Release|iPhone.ActiveCfg = Release|Any CPU
		{2882AEEB-D4CD-4EB9-8A6C-6653B33681F0}.Release|iPhone.Build.0 = Release|Any CPU
		{2882AEEB-D4CD-4EB9-8A6C-6653B33681F0}.Release|iPhoneSimulator.ActiveCfg = Release|Any CPU
		{2882AEEB-D4CD-4EB9-8A6C-6653B33681F0}.Release|iPhoneSimulator.Build.0 = Release|Any CPU
		{2882AEEB-D4CD-4EB9-8A6C-6653B33681F0}.Release|x64.ActiveCfg = Release|Any CPU
		{2882AEEB-D4CD-4EB9-8A6C-6653B33681F0}.Release|x64.Build.0 = Release|Any CPU
		{2882AEEB-D4CD-4EB9-8A6C-6653B33681F0}.Release|x86.ActiveCfg = Release|Any CPU
		{2882AEEB-D4CD-4EB9-8A6C-6653B33681F0}.Release|x86.Build.0 = Release|Any CPU
		{56A56F17-7DE1-4CA1-9617-BF32E971AC84}.Ad-Hoc|Any CPU.ActiveCfg = Release|Any CPU
		{56A56F17-7DE1-4CA1-9617-BF32E971AC84}.Ad-Hoc|Any CPU.Build.0 = Release|Any CPU
		{56A56F17-7DE1-4CA1-9617-BF32E971AC84}.Ad-Hoc|ARM.ActiveCfg = Release|Any CPU
		{56A56F17-7DE1-4CA1-9617-BF32E971AC84}.Ad-Hoc|ARM.Build.0 = Release|Any CPU
		{56A56F17-7DE1-4CA1-9617-BF32E971AC84}.Ad-Hoc|iPhone.ActiveCfg = Release|Any CPU
		{56A56F17-7DE1-4CA1-9617-BF32E971AC84}.Ad-Hoc|iPhone.Build.0 = Release|Any CPU
		{56A56F17-7DE1-4CA1-9617-BF32E971AC84}.Ad-Hoc|iPhoneSimulator.ActiveCfg = Release|Any CPU
		{56A56F17-7DE1-4CA1-9617-BF32E971AC84}.Ad-Hoc|iPhoneSimulator.Build.0 = Release|Any CPU
		{56A56F17-7DE1-4CA1-9617-BF32E971AC84}.Ad-Hoc|x64.ActiveCfg = Release|Any CPU
		{56A56F17-7DE1-4CA1-9617-BF32E971AC84}.Ad-Hoc|x64.Build.0 = Release|Any CPU
		{56A56F17-7DE1-4CA1-9617-BF32E971AC84}.Ad-Hoc|x86.ActiveCfg = Release|Any CPU
		{56A56F17-7DE1-4CA1-9617-BF32E971AC84}.Ad-Hoc|x86.Build.0 = Release|Any CPU
		{56A56F17-7DE1-4CA1-9617-BF32E971AC84}.AppStore|Any CPU.ActiveCfg = Release|Any CPU
		{56A56F17-7DE1-4CA1-9617-BF32E971AC84}.AppStore|Any CPU.Build.0 = Release|Any CPU
		{56A56F17-7DE1-4CA1-9617-BF32E971AC84}.AppStore|ARM.ActiveCfg = Release|Any CPU
		{56A56F17-7DE1-4CA1-9617-BF32E971AC84}.AppStore|ARM.Build.0 = Release|Any CPU
		{56A56F17-7DE1-4CA1-9617-BF32E971AC84}.AppStore|iPhone.ActiveCfg = Release|Any CPU
		{56A56F17-7DE1-4CA1-9617-BF32E971AC84}.AppStore|iPhone.Build.0 = Release|Any CPU
		{56A56F17-7DE1-4CA1-9617-BF32E971AC84}.AppStore|iPhoneSimulator.ActiveCfg = Release|Any CPU
		{56A56F17-7DE1-4CA1-9617-BF32E971AC84}.AppStore|iPhoneSimulator.Build.0 = Release|Any CPU
		{56A56F17-7DE1-4CA1-9617-BF32E971AC84}.AppStore|x64.ActiveCfg = Release|Any CPU
		{56A56F17-7DE1-4CA1-9617-BF32E971AC84}.AppStore|x64.Build.0 = Release|Any CPU
		{56A56F17-7DE1-4CA1-9617-BF32E971AC84}.AppStore|x86.ActiveCfg = Release|Any CPU
		{56A56F17-7DE1-4CA1-9617-BF32E971AC84}.AppStore|x86.Build.0 = Release|Any CPU
		{56A56F17-7DE1-4CA1-9617-BF32E971AC84}.Debug|Any CPU.ActiveCfg = Debug|Any CPU
		{56A56F17-7DE1-4CA1-9617-BF32E971AC84}.Debug|Any CPU.Build.0 = Debug|Any CPU
		{56A56F17-7DE1-4CA1-9617-BF32E971AC84}.Debug|ARM.ActiveCfg = Debug|Any CPU
		{56A56F17-7DE1-4CA1-9617-BF32E971AC84}.Debug|ARM.Build.0 = Debug|Any CPU
		{56A56F17-7DE1-4CA1-9617-BF32E971AC84}.Debug|iPhone.ActiveCfg = Debug|Any CPU
		{56A56F17-7DE1-4CA1-9617-BF32E971AC84}.Debug|iPhone.Build.0 = Debug|Any CPU
		{56A56F17-7DE1-4CA1-9617-BF32E971AC84}.Debug|iPhoneSimulator.ActiveCfg = Debug|Any CPU
		{56A56F17-7DE1-4CA1-9617-BF32E971AC84}.Debug|iPhoneSimulator.Build.0 = Debug|Any CPU
		{56A56F17-7DE1-4CA1-9617-BF32E971AC84}.Debug|x64.ActiveCfg = Debug|Any CPU
		{56A56F17-7DE1-4CA1-9617-BF32E971AC84}.Debug|x64.Build.0 = Debug|Any CPU
		{56A56F17-7DE1-4CA1-9617-BF32E971AC84}.Debug|x86.ActiveCfg = Debug|Any CPU
		{56A56F17-7DE1-4CA1-9617-BF32E971AC84}.Debug|x86.Build.0 = Debug|Any CPU
		{56A56F17-7DE1-4CA1-9617-BF32E971AC84}.Release|Any CPU.ActiveCfg = Release|Any CPU
		{56A56F17-7DE1-4CA1-9617-BF32E971AC84}.Release|Any CPU.Build.0 = Release|Any CPU
		{56A56F17-7DE1-4CA1-9617-BF32E971AC84}.Release|ARM.ActiveCfg = Release|Any CPU
		{56A56F17-7DE1-4CA1-9617-BF32E971AC84}.Release|ARM.Build.0 = Release|Any CPU
		{56A56F17-7DE1-4CA1-9617-BF32E971AC84}.Release|iPhone.ActiveCfg = Release|Any CPU
		{56A56F17-7DE1-4CA1-9617-BF32E971AC84}.Release|iPhone.Build.0 = Release|Any CPU
		{56A56F17-7DE1-4CA1-9617-BF32E971AC84}.Release|iPhoneSimulator.ActiveCfg = Release|Any CPU
		{56A56F17-7DE1-4CA1-9617-BF32E971AC84}.Release|iPhoneSimulator.Build.0 = Release|Any CPU
		{56A56F17-7DE1-4CA1-9617-BF32E971AC84}.Release|x64.ActiveCfg = Release|Any CPU
		{56A56F17-7DE1-4CA1-9617-BF32E971AC84}.Release|x64.Build.0 = Release|Any CPU
		{56A56F17-7DE1-4CA1-9617-BF32E971AC84}.Release|x86.ActiveCfg = Release|Any CPU
		{56A56F17-7DE1-4CA1-9617-BF32E971AC84}.Release|x86.Build.0 = Release|Any CPU
		{5876144B-47DD-4C4E-B421-BC03F191B996}.Ad-Hoc|Any CPU.ActiveCfg = Release|Any CPU
		{5876144B-47DD-4C4E-B421-BC03F191B996}.Ad-Hoc|Any CPU.Build.0 = Release|Any CPU
		{5876144B-47DD-4C4E-B421-BC03F191B996}.Ad-Hoc|ARM.ActiveCfg = Release|ARM
		{5876144B-47DD-4C4E-B421-BC03F191B996}.Ad-Hoc|ARM.Build.0 = Release|ARM
		{5876144B-47DD-4C4E-B421-BC03F191B996}.Ad-Hoc|iPhone.ActiveCfg = Release|Any CPU
		{5876144B-47DD-4C4E-B421-BC03F191B996}.Ad-Hoc|iPhone.Build.0 = Release|Any CPU
		{5876144B-47DD-4C4E-B421-BC03F191B996}.Ad-Hoc|iPhoneSimulator.ActiveCfg = Release|Any CPU
		{5876144B-47DD-4C4E-B421-BC03F191B996}.Ad-Hoc|iPhoneSimulator.Build.0 = Release|Any CPU
		{5876144B-47DD-4C4E-B421-BC03F191B996}.Ad-Hoc|x64.ActiveCfg = Release|Any CPU
		{5876144B-47DD-4C4E-B421-BC03F191B996}.Ad-Hoc|x64.Build.0 = Release|Any CPU
		{5876144B-47DD-4C4E-B421-BC03F191B996}.Ad-Hoc|x86.ActiveCfg = Release|x86
		{5876144B-47DD-4C4E-B421-BC03F191B996}.Ad-Hoc|x86.Build.0 = Release|x86
		{5876144B-47DD-4C4E-B421-BC03F191B996}.AppStore|Any CPU.ActiveCfg = Release|Any CPU
		{5876144B-47DD-4C4E-B421-BC03F191B996}.AppStore|Any CPU.Build.0 = Release|Any CPU
		{5876144B-47DD-4C4E-B421-BC03F191B996}.AppStore|ARM.ActiveCfg = Release|ARM
		{5876144B-47DD-4C4E-B421-BC03F191B996}.AppStore|ARM.Build.0 = Release|ARM
		{5876144B-47DD-4C4E-B421-BC03F191B996}.AppStore|iPhone.ActiveCfg = Release|Any CPU
		{5876144B-47DD-4C4E-B421-BC03F191B996}.AppStore|iPhone.Build.0 = Release|Any CPU
		{5876144B-47DD-4C4E-B421-BC03F191B996}.AppStore|iPhoneSimulator.ActiveCfg = Release|Any CPU
		{5876144B-47DD-4C4E-B421-BC03F191B996}.AppStore|iPhoneSimulator.Build.0 = Release|Any CPU
		{5876144B-47DD-4C4E-B421-BC03F191B996}.AppStore|x64.ActiveCfg = Release|Any CPU
		{5876144B-47DD-4C4E-B421-BC03F191B996}.AppStore|x64.Build.0 = Release|Any CPU
		{5876144B-47DD-4C4E-B421-BC03F191B996}.AppStore|x86.ActiveCfg = Release|x86
		{5876144B-47DD-4C4E-B421-BC03F191B996}.AppStore|x86.Build.0 = Release|x86
		{5876144B-47DD-4C4E-B421-BC03F191B996}.Debug|Any CPU.ActiveCfg = Debug|Any CPU
		{5876144B-47DD-4C4E-B421-BC03F191B996}.Debug|Any CPU.Build.0 = Debug|Any CPU
		{5876144B-47DD-4C4E-B421-BC03F191B996}.Debug|ARM.ActiveCfg = Debug|ARM
		{5876144B-47DD-4C4E-B421-BC03F191B996}.Debug|ARM.Build.0 = Debug|ARM
		{5876144B-47DD-4C4E-B421-BC03F191B996}.Debug|iPhone.ActiveCfg = Debug|Any CPU
		{5876144B-47DD-4C4E-B421-BC03F191B996}.Debug|iPhone.Build.0 = Debug|Any CPU
		{5876144B-47DD-4C4E-B421-BC03F191B996}.Debug|iPhoneSimulator.ActiveCfg = Debug|Any CPU
		{5876144B-47DD-4C4E-B421-BC03F191B996}.Debug|iPhoneSimulator.Build.0 = Debug|Any CPU
		{5876144B-47DD-4C4E-B421-BC03F191B996}.Debug|x64.ActiveCfg = Debug|Any CPU
		{5876144B-47DD-4C4E-B421-BC03F191B996}.Debug|x64.Build.0 = Debug|Any CPU
		{5876144B-47DD-4C4E-B421-BC03F191B996}.Debug|x86.ActiveCfg = Debug|x86
		{5876144B-47DD-4C4E-B421-BC03F191B996}.Debug|x86.Build.0 = Debug|x86
		{5876144B-47DD-4C4E-B421-BC03F191B996}.Release|Any CPU.ActiveCfg = Release|Any CPU
		{5876144B-47DD-4C4E-B421-BC03F191B996}.Release|Any CPU.Build.0 = Release|Any CPU
		{5876144B-47DD-4C4E-B421-BC03F191B996}.Release|ARM.ActiveCfg = Release|ARM
		{5876144B-47DD-4C4E-B421-BC03F191B996}.Release|ARM.Build.0 = Release|ARM
		{5876144B-47DD-4C4E-B421-BC03F191B996}.Release|iPhone.ActiveCfg = Release|Any CPU
		{5876144B-47DD-4C4E-B421-BC03F191B996}.Release|iPhone.Build.0 = Release|Any CPU
		{5876144B-47DD-4C4E-B421-BC03F191B996}.Release|iPhoneSimulator.ActiveCfg = Release|Any CPU
		{5876144B-47DD-4C4E-B421-BC03F191B996}.Release|iPhoneSimulator.Build.0 = Release|Any CPU
		{5876144B-47DD-4C4E-B421-BC03F191B996}.Release|x64.ActiveCfg = Release|Any CPU
		{5876144B-47DD-4C4E-B421-BC03F191B996}.Release|x64.Build.0 = Release|Any CPU
		{5876144B-47DD-4C4E-B421-BC03F191B996}.Release|x86.ActiveCfg = Release|x86
		{5876144B-47DD-4C4E-B421-BC03F191B996}.Release|x86.Build.0 = Release|x86
		{7169373F-0B82-4E5D-9129-7CC3065B90FA}.Ad-Hoc|Any CPU.ActiveCfg = Release|Any CPU
		{7169373F-0B82-4E5D-9129-7CC3065B90FA}.Ad-Hoc|Any CPU.Build.0 = Release|Any CPU
		{7169373F-0B82-4E5D-9129-7CC3065B90FA}.Ad-Hoc|ARM.ActiveCfg = Release|ARM
		{7169373F-0B82-4E5D-9129-7CC3065B90FA}.Ad-Hoc|ARM.Build.0 = Release|ARM
		{7169373F-0B82-4E5D-9129-7CC3065B90FA}.Ad-Hoc|iPhone.ActiveCfg = Release|Any CPU
		{7169373F-0B82-4E5D-9129-7CC3065B90FA}.Ad-Hoc|iPhone.Build.0 = Release|Any CPU
		{7169373F-0B82-4E5D-9129-7CC3065B90FA}.Ad-Hoc|iPhoneSimulator.ActiveCfg = Release|Any CPU
		{7169373F-0B82-4E5D-9129-7CC3065B90FA}.Ad-Hoc|iPhoneSimulator.Build.0 = Release|Any CPU
		{7169373F-0B82-4E5D-9129-7CC3065B90FA}.Ad-Hoc|x64.ActiveCfg = Release|Any CPU
		{7169373F-0B82-4E5D-9129-7CC3065B90FA}.Ad-Hoc|x64.Build.0 = Release|Any CPU
		{7169373F-0B82-4E5D-9129-7CC3065B90FA}.Ad-Hoc|x86.ActiveCfg = Release|x86
		{7169373F-0B82-4E5D-9129-7CC3065B90FA}.Ad-Hoc|x86.Build.0 = Release|x86
		{7169373F-0B82-4E5D-9129-7CC3065B90FA}.AppStore|Any CPU.ActiveCfg = Release|Any CPU
		{7169373F-0B82-4E5D-9129-7CC3065B90FA}.AppStore|Any CPU.Build.0 = Release|Any CPU
		{7169373F-0B82-4E5D-9129-7CC3065B90FA}.AppStore|ARM.ActiveCfg = Release|ARM
		{7169373F-0B82-4E5D-9129-7CC3065B90FA}.AppStore|ARM.Build.0 = Release|ARM
		{7169373F-0B82-4E5D-9129-7CC3065B90FA}.AppStore|iPhone.ActiveCfg = Release|Any CPU
		{7169373F-0B82-4E5D-9129-7CC3065B90FA}.AppStore|iPhone.Build.0 = Release|Any CPU
		{7169373F-0B82-4E5D-9129-7CC3065B90FA}.AppStore|iPhoneSimulator.ActiveCfg = Release|Any CPU
		{7169373F-0B82-4E5D-9129-7CC3065B90FA}.AppStore|iPhoneSimulator.Build.0 = Release|Any CPU
		{7169373F-0B82-4E5D-9129-7CC3065B90FA}.AppStore|x64.ActiveCfg = Release|Any CPU
		{7169373F-0B82-4E5D-9129-7CC3065B90FA}.AppStore|x64.Build.0 = Release|Any CPU
		{7169373F-0B82-4E5D-9129-7CC3065B90FA}.AppStore|x86.ActiveCfg = Release|x86
		{7169373F-0B82-4E5D-9129-7CC3065B90FA}.AppStore|x86.Build.0 = Release|x86
		{7169373F-0B82-4E5D-9129-7CC3065B90FA}.Debug|Any CPU.ActiveCfg = Debug|Any CPU
		{7169373F-0B82-4E5D-9129-7CC3065B90FA}.Debug|Any CPU.Build.0 = Debug|Any CPU
		{7169373F-0B82-4E5D-9129-7CC3065B90FA}.Debug|ARM.ActiveCfg = Debug|ARM
		{7169373F-0B82-4E5D-9129-7CC3065B90FA}.Debug|ARM.Build.0 = Debug|ARM
		{7169373F-0B82-4E5D-9129-7CC3065B90FA}.Debug|iPhone.ActiveCfg = Debug|Any CPU
		{7169373F-0B82-4E5D-9129-7CC3065B90FA}.Debug|iPhone.Build.0 = Debug|Any CPU
		{7169373F-0B82-4E5D-9129-7CC3065B90FA}.Debug|iPhoneSimulator.ActiveCfg = Debug|Any CPU
		{7169373F-0B82-4E5D-9129-7CC3065B90FA}.Debug|iPhoneSimulator.Build.0 = Debug|Any CPU
		{7169373F-0B82-4E5D-9129-7CC3065B90FA}.Debug|x64.ActiveCfg = Debug|Any CPU
		{7169373F-0B82-4E5D-9129-7CC3065B90FA}.Debug|x64.Build.0 = Debug|Any CPU
		{7169373F-0B82-4E5D-9129-7CC3065B90FA}.Debug|x86.ActiveCfg = Debug|x86
		{7169373F-0B82-4E5D-9129-7CC3065B90FA}.Debug|x86.Build.0 = Debug|x86
		{7169373F-0B82-4E5D-9129-7CC3065B90FA}.Release|Any CPU.ActiveCfg = Release|Any CPU
		{7169373F-0B82-4E5D-9129-7CC3065B90FA}.Release|Any CPU.Build.0 = Release|Any CPU
		{7169373F-0B82-4E5D-9129-7CC3065B90FA}.Release|ARM.ActiveCfg = Release|ARM
		{7169373F-0B82-4E5D-9129-7CC3065B90FA}.Release|ARM.Build.0 = Release|ARM
		{7169373F-0B82-4E5D-9129-7CC3065B90FA}.Release|iPhone.ActiveCfg = Release|Any CPU
		{7169373F-0B82-4E5D-9129-7CC3065B90FA}.Release|iPhone.Build.0 = Release|Any CPU
		{7169373F-0B82-4E5D-9129-7CC3065B90FA}.Release|iPhoneSimulator.ActiveCfg = Release|Any CPU
		{7169373F-0B82-4E5D-9129-7CC3065B90FA}.Release|iPhoneSimulator.Build.0 = Release|Any CPU
		{7169373F-0B82-4E5D-9129-7CC3065B90FA}.Release|x64.ActiveCfg = Release|Any CPU
		{7169373F-0B82-4E5D-9129-7CC3065B90FA}.Release|x64.Build.0 = Release|Any CPU
		{7169373F-0B82-4E5D-9129-7CC3065B90FA}.Release|x86.ActiveCfg = Release|x86
		{7169373F-0B82-4E5D-9129-7CC3065B90FA}.Release|x86.Build.0 = Release|x86
		{ED9A4CA1-C04C-457D-9A2E-7995CCF12356}.Ad-Hoc|Any CPU.ActiveCfg = Release|Any CPU
		{ED9A4CA1-C04C-457D-9A2E-7995CCF12356}.Ad-Hoc|Any CPU.Build.0 = Release|Any CPU
		{ED9A4CA1-C04C-457D-9A2E-7995CCF12356}.Ad-Hoc|ARM.ActiveCfg = Release|ARM
		{ED9A4CA1-C04C-457D-9A2E-7995CCF12356}.Ad-Hoc|ARM.Build.0 = Release|ARM
		{ED9A4CA1-C04C-457D-9A2E-7995CCF12356}.Ad-Hoc|iPhone.ActiveCfg = Release|Any CPU
		{ED9A4CA1-C04C-457D-9A2E-7995CCF12356}.Ad-Hoc|iPhone.Build.0 = Release|Any CPU
		{ED9A4CA1-C04C-457D-9A2E-7995CCF12356}.Ad-Hoc|iPhoneSimulator.ActiveCfg = Release|Any CPU
		{ED9A4CA1-C04C-457D-9A2E-7995CCF12356}.Ad-Hoc|iPhoneSimulator.Build.0 = Release|Any CPU
		{ED9A4CA1-C04C-457D-9A2E-7995CCF12356}.Ad-Hoc|x64.ActiveCfg = Release|x64
		{ED9A4CA1-C04C-457D-9A2E-7995CCF12356}.Ad-Hoc|x64.Build.0 = Release|x64
		{ED9A4CA1-C04C-457D-9A2E-7995CCF12356}.Ad-Hoc|x86.ActiveCfg = Release|x86
		{ED9A4CA1-C04C-457D-9A2E-7995CCF12356}.Ad-Hoc|x86.Build.0 = Release|x86
		{ED9A4CA1-C04C-457D-9A2E-7995CCF12356}.AppStore|Any CPU.ActiveCfg = Release|Any CPU
		{ED9A4CA1-C04C-457D-9A2E-7995CCF12356}.AppStore|Any CPU.Build.0 = Release|Any CPU
		{ED9A4CA1-C04C-457D-9A2E-7995CCF12356}.AppStore|ARM.ActiveCfg = Release|ARM
		{ED9A4CA1-C04C-457D-9A2E-7995CCF12356}.AppStore|ARM.Build.0 = Release|ARM
		{ED9A4CA1-C04C-457D-9A2E-7995CCF12356}.AppStore|iPhone.ActiveCfg = Release|Any CPU
		{ED9A4CA1-C04C-457D-9A2E-7995CCF12356}.AppStore|iPhone.Build.0 = Release|Any CPU
		{ED9A4CA1-C04C-457D-9A2E-7995CCF12356}.AppStore|iPhoneSimulator.ActiveCfg = Release|Any CPU
		{ED9A4CA1-C04C-457D-9A2E-7995CCF12356}.AppStore|iPhoneSimulator.Build.0 = Release|Any CPU
		{ED9A4CA1-C04C-457D-9A2E-7995CCF12356}.AppStore|x64.ActiveCfg = Release|x64
		{ED9A4CA1-C04C-457D-9A2E-7995CCF12356}.AppStore|x64.Build.0 = Release|x64
		{ED9A4CA1-C04C-457D-9A2E-7995CCF12356}.AppStore|x86.ActiveCfg = Release|x86
		{ED9A4CA1-C04C-457D-9A2E-7995CCF12356}.AppStore|x86.Build.0 = Release|x86
		{ED9A4CA1-C04C-457D-9A2E-7995CCF12356}.Debug|Any CPU.ActiveCfg = Debug|Any CPU
		{ED9A4CA1-C04C-457D-9A2E-7995CCF12356}.Debug|Any CPU.Build.0 = Debug|Any CPU
		{ED9A4CA1-C04C-457D-9A2E-7995CCF12356}.Debug|ARM.ActiveCfg = Debug|ARM
		{ED9A4CA1-C04C-457D-9A2E-7995CCF12356}.Debug|ARM.Build.0 = Debug|ARM
		{ED9A4CA1-C04C-457D-9A2E-7995CCF12356}.Debug|iPhone.ActiveCfg = Debug|Any CPU
		{ED9A4CA1-C04C-457D-9A2E-7995CCF12356}.Debug|iPhone.Build.0 = Debug|Any CPU
		{ED9A4CA1-C04C-457D-9A2E-7995CCF12356}.Debug|iPhoneSimulator.ActiveCfg = Debug|Any CPU
		{ED9A4CA1-C04C-457D-9A2E-7995CCF12356}.Debug|iPhoneSimulator.Build.0 = Debug|Any CPU
		{ED9A4CA1-C04C-457D-9A2E-7995CCF12356}.Debug|x64.ActiveCfg = Debug|x64
		{ED9A4CA1-C04C-457D-9A2E-7995CCF12356}.Debug|x64.Build.0 = Debug|x64
		{ED9A4CA1-C04C-457D-9A2E-7995CCF12356}.Debug|x86.ActiveCfg = Debug|x86
		{ED9A4CA1-C04C-457D-9A2E-7995CCF12356}.Debug|x86.Build.0 = Debug|x86
		{ED9A4CA1-C04C-457D-9A2E-7995CCF12356}.Release|Any CPU.ActiveCfg = Release|Any CPU
		{ED9A4CA1-C04C-457D-9A2E-7995CCF12356}.Release|Any CPU.Build.0 = Release|Any CPU
		{ED9A4CA1-C04C-457D-9A2E-7995CCF12356}.Release|ARM.ActiveCfg = Release|ARM
		{ED9A4CA1-C04C-457D-9A2E-7995CCF12356}.Release|ARM.Build.0 = Release|ARM
		{ED9A4CA1-C04C-457D-9A2E-7995CCF12356}.Release|iPhone.ActiveCfg = Release|Any CPU
		{ED9A4CA1-C04C-457D-9A2E-7995CCF12356}.Release|iPhone.Build.0 = Release|Any CPU
		{ED9A4CA1-C04C-457D-9A2E-7995CCF12356}.Release|iPhoneSimulator.ActiveCfg = Release|Any CPU
		{ED9A4CA1-C04C-457D-9A2E-7995CCF12356}.Release|iPhoneSimulator.Build.0 = Release|Any CPU
		{ED9A4CA1-C04C-457D-9A2E-7995CCF12356}.Release|x64.ActiveCfg = Release|x64
		{ED9A4CA1-C04C-457D-9A2E-7995CCF12356}.Release|x64.Build.0 = Release|x64
		{ED9A4CA1-C04C-457D-9A2E-7995CCF12356}.Release|x86.ActiveCfg = Release|x86
		{ED9A4CA1-C04C-457D-9A2E-7995CCF12356}.Release|x86.Build.0 = Release|x86
		{2144DA75-8F4E-4C94-97DD-43DFEA1B6305}.Ad-Hoc|Any CPU.ActiveCfg = Ad-Hoc|iPhone
		{2144DA75-8F4E-4C94-97DD-43DFEA1B6305}.Ad-Hoc|ARM.ActiveCfg = Ad-Hoc|iPhone
		{2144DA75-8F4E-4C94-97DD-43DFEA1B6305}.Ad-Hoc|iPhone.ActiveCfg = Ad-Hoc|iPhone
		{2144DA75-8F4E-4C94-97DD-43DFEA1B6305}.Ad-Hoc|iPhone.Build.0 = Ad-Hoc|iPhone
		{2144DA75-8F4E-4C94-97DD-43DFEA1B6305}.Ad-Hoc|iPhoneSimulator.ActiveCfg = Ad-Hoc|iPhoneSimulator
		{2144DA75-8F4E-4C94-97DD-43DFEA1B6305}.Ad-Hoc|iPhoneSimulator.Build.0 = Ad-Hoc|iPhoneSimulator
		{2144DA75-8F4E-4C94-97DD-43DFEA1B6305}.Ad-Hoc|x64.ActiveCfg = Ad-Hoc|iPhone
		{2144DA75-8F4E-4C94-97DD-43DFEA1B6305}.Ad-Hoc|x86.ActiveCfg = Ad-Hoc|iPhone
		{2144DA75-8F4E-4C94-97DD-43DFEA1B6305}.AppStore|Any CPU.ActiveCfg = AppStore|iPhone
		{2144DA75-8F4E-4C94-97DD-43DFEA1B6305}.AppStore|ARM.ActiveCfg = AppStore|iPhone
		{2144DA75-8F4E-4C94-97DD-43DFEA1B6305}.AppStore|iPhone.ActiveCfg = AppStore|iPhone
		{2144DA75-8F4E-4C94-97DD-43DFEA1B6305}.AppStore|iPhone.Build.0 = AppStore|iPhone
		{2144DA75-8F4E-4C94-97DD-43DFEA1B6305}.AppStore|iPhoneSimulator.ActiveCfg = AppStore|iPhoneSimulator
		{2144DA75-8F4E-4C94-97DD-43DFEA1B6305}.AppStore|iPhoneSimulator.Build.0 = AppStore|iPhoneSimulator
		{2144DA75-8F4E-4C94-97DD-43DFEA1B6305}.AppStore|x64.ActiveCfg = AppStore|iPhone
		{2144DA75-8F4E-4C94-97DD-43DFEA1B6305}.AppStore|x86.ActiveCfg = AppStore|iPhone
		{2144DA75-8F4E-4C94-97DD-43DFEA1B6305}.Debug|Any CPU.ActiveCfg = Debug|iPhone
		{2144DA75-8F4E-4C94-97DD-43DFEA1B6305}.Debug|ARM.ActiveCfg = Debug|iPhone
		{2144DA75-8F4E-4C94-97DD-43DFEA1B6305}.Debug|iPhone.ActiveCfg = Debug|iPhone
		{2144DA75-8F4E-4C94-97DD-43DFEA1B6305}.Debug|iPhone.Build.0 = Debug|iPhone
		{2144DA75-8F4E-4C94-97DD-43DFEA1B6305}.Debug|iPhoneSimulator.ActiveCfg = Debug|iPhoneSimulator
		{2144DA75-8F4E-4C94-97DD-43DFEA1B6305}.Debug|iPhoneSimulator.Build.0 = Debug|iPhoneSimulator
		{2144DA75-8F4E-4C94-97DD-43DFEA1B6305}.Debug|x64.ActiveCfg = Debug|iPhone
		{2144DA75-8F4E-4C94-97DD-43DFEA1B6305}.Debug|x86.ActiveCfg = Debug|iPhone
		{2144DA75-8F4E-4C94-97DD-43DFEA1B6305}.Release|Any CPU.ActiveCfg = Release|iPhone
		{2144DA75-8F4E-4C94-97DD-43DFEA1B6305}.Release|ARM.ActiveCfg = Release|iPhone
		{2144DA75-8F4E-4C94-97DD-43DFEA1B6305}.Release|iPhone.ActiveCfg = Release|iPhone
		{2144DA75-8F4E-4C94-97DD-43DFEA1B6305}.Release|iPhone.Build.0 = Release|iPhone
		{2144DA75-8F4E-4C94-97DD-43DFEA1B6305}.Release|iPhoneSimulator.ActiveCfg = Release|iPhoneSimulator
		{2144DA75-8F4E-4C94-97DD-43DFEA1B6305}.Release|iPhoneSimulator.Build.0 = Release|iPhoneSimulator
		{2144DA75-8F4E-4C94-97DD-43DFEA1B6305}.Release|x64.ActiveCfg = Release|iPhone
		{2144DA75-8F4E-4C94-97DD-43DFEA1B6305}.Release|x86.ActiveCfg = Release|iPhone
		{401C3C4E-EB55-4F03-8E7F-94E5BA23EF64}.Ad-Hoc|Any CPU.ActiveCfg = Release|Any CPU
		{401C3C4E-EB55-4F03-8E7F-94E5BA23EF64}.Ad-Hoc|Any CPU.Build.0 = Release|Any CPU
		{401C3C4E-EB55-4F03-8E7F-94E5BA23EF64}.Ad-Hoc|Any CPU.Deploy.0 = Release|Any CPU
		{401C3C4E-EB55-4F03-8E7F-94E5BA23EF64}.Ad-Hoc|ARM.ActiveCfg = Release|Any CPU
		{401C3C4E-EB55-4F03-8E7F-94E5BA23EF64}.Ad-Hoc|ARM.Build.0 = Release|Any CPU
		{401C3C4E-EB55-4F03-8E7F-94E5BA23EF64}.Ad-Hoc|ARM.Deploy.0 = Release|Any CPU
		{401C3C4E-EB55-4F03-8E7F-94E5BA23EF64}.Ad-Hoc|iPhone.ActiveCfg = Release|Any CPU
		{401C3C4E-EB55-4F03-8E7F-94E5BA23EF64}.Ad-Hoc|iPhone.Build.0 = Release|Any CPU
		{401C3C4E-EB55-4F03-8E7F-94E5BA23EF64}.Ad-Hoc|iPhone.Deploy.0 = Release|Any CPU
		{401C3C4E-EB55-4F03-8E7F-94E5BA23EF64}.Ad-Hoc|iPhoneSimulator.ActiveCfg = Release|Any CPU
		{401C3C4E-EB55-4F03-8E7F-94E5BA23EF64}.Ad-Hoc|iPhoneSimulator.Build.0 = Release|Any CPU
		{401C3C4E-EB55-4F03-8E7F-94E5BA23EF64}.Ad-Hoc|iPhoneSimulator.Deploy.0 = Release|Any CPU
		{401C3C4E-EB55-4F03-8E7F-94E5BA23EF64}.Ad-Hoc|x64.ActiveCfg = Release|Any CPU
		{401C3C4E-EB55-4F03-8E7F-94E5BA23EF64}.Ad-Hoc|x64.Build.0 = Release|Any CPU
		{401C3C4E-EB55-4F03-8E7F-94E5BA23EF64}.Ad-Hoc|x64.Deploy.0 = Release|Any CPU
		{401C3C4E-EB55-4F03-8E7F-94E5BA23EF64}.Ad-Hoc|x86.ActiveCfg = Release|Any CPU
		{401C3C4E-EB55-4F03-8E7F-94E5BA23EF64}.Ad-Hoc|x86.Build.0 = Release|Any CPU
		{401C3C4E-EB55-4F03-8E7F-94E5BA23EF64}.Ad-Hoc|x86.Deploy.0 = Release|Any CPU
		{401C3C4E-EB55-4F03-8E7F-94E5BA23EF64}.AppStore|Any CPU.ActiveCfg = Release|Any CPU
		{401C3C4E-EB55-4F03-8E7F-94E5BA23EF64}.AppStore|Any CPU.Build.0 = Release|Any CPU
		{401C3C4E-EB55-4F03-8E7F-94E5BA23EF64}.AppStore|Any CPU.Deploy.0 = Release|Any CPU
		{401C3C4E-EB55-4F03-8E7F-94E5BA23EF64}.AppStore|ARM.ActiveCfg = Release|Any CPU
		{401C3C4E-EB55-4F03-8E7F-94E5BA23EF64}.AppStore|ARM.Build.0 = Release|Any CPU
		{401C3C4E-EB55-4F03-8E7F-94E5BA23EF64}.AppStore|ARM.Deploy.0 = Release|Any CPU
		{401C3C4E-EB55-4F03-8E7F-94E5BA23EF64}.AppStore|iPhone.ActiveCfg = Release|Any CPU
		{401C3C4E-EB55-4F03-8E7F-94E5BA23EF64}.AppStore|iPhone.Build.0 = Release|Any CPU
		{401C3C4E-EB55-4F03-8E7F-94E5BA23EF64}.AppStore|iPhone.Deploy.0 = Release|Any CPU
		{401C3C4E-EB55-4F03-8E7F-94E5BA23EF64}.AppStore|iPhoneSimulator.ActiveCfg = Release|Any CPU
		{401C3C4E-EB55-4F03-8E7F-94E5BA23EF64}.AppStore|iPhoneSimulator.Build.0 = Release|Any CPU
		{401C3C4E-EB55-4F03-8E7F-94E5BA23EF64}.AppStore|iPhoneSimulator.Deploy.0 = Release|Any CPU
		{401C3C4E-EB55-4F03-8E7F-94E5BA23EF64}.AppStore|x64.ActiveCfg = Release|Any CPU
		{401C3C4E-EB55-4F03-8E7F-94E5BA23EF64}.AppStore|x64.Build.0 = Release|Any CPU
		{401C3C4E-EB55-4F03-8E7F-94E5BA23EF64}.AppStore|x64.Deploy.0 = Release|Any CPU
		{401C3C4E-EB55-4F03-8E7F-94E5BA23EF64}.AppStore|x86.ActiveCfg = Release|Any CPU
		{401C3C4E-EB55-4F03-8E7F-94E5BA23EF64}.AppStore|x86.Build.0 = Release|Any CPU
		{401C3C4E-EB55-4F03-8E7F-94E5BA23EF64}.AppStore|x86.Deploy.0 = Release|Any CPU
		{401C3C4E-EB55-4F03-8E7F-94E5BA23EF64}.Debug|Any CPU.ActiveCfg = Debug|Any CPU
		{401C3C4E-EB55-4F03-8E7F-94E5BA23EF64}.Debug|Any CPU.Build.0 = Debug|Any CPU
		{401C3C4E-EB55-4F03-8E7F-94E5BA23EF64}.Debug|Any CPU.Deploy.0 = Debug|Any CPU
		{401C3C4E-EB55-4F03-8E7F-94E5BA23EF64}.Debug|ARM.ActiveCfg = Debug|Any CPU
		{401C3C4E-EB55-4F03-8E7F-94E5BA23EF64}.Debug|ARM.Build.0 = Debug|Any CPU
		{401C3C4E-EB55-4F03-8E7F-94E5BA23EF64}.Debug|ARM.Deploy.0 = Debug|Any CPU
		{401C3C4E-EB55-4F03-8E7F-94E5BA23EF64}.Debug|iPhone.ActiveCfg = Debug|Any CPU
		{401C3C4E-EB55-4F03-8E7F-94E5BA23EF64}.Debug|iPhone.Build.0 = Debug|Any CPU
		{401C3C4E-EB55-4F03-8E7F-94E5BA23EF64}.Debug|iPhone.Deploy.0 = Debug|Any CPU
		{401C3C4E-EB55-4F03-8E7F-94E5BA23EF64}.Debug|iPhoneSimulator.ActiveCfg = Debug|Any CPU
		{401C3C4E-EB55-4F03-8E7F-94E5BA23EF64}.Debug|iPhoneSimulator.Build.0 = Debug|Any CPU
		{401C3C4E-EB55-4F03-8E7F-94E5BA23EF64}.Debug|iPhoneSimulator.Deploy.0 = Debug|Any CPU
		{401C3C4E-EB55-4F03-8E7F-94E5BA23EF64}.Debug|x64.ActiveCfg = Debug|Any CPU
		{401C3C4E-EB55-4F03-8E7F-94E5BA23EF64}.Debug|x64.Build.0 = Debug|Any CPU
		{401C3C4E-EB55-4F03-8E7F-94E5BA23EF64}.Debug|x64.Deploy.0 = Debug|Any CPU
		{401C3C4E-EB55-4F03-8E7F-94E5BA23EF64}.Debug|x86.ActiveCfg = Debug|Any CPU
		{401C3C4E-EB55-4F03-8E7F-94E5BA23EF64}.Debug|x86.Build.0 = Debug|Any CPU
		{401C3C4E-EB55-4F03-8E7F-94E5BA23EF64}.Debug|x86.Deploy.0 = Debug|Any CPU
		{401C3C4E-EB55-4F03-8E7F-94E5BA23EF64}.Release|Any CPU.ActiveCfg = Release|Any CPU
		{401C3C4E-EB55-4F03-8E7F-94E5BA23EF64}.Release|Any CPU.Build.0 = Release|Any CPU
		{401C3C4E-EB55-4F03-8E7F-94E5BA23EF64}.Release|Any CPU.Deploy.0 = Release|Any CPU
		{401C3C4E-EB55-4F03-8E7F-94E5BA23EF64}.Release|ARM.ActiveCfg = Release|Any CPU
		{401C3C4E-EB55-4F03-8E7F-94E5BA23EF64}.Release|ARM.Build.0 = Release|Any CPU
		{401C3C4E-EB55-4F03-8E7F-94E5BA23EF64}.Release|ARM.Deploy.0 = Release|Any CPU
		{401C3C4E-EB55-4F03-8E7F-94E5BA23EF64}.Release|iPhone.ActiveCfg = Release|Any CPU
		{401C3C4E-EB55-4F03-8E7F-94E5BA23EF64}.Release|iPhone.Build.0 = Release|Any CPU
		{401C3C4E-EB55-4F03-8E7F-94E5BA23EF64}.Release|iPhone.Deploy.0 = Release|Any CPU
		{401C3C4E-EB55-4F03-8E7F-94E5BA23EF64}.Release|iPhoneSimulator.ActiveCfg = Release|Any CPU
		{401C3C4E-EB55-4F03-8E7F-94E5BA23EF64}.Release|iPhoneSimulator.Build.0 = Release|Any CPU
		{401C3C4E-EB55-4F03-8E7F-94E5BA23EF64}.Release|iPhoneSimulator.Deploy.0 = Release|Any CPU
		{401C3C4E-EB55-4F03-8E7F-94E5BA23EF64}.Release|x64.ActiveCfg = Release|Any CPU
		{401C3C4E-EB55-4F03-8E7F-94E5BA23EF64}.Release|x64.Build.0 = Release|Any CPU
		{401C3C4E-EB55-4F03-8E7F-94E5BA23EF64}.Release|x64.Deploy.0 = Release|Any CPU
		{401C3C4E-EB55-4F03-8E7F-94E5BA23EF64}.Release|x86.ActiveCfg = Release|Any CPU
		{401C3C4E-EB55-4F03-8E7F-94E5BA23EF64}.Release|x86.Build.0 = Release|Any CPU
		{401C3C4E-EB55-4F03-8E7F-94E5BA23EF64}.Release|x86.Deploy.0 = Release|Any CPU
		{8680CC51-58A5-41AC-B00C-FFA83D155DC7}.Ad-Hoc|Any CPU.ActiveCfg = Release|Any CPU
		{8680CC51-58A5-41AC-B00C-FFA83D155DC7}.Ad-Hoc|Any CPU.Build.0 = Release|Any CPU
		{8680CC51-58A5-41AC-B00C-FFA83D155DC7}.Ad-Hoc|Any CPU.Deploy.0 = Release|Any CPU
		{8680CC51-58A5-41AC-B00C-FFA83D155DC7}.Ad-Hoc|ARM.ActiveCfg = Release|ARM
		{8680CC51-58A5-41AC-B00C-FFA83D155DC7}.Ad-Hoc|ARM.Build.0 = Release|ARM
		{8680CC51-58A5-41AC-B00C-FFA83D155DC7}.Ad-Hoc|ARM.Deploy.0 = Release|ARM
		{8680CC51-58A5-41AC-B00C-FFA83D155DC7}.Ad-Hoc|iPhone.ActiveCfg = Release|Any CPU
		{8680CC51-58A5-41AC-B00C-FFA83D155DC7}.Ad-Hoc|iPhone.Build.0 = Release|Any CPU
		{8680CC51-58A5-41AC-B00C-FFA83D155DC7}.Ad-Hoc|iPhone.Deploy.0 = Release|Any CPU
		{8680CC51-58A5-41AC-B00C-FFA83D155DC7}.Ad-Hoc|iPhoneSimulator.ActiveCfg = Release|Any CPU
		{8680CC51-58A5-41AC-B00C-FFA83D155DC7}.Ad-Hoc|iPhoneSimulator.Build.0 = Release|Any CPU
		{8680CC51-58A5-41AC-B00C-FFA83D155DC7}.Ad-Hoc|iPhoneSimulator.Deploy.0 = Release|Any CPU
		{8680CC51-58A5-41AC-B00C-FFA83D155DC7}.Ad-Hoc|x64.ActiveCfg = Release|Any CPU
		{8680CC51-58A5-41AC-B00C-FFA83D155DC7}.Ad-Hoc|x64.Build.0 = Release|Any CPU
		{8680CC51-58A5-41AC-B00C-FFA83D155DC7}.Ad-Hoc|x64.Deploy.0 = Release|Any CPU
		{8680CC51-58A5-41AC-B00C-FFA83D155DC7}.Ad-Hoc|x86.ActiveCfg = Release|x86
		{8680CC51-58A5-41AC-B00C-FFA83D155DC7}.Ad-Hoc|x86.Build.0 = Release|x86
		{8680CC51-58A5-41AC-B00C-FFA83D155DC7}.Ad-Hoc|x86.Deploy.0 = Release|x86
		{8680CC51-58A5-41AC-B00C-FFA83D155DC7}.AppStore|Any CPU.ActiveCfg = Release|Any CPU
		{8680CC51-58A5-41AC-B00C-FFA83D155DC7}.AppStore|Any CPU.Build.0 = Release|Any CPU
		{8680CC51-58A5-41AC-B00C-FFA83D155DC7}.AppStore|Any CPU.Deploy.0 = Release|Any CPU
		{8680CC51-58A5-41AC-B00C-FFA83D155DC7}.AppStore|ARM.ActiveCfg = Release|ARM
		{8680CC51-58A5-41AC-B00C-FFA83D155DC7}.AppStore|ARM.Build.0 = Release|ARM
		{8680CC51-58A5-41AC-B00C-FFA83D155DC7}.AppStore|ARM.Deploy.0 = Release|ARM
		{8680CC51-58A5-41AC-B00C-FFA83D155DC7}.AppStore|iPhone.ActiveCfg = Release|Any CPU
		{8680CC51-58A5-41AC-B00C-FFA83D155DC7}.AppStore|iPhone.Build.0 = Release|Any CPU
		{8680CC51-58A5-41AC-B00C-FFA83D155DC7}.AppStore|iPhone.Deploy.0 = Release|Any CPU
		{8680CC51-58A5-41AC-B00C-FFA83D155DC7}.AppStore|iPhoneSimulator.ActiveCfg = Release|Any CPU
		{8680CC51-58A5-41AC-B00C-FFA83D155DC7}.AppStore|iPhoneSimulator.Build.0 = Release|Any CPU
		{8680CC51-58A5-41AC-B00C-FFA83D155DC7}.AppStore|iPhoneSimulator.Deploy.0 = Release|Any CPU
		{8680CC51-58A5-41AC-B00C-FFA83D155DC7}.AppStore|x64.ActiveCfg = Release|Any CPU
		{8680CC51-58A5-41AC-B00C-FFA83D155DC7}.AppStore|x64.Build.0 = Release|Any CPU
		{8680CC51-58A5-41AC-B00C-FFA83D155DC7}.AppStore|x64.Deploy.0 = Release|Any CPU
		{8680CC51-58A5-41AC-B00C-FFA83D155DC7}.AppStore|x86.ActiveCfg = Release|x86
		{8680CC51-58A5-41AC-B00C-FFA83D155DC7}.AppStore|x86.Build.0 = Release|x86
		{8680CC51-58A5-41AC-B00C-FFA83D155DC7}.AppStore|x86.Deploy.0 = Release|x86
		{8680CC51-58A5-41AC-B00C-FFA83D155DC7}.Debug|Any CPU.ActiveCfg = Debug|Any CPU
		{8680CC51-58A5-41AC-B00C-FFA83D155DC7}.Debug|Any CPU.Build.0 = Debug|Any CPU
		{8680CC51-58A5-41AC-B00C-FFA83D155DC7}.Debug|Any CPU.Deploy.0 = Debug|Any CPU
		{8680CC51-58A5-41AC-B00C-FFA83D155DC7}.Debug|ARM.ActiveCfg = Debug|ARM
		{8680CC51-58A5-41AC-B00C-FFA83D155DC7}.Debug|ARM.Build.0 = Debug|ARM
		{8680CC51-58A5-41AC-B00C-FFA83D155DC7}.Debug|ARM.Deploy.0 = Debug|ARM
		{8680CC51-58A5-41AC-B00C-FFA83D155DC7}.Debug|iPhone.ActiveCfg = Debug|Any CPU
		{8680CC51-58A5-41AC-B00C-FFA83D155DC7}.Debug|iPhone.Build.0 = Debug|Any CPU
		{8680CC51-58A5-41AC-B00C-FFA83D155DC7}.Debug|iPhone.Deploy.0 = Debug|Any CPU
		{8680CC51-58A5-41AC-B00C-FFA83D155DC7}.Debug|iPhoneSimulator.ActiveCfg = Debug|Any CPU
		{8680CC51-58A5-41AC-B00C-FFA83D155DC7}.Debug|iPhoneSimulator.Build.0 = Debug|Any CPU
		{8680CC51-58A5-41AC-B00C-FFA83D155DC7}.Debug|iPhoneSimulator.Deploy.0 = Debug|Any CPU
		{8680CC51-58A5-41AC-B00C-FFA83D155DC7}.Debug|x64.ActiveCfg = Debug|Any CPU
		{8680CC51-58A5-41AC-B00C-FFA83D155DC7}.Debug|x64.Build.0 = Debug|Any CPU
		{8680CC51-58A5-41AC-B00C-FFA83D155DC7}.Debug|x64.Deploy.0 = Debug|Any CPU
		{8680CC51-58A5-41AC-B00C-FFA83D155DC7}.Debug|x86.ActiveCfg = Debug|x86
		{8680CC51-58A5-41AC-B00C-FFA83D155DC7}.Debug|x86.Build.0 = Debug|x86
		{8680CC51-58A5-41AC-B00C-FFA83D155DC7}.Debug|x86.Deploy.0 = Debug|x86
		{8680CC51-58A5-41AC-B00C-FFA83D155DC7}.Release|Any CPU.ActiveCfg = Release|Any CPU
		{8680CC51-58A5-41AC-B00C-FFA83D155DC7}.Release|Any CPU.Build.0 = Release|Any CPU
		{8680CC51-58A5-41AC-B00C-FFA83D155DC7}.Release|Any CPU.Deploy.0 = Release|Any CPU
		{8680CC51-58A5-41AC-B00C-FFA83D155DC7}.Release|ARM.ActiveCfg = Release|ARM
		{8680CC51-58A5-41AC-B00C-FFA83D155DC7}.Release|ARM.Build.0 = Release|ARM
		{8680CC51-58A5-41AC-B00C-FFA83D155DC7}.Release|ARM.Deploy.0 = Release|ARM
		{8680CC51-58A5-41AC-B00C-FFA83D155DC7}.Release|iPhone.ActiveCfg = Release|Any CPU
		{8680CC51-58A5-41AC-B00C-FFA83D155DC7}.Release|iPhone.Build.0 = Release|Any CPU
		{8680CC51-58A5-41AC-B00C-FFA83D155DC7}.Release|iPhone.Deploy.0 = Release|Any CPU
		{8680CC51-58A5-41AC-B00C-FFA83D155DC7}.Release|iPhoneSimulator.ActiveCfg = Release|Any CPU
		{8680CC51-58A5-41AC-B00C-FFA83D155DC7}.Release|iPhoneSimulator.Build.0 = Release|Any CPU
		{8680CC51-58A5-41AC-B00C-FFA83D155DC7}.Release|iPhoneSimulator.Deploy.0 = Release|Any CPU
		{8680CC51-58A5-41AC-B00C-FFA83D155DC7}.Release|x64.ActiveCfg = Release|Any CPU
		{8680CC51-58A5-41AC-B00C-FFA83D155DC7}.Release|x64.Build.0 = Release|Any CPU
		{8680CC51-58A5-41AC-B00C-FFA83D155DC7}.Release|x64.Deploy.0 = Release|Any CPU
		{8680CC51-58A5-41AC-B00C-FFA83D155DC7}.Release|x86.ActiveCfg = Release|x86
		{8680CC51-58A5-41AC-B00C-FFA83D155DC7}.Release|x86.Build.0 = Release|x86
		{8680CC51-58A5-41AC-B00C-FFA83D155DC7}.Release|x86.Deploy.0 = Release|x86
		{0F183FA6-5A54-4CE7-810A-801937115DE3}.Ad-Hoc|Any CPU.ActiveCfg = Release|Any CPU
		{0F183FA6-5A54-4CE7-810A-801937115DE3}.Ad-Hoc|Any CPU.Build.0 = Release|Any CPU
		{0F183FA6-5A54-4CE7-810A-801937115DE3}.Ad-Hoc|ARM.ActiveCfg = Release|Any CPU
		{0F183FA6-5A54-4CE7-810A-801937115DE3}.Ad-Hoc|ARM.Build.0 = Release|Any CPU
		{0F183FA6-5A54-4CE7-810A-801937115DE3}.Ad-Hoc|iPhone.ActiveCfg = Release|Any CPU
		{0F183FA6-5A54-4CE7-810A-801937115DE3}.Ad-Hoc|iPhone.Build.0 = Release|Any CPU
		{0F183FA6-5A54-4CE7-810A-801937115DE3}.Ad-Hoc|iPhoneSimulator.ActiveCfg = Release|Any CPU
		{0F183FA6-5A54-4CE7-810A-801937115DE3}.Ad-Hoc|iPhoneSimulator.Build.0 = Release|Any CPU
		{0F183FA6-5A54-4CE7-810A-801937115DE3}.Ad-Hoc|x64.ActiveCfg = Release|Any CPU
		{0F183FA6-5A54-4CE7-810A-801937115DE3}.Ad-Hoc|x64.Build.0 = Release|Any CPU
		{0F183FA6-5A54-4CE7-810A-801937115DE3}.Ad-Hoc|x86.ActiveCfg = Release|Any CPU
		{0F183FA6-5A54-4CE7-810A-801937115DE3}.Ad-Hoc|x86.Build.0 = Release|Any CPU
		{0F183FA6-5A54-4CE7-810A-801937115DE3}.AppStore|Any CPU.ActiveCfg = Release|Any CPU
		{0F183FA6-5A54-4CE7-810A-801937115DE3}.AppStore|Any CPU.Build.0 = Release|Any CPU
		{0F183FA6-5A54-4CE7-810A-801937115DE3}.AppStore|ARM.ActiveCfg = Release|Any CPU
		{0F183FA6-5A54-4CE7-810A-801937115DE3}.AppStore|ARM.Build.0 = Release|Any CPU
		{0F183FA6-5A54-4CE7-810A-801937115DE3}.AppStore|iPhone.ActiveCfg = Release|Any CPU
		{0F183FA6-5A54-4CE7-810A-801937115DE3}.AppStore|iPhone.Build.0 = Release|Any CPU
		{0F183FA6-5A54-4CE7-810A-801937115DE3}.AppStore|iPhoneSimulator.ActiveCfg = Release|Any CPU
		{0F183FA6-5A54-4CE7-810A-801937115DE3}.AppStore|iPhoneSimulator.Build.0 = Release|Any CPU
		{0F183FA6-5A54-4CE7-810A-801937115DE3}.AppStore|x64.ActiveCfg = Release|Any CPU
		{0F183FA6-5A54-4CE7-810A-801937115DE3}.AppStore|x64.Build.0 = Release|Any CPU
		{0F183FA6-5A54-4CE7-810A-801937115DE3}.AppStore|x86.ActiveCfg = Release|Any CPU
		{0F183FA6-5A54-4CE7-810A-801937115DE3}.AppStore|x86.Build.0 = Release|Any CPU
		{0F183FA6-5A54-4CE7-810A-801937115DE3}.Debug|Any CPU.ActiveCfg = Debug|Any CPU
		{0F183FA6-5A54-4CE7-810A-801937115DE3}.Debug|Any CPU.Build.0 = Debug|Any CPU
		{0F183FA6-5A54-4CE7-810A-801937115DE3}.Debug|ARM.ActiveCfg = Debug|Any CPU
		{0F183FA6-5A54-4CE7-810A-801937115DE3}.Debug|ARM.Build.0 = Debug|Any CPU
		{0F183FA6-5A54-4CE7-810A-801937115DE3}.Debug|iPhone.ActiveCfg = Debug|Any CPU
		{0F183FA6-5A54-4CE7-810A-801937115DE3}.Debug|iPhone.Build.0 = Debug|Any CPU
		{0F183FA6-5A54-4CE7-810A-801937115DE3}.Debug|iPhoneSimulator.ActiveCfg = Debug|Any CPU
		{0F183FA6-5A54-4CE7-810A-801937115DE3}.Debug|iPhoneSimulator.Build.0 = Debug|Any CPU
		{0F183FA6-5A54-4CE7-810A-801937115DE3}.Debug|x64.ActiveCfg = Debug|Any CPU
		{0F183FA6-5A54-4CE7-810A-801937115DE3}.Debug|x64.Build.0 = Debug|Any CPU
		{0F183FA6-5A54-4CE7-810A-801937115DE3}.Debug|x86.ActiveCfg = Debug|Any CPU
		{0F183FA6-5A54-4CE7-810A-801937115DE3}.Debug|x86.Build.0 = Debug|Any CPU
		{0F183FA6-5A54-4CE7-810A-801937115DE3}.Release|Any CPU.ActiveCfg = Release|Any CPU
		{0F183FA6-5A54-4CE7-810A-801937115DE3}.Release|Any CPU.Build.0 = Release|Any CPU
		{0F183FA6-5A54-4CE7-810A-801937115DE3}.Release|ARM.ActiveCfg = Release|Any CPU
		{0F183FA6-5A54-4CE7-810A-801937115DE3}.Release|ARM.Build.0 = Release|Any CPU
		{0F183FA6-5A54-4CE7-810A-801937115DE3}.Release|iPhone.ActiveCfg = Release|Any CPU
		{0F183FA6-5A54-4CE7-810A-801937115DE3}.Release|iPhone.Build.0 = Release|Any CPU
		{0F183FA6-5A54-4CE7-810A-801937115DE3}.Release|iPhoneSimulator.ActiveCfg = Release|Any CPU
		{0F183FA6-5A54-4CE7-810A-801937115DE3}.Release|iPhoneSimulator.Build.0 = Release|Any CPU
		{0F183FA6-5A54-4CE7-810A-801937115DE3}.Release|x64.ActiveCfg = Release|Any CPU
		{0F183FA6-5A54-4CE7-810A-801937115DE3}.Release|x64.Build.0 = Release|Any CPU
		{0F183FA6-5A54-4CE7-810A-801937115DE3}.Release|x86.ActiveCfg = Release|Any CPU
		{0F183FA6-5A54-4CE7-810A-801937115DE3}.Release|x86.Build.0 = Release|Any CPU
	EndGlobalSection
	GlobalSection(SolutionProperties) = preSolution
		HideSolutionNode = FALSE
	EndGlobalSection
	GlobalSection(NestedProjects) = preSolution
		{2144DA75-8F4E-4C94-97DD-43DFEA1B6305} = {EA2DEE94-9BEC-4CE0-8B9B-17A6BC0CE6F8}
		{401C3C4E-EB55-4F03-8E7F-94E5BA23EF64} = {EA2DEE94-9BEC-4CE0-8B9B-17A6BC0CE6F8}
		{8680CC51-58A5-41AC-B00C-FFA83D155DC7} = {EA2DEE94-9BEC-4CE0-8B9B-17A6BC0CE6F8}
		{0F183FA6-5A54-4CE7-810A-801937115DE3} = {EA2DEE94-9BEC-4CE0-8B9B-17A6BC0CE6F8}
	EndGlobalSection
EndGlobal
