
Microsoft Visual Studio Solution File, Format Version 12.00
# Visual Studio 2012
VisualStudioVersion = 12.0.31101.0
MinimumVisualStudioVersion = 10.0.40219.1
Project("{FAE04EC0-301F-11D3-BF4B-00C04F79EFBC}") = "TestAppForms", "TestAppForms\TestAppForms\TestAppForms.csproj", "{67E5F881-BE9F-40CC-8A19-D350D3663F18}"
EndProject
Project("{FAE04EC0-301F-11D3-BF4B-00C04F79EFBC}") = "TestAppForms.iOS", "TestAppForms\TestAppForms.iOS\TestAppForms.iOS.csproj", "{A569E61E-2ACD-44F4-A2C5-C7D318147D05}"
EndProject
Project("{FAE04EC0-301F-11D3-BF4B-00C04F79EFBC}") = "TestAppForms.Android", "TestAppForms\TestAppForms.Android\TestAppForms.Android.csproj", "{E04C2112-E59C-4610-9D62-4AB382DD4CB9}"
EndProject
Project("{FAE04EC0-301F-11D3-BF4B-00C04F79EFBC}") = "TestAppForms.WinPhone", "TestAppForms\TestAppForms.WinPhone\TestAppForms.WinPhone.csproj", "{8EA09953-B739-4797-9490-A7BDA7ED1FC4}"
EndProject
Project("{2150E333-8FDC-42A3-9474-1A3956D46DE8}") = "OtherPlatforms", "OtherPlatforms", "{C57E9B62-2913-48B9-B9F8-5831D5F37988}"
EndProject
Project("{FAE04EC0-301F-11D3-BF4B-00C04F79EFBC}") = "TestApp.WinStore", "TestApp.WinStore\TestApp.WinStore.csproj", "{1A72718A-0E8E-4A7B-987D-B6F692450674}"
EndProject
Project("{FAE04EC0-301F-11D3-BF4B-00C04F79EFBC}") = "TestApp.WinPhoneRT", "TestApp.WinPhoneRT\TestApp.WinPhoneRT.csproj", "{70449682-4AD7-4C7D-8FE1-32A71B1A91E8}"
EndProject
Project("{FAE04EC0-301F-11D3-BF4B-00C04F79EFBC}") = "TestApp.iOSUnified", "TestApp.iOSUnified\TestApp.iOSUnified.csproj", "{E83DA84D-558B-402B-BB68-F2345D0935BB}"
EndProject
Project("{FAE04EC0-301F-11D3-BF4B-00C04F79EFBC}") = "TestApp.iOS", "TestApp.iOS\TestApp.iOS.csproj", "{35740368-1D23-428A-A45C-335D246C39C2}"
Project("{FAE04EC0-301F-11D3-BF4B-00C04F79EFBC}") = "TestAppForms.WinStore", "TestAppForms.WinStore\TestAppForms.WinStore.csproj", "{31FA9320-1139-4CA1-A0DE-995D6B23F775}"
EndProject
Project("{FAE04EC0-301F-11D3-BF4B-00C04F79EFBC}") = "TestAppForms.WinPhoneRT", "TestAppForms.WinPhoneRT\TestAppForms.WinPhoneRT.csproj", "{26226463-236F-446A-A39E-0A385C609E2B}"
EndProject
Global
	GlobalSection(SolutionConfigurationPlatforms) = preSolution
		Ad-Hoc|Any CPU = Ad-Hoc|Any CPU
		Ad-Hoc|ARM = Ad-Hoc|ARM
		Ad-Hoc|iPhone = Ad-Hoc|iPhone
		Ad-Hoc|iPhoneSimulator = Ad-Hoc|iPhoneSimulator
		Ad-Hoc|Mixed Platforms = Ad-Hoc|Mixed Platforms
		Ad-Hoc|x64 = Ad-Hoc|x64
		Ad-Hoc|x86 = Ad-Hoc|x86
		AppStore|Any CPU = AppStore|Any CPU
		AppStore|ARM = AppStore|ARM
		AppStore|iPhone = AppStore|iPhone
		AppStore|iPhoneSimulator = AppStore|iPhoneSimulator
		AppStore|Mixed Platforms = AppStore|Mixed Platforms
		AppStore|x64 = AppStore|x64
		AppStore|x86 = AppStore|x86
		Debug|Any CPU = Debug|Any CPU
		Debug|ARM = Debug|ARM
		Debug|iPhone = Debug|iPhone
		Debug|iPhoneSimulator = Debug|iPhoneSimulator
		Debug|Mixed Platforms = Debug|Mixed Platforms
		Debug|x64 = Debug|x64
		Debug|x86 = Debug|x86
		Release|Any CPU = Release|Any CPU
		Release|ARM = Release|ARM
		Release|iPhone = Release|iPhone
		Release|iPhoneSimulator = Release|iPhoneSimulator
		Release|Mixed Platforms = Release|Mixed Platforms
		Release|x64 = Release|x64
		Release|x86 = Release|x86
	EndGlobalSection
	GlobalSection(ProjectConfigurationPlatforms) = postSolution
		{1A72718A-0E8E-4A7B-987D-B6F692450674}.Ad-Hoc|Any CPU.ActiveCfg = Release|Any CPU
		{1A72718A-0E8E-4A7B-987D-B6F692450674}.Ad-Hoc|Any CPU.Build.0 = Release|Any CPU
		{1A72718A-0E8E-4A7B-987D-B6F692450674}.Ad-Hoc|Any CPU.Deploy.0 = Release|Any CPU
		{1A72718A-0E8E-4A7B-987D-B6F692450674}.Ad-Hoc|ARM.ActiveCfg = Release|ARM
		{1A72718A-0E8E-4A7B-987D-B6F692450674}.Ad-Hoc|ARM.Build.0 = Release|ARM
		{1A72718A-0E8E-4A7B-987D-B6F692450674}.Ad-Hoc|ARM.Deploy.0 = Release|ARM
		{1A72718A-0E8E-4A7B-987D-B6F692450674}.Ad-Hoc|iPhone.ActiveCfg = Release|Any CPU
		{1A72718A-0E8E-4A7B-987D-B6F692450674}.Ad-Hoc|iPhoneSimulator.ActiveCfg = Release|Any CPU
		{1A72718A-0E8E-4A7B-987D-B6F692450674}.Ad-Hoc|Mixed Platforms.ActiveCfg = Release|x86
		{1A72718A-0E8E-4A7B-987D-B6F692450674}.Ad-Hoc|Mixed Platforms.Build.0 = Release|x86
		{1A72718A-0E8E-4A7B-987D-B6F692450674}.Ad-Hoc|Mixed Platforms.Deploy.0 = Release|x86
		{1A72718A-0E8E-4A7B-987D-B6F692450674}.Ad-Hoc|x64.ActiveCfg = Release|x64
		{1A72718A-0E8E-4A7B-987D-B6F692450674}.Ad-Hoc|x64.Build.0 = Release|x64
		{1A72718A-0E8E-4A7B-987D-B6F692450674}.Ad-Hoc|x64.Deploy.0 = Release|x64
		{1A72718A-0E8E-4A7B-987D-B6F692450674}.Ad-Hoc|x86.ActiveCfg = Release|x86
		{1A72718A-0E8E-4A7B-987D-B6F692450674}.Ad-Hoc|x86.Build.0 = Release|x86
		{1A72718A-0E8E-4A7B-987D-B6F692450674}.Ad-Hoc|x86.Deploy.0 = Release|x86
		{1A72718A-0E8E-4A7B-987D-B6F692450674}.AppStore|Any CPU.ActiveCfg = Release|Any CPU
		{1A72718A-0E8E-4A7B-987D-B6F692450674}.AppStore|Any CPU.Build.0 = Release|Any CPU
		{1A72718A-0E8E-4A7B-987D-B6F692450674}.AppStore|Any CPU.Deploy.0 = Release|Any CPU
		{1A72718A-0E8E-4A7B-987D-B6F692450674}.AppStore|ARM.ActiveCfg = Release|ARM
		{1A72718A-0E8E-4A7B-987D-B6F692450674}.AppStore|ARM.Build.0 = Release|ARM
		{1A72718A-0E8E-4A7B-987D-B6F692450674}.AppStore|ARM.Deploy.0 = Release|ARM
		{1A72718A-0E8E-4A7B-987D-B6F692450674}.AppStore|iPhone.ActiveCfg = Release|Any CPU
		{1A72718A-0E8E-4A7B-987D-B6F692450674}.AppStore|iPhoneSimulator.ActiveCfg = Release|Any CPU
		{1A72718A-0E8E-4A7B-987D-B6F692450674}.AppStore|Mixed Platforms.ActiveCfg = Release|x86
		{1A72718A-0E8E-4A7B-987D-B6F692450674}.AppStore|Mixed Platforms.Build.0 = Release|x86
		{1A72718A-0E8E-4A7B-987D-B6F692450674}.AppStore|Mixed Platforms.Deploy.0 = Release|x86
		{1A72718A-0E8E-4A7B-987D-B6F692450674}.AppStore|x64.ActiveCfg = Release|x64
		{1A72718A-0E8E-4A7B-987D-B6F692450674}.AppStore|x64.Build.0 = Release|x64
		{1A72718A-0E8E-4A7B-987D-B6F692450674}.AppStore|x64.Deploy.0 = Release|x64
		{1A72718A-0E8E-4A7B-987D-B6F692450674}.AppStore|x86.ActiveCfg = Release|x86
		{1A72718A-0E8E-4A7B-987D-B6F692450674}.AppStore|x86.Build.0 = Release|x86
		{1A72718A-0E8E-4A7B-987D-B6F692450674}.AppStore|x86.Deploy.0 = Release|x86
		{1A72718A-0E8E-4A7B-987D-B6F692450674}.Debug|Any CPU.ActiveCfg = Debug|Any CPU
		{1A72718A-0E8E-4A7B-987D-B6F692450674}.Debug|Any CPU.Build.0 = Debug|Any CPU
		{1A72718A-0E8E-4A7B-987D-B6F692450674}.Debug|Any CPU.Deploy.0 = Debug|Any CPU
		{1A72718A-0E8E-4A7B-987D-B6F692450674}.Debug|ARM.ActiveCfg = Debug|ARM
		{1A72718A-0E8E-4A7B-987D-B6F692450674}.Debug|ARM.Build.0 = Debug|ARM
		{1A72718A-0E8E-4A7B-987D-B6F692450674}.Debug|ARM.Deploy.0 = Debug|ARM
		{1A72718A-0E8E-4A7B-987D-B6F692450674}.Debug|iPhone.ActiveCfg = Debug|Any CPU
		{1A72718A-0E8E-4A7B-987D-B6F692450674}.Debug|iPhone.Build.0 = Debug|Any CPU
		{1A72718A-0E8E-4A7B-987D-B6F692450674}.Debug|iPhoneSimulator.ActiveCfg = Debug|Any CPU
		{1A72718A-0E8E-4A7B-987D-B6F692450674}.Debug|Mixed Platforms.ActiveCfg = Debug|x86
		{1A72718A-0E8E-4A7B-987D-B6F692450674}.Debug|Mixed Platforms.Build.0 = Debug|x86
		{1A72718A-0E8E-4A7B-987D-B6F692450674}.Debug|Mixed Platforms.Deploy.0 = Debug|x86
		{1A72718A-0E8E-4A7B-987D-B6F692450674}.Debug|x64.ActiveCfg = Debug|x64
		{1A72718A-0E8E-4A7B-987D-B6F692450674}.Debug|x64.Build.0 = Debug|x64
		{1A72718A-0E8E-4A7B-987D-B6F692450674}.Debug|x64.Deploy.0 = Debug|x64
		{1A72718A-0E8E-4A7B-987D-B6F692450674}.Debug|x86.ActiveCfg = Debug|x86
		{1A72718A-0E8E-4A7B-987D-B6F692450674}.Debug|x86.Build.0 = Debug|x86
		{1A72718A-0E8E-4A7B-987D-B6F692450674}.Debug|x86.Deploy.0 = Debug|x86
		{1A72718A-0E8E-4A7B-987D-B6F692450674}.Release|Any CPU.ActiveCfg = Release|Any CPU
		{1A72718A-0E8E-4A7B-987D-B6F692450674}.Release|Any CPU.Build.0 = Release|Any CPU
		{1A72718A-0E8E-4A7B-987D-B6F692450674}.Release|Any CPU.Deploy.0 = Release|Any CPU
		{1A72718A-0E8E-4A7B-987D-B6F692450674}.Release|ARM.ActiveCfg = Release|ARM
		{1A72718A-0E8E-4A7B-987D-B6F692450674}.Release|ARM.Build.0 = Release|ARM
		{1A72718A-0E8E-4A7B-987D-B6F692450674}.Release|ARM.Deploy.0 = Release|ARM
		{1A72718A-0E8E-4A7B-987D-B6F692450674}.Release|iPhone.ActiveCfg = Release|Any CPU
		{1A72718A-0E8E-4A7B-987D-B6F692450674}.Release|iPhoneSimulator.ActiveCfg = Release|Any CPU
		{1A72718A-0E8E-4A7B-987D-B6F692450674}.Release|Mixed Platforms.ActiveCfg = Release|x86
		{1A72718A-0E8E-4A7B-987D-B6F692450674}.Release|Mixed Platforms.Build.0 = Release|x86
		{1A72718A-0E8E-4A7B-987D-B6F692450674}.Release|Mixed Platforms.Deploy.0 = Release|x86
		{1A72718A-0E8E-4A7B-987D-B6F692450674}.Release|x64.ActiveCfg = Release|x64
		{1A72718A-0E8E-4A7B-987D-B6F692450674}.Release|x64.Build.0 = Release|x64
		{1A72718A-0E8E-4A7B-987D-B6F692450674}.Release|x64.Deploy.0 = Release|x64
		{1A72718A-0E8E-4A7B-987D-B6F692450674}.Release|x86.ActiveCfg = Release|x86
		{1A72718A-0E8E-4A7B-987D-B6F692450674}.Release|x86.Build.0 = Release|x86
		{1A72718A-0E8E-4A7B-987D-B6F692450674}.Release|x86.Deploy.0 = Release|x86
		{35740368-1D23-428A-A45C-335D246C39C2}.Ad-Hoc|Any CPU.ActiveCfg = Ad-Hoc|iPhone
		{35740368-1D23-428A-A45C-335D246C39C2}.Ad-Hoc|ARM.ActiveCfg = Ad-Hoc|iPhone
		{35740368-1D23-428A-A45C-335D246C39C2}.Ad-Hoc|iPhone.ActiveCfg = Ad-Hoc|iPhone
		{35740368-1D23-428A-A45C-335D246C39C2}.Ad-Hoc|iPhone.Build.0 = Ad-Hoc|iPhone
		{35740368-1D23-428A-A45C-335D246C39C2}.Ad-Hoc|iPhoneSimulator.ActiveCfg = Ad-Hoc|iPhoneSimulator
		{35740368-1D23-428A-A45C-335D246C39C2}.Ad-Hoc|iPhoneSimulator.Build.0 = Ad-Hoc|iPhoneSimulator
		{35740368-1D23-428A-A45C-335D246C39C2}.Ad-Hoc|Mixed Platforms.ActiveCfg = Ad-Hoc|iPhone
		{35740368-1D23-428A-A45C-335D246C39C2}.Ad-Hoc|Mixed Platforms.Build.0 = Ad-Hoc|iPhone
		{35740368-1D23-428A-A45C-335D246C39C2}.Ad-Hoc|x64.ActiveCfg = Ad-Hoc|iPhone
		{35740368-1D23-428A-A45C-335D246C39C2}.Ad-Hoc|x86.ActiveCfg = Ad-Hoc|iPhone
		{35740368-1D23-428A-A45C-335D246C39C2}.AppStore|Any CPU.ActiveCfg = AppStore|iPhone
		{35740368-1D23-428A-A45C-335D246C39C2}.AppStore|ARM.ActiveCfg = AppStore|iPhone
		{35740368-1D23-428A-A45C-335D246C39C2}.AppStore|iPhone.ActiveCfg = AppStore|iPhone
		{35740368-1D23-428A-A45C-335D246C39C2}.AppStore|iPhone.Build.0 = AppStore|iPhone
		{35740368-1D23-428A-A45C-335D246C39C2}.AppStore|iPhoneSimulator.ActiveCfg = AppStore|iPhoneSimulator
		{35740368-1D23-428A-A45C-335D246C39C2}.AppStore|iPhoneSimulator.Build.0 = AppStore|iPhoneSimulator
		{35740368-1D23-428A-A45C-335D246C39C2}.AppStore|Mixed Platforms.ActiveCfg = AppStore|iPhone
		{35740368-1D23-428A-A45C-335D246C39C2}.AppStore|Mixed Platforms.Build.0 = AppStore|iPhone
		{35740368-1D23-428A-A45C-335D246C39C2}.AppStore|x64.ActiveCfg = AppStore|iPhone
		{35740368-1D23-428A-A45C-335D246C39C2}.AppStore|x86.ActiveCfg = AppStore|iPhone
		{35740368-1D23-428A-A45C-335D246C39C2}.Debug|Any CPU.ActiveCfg = Debug|iPhone
		{35740368-1D23-428A-A45C-335D246C39C2}.Debug|ARM.ActiveCfg = Debug|iPhone
		{35740368-1D23-428A-A45C-335D246C39C2}.Debug|iPhone.ActiveCfg = Debug|iPhone
		{35740368-1D23-428A-A45C-335D246C39C2}.Debug|iPhone.Build.0 = Debug|iPhone
		{35740368-1D23-428A-A45C-335D246C39C2}.Debug|iPhoneSimulator.ActiveCfg = Debug|iPhoneSimulator
		{35740368-1D23-428A-A45C-335D246C39C2}.Debug|iPhoneSimulator.Build.0 = Debug|iPhoneSimulator
		{35740368-1D23-428A-A45C-335D246C39C2}.Debug|Mixed Platforms.ActiveCfg = Debug|iPhone
		{35740368-1D23-428A-A45C-335D246C39C2}.Debug|Mixed Platforms.Build.0 = Debug|iPhone
		{35740368-1D23-428A-A45C-335D246C39C2}.Debug|x64.ActiveCfg = Debug|iPhone
		{35740368-1D23-428A-A45C-335D246C39C2}.Debug|x86.ActiveCfg = Debug|iPhone
		{35740368-1D23-428A-A45C-335D246C39C2}.Release|Any CPU.ActiveCfg = Release|iPhone
		{35740368-1D23-428A-A45C-335D246C39C2}.Release|ARM.ActiveCfg = Release|iPhone
		{35740368-1D23-428A-A45C-335D246C39C2}.Release|iPhone.ActiveCfg = Release|iPhone
		{35740368-1D23-428A-A45C-335D246C39C2}.Release|iPhone.Build.0 = Release|iPhone
		{35740368-1D23-428A-A45C-335D246C39C2}.Release|iPhoneSimulator.ActiveCfg = Release|iPhoneSimulator
		{35740368-1D23-428A-A45C-335D246C39C2}.Release|iPhoneSimulator.Build.0 = Release|iPhoneSimulator
		{35740368-1D23-428A-A45C-335D246C39C2}.Release|Mixed Platforms.ActiveCfg = Release|iPhone
		{35740368-1D23-428A-A45C-335D246C39C2}.Release|Mixed Platforms.Build.0 = Release|iPhone
		{35740368-1D23-428A-A45C-335D246C39C2}.Release|x64.ActiveCfg = Release|iPhone
		{35740368-1D23-428A-A45C-335D246C39C2}.Release|x86.ActiveCfg = Release|iPhone
		{67E5F881-BE9F-40CC-8A19-D350D3663F18}.Ad-Hoc|Any CPU.ActiveCfg = Release|Any CPU
		{67E5F881-BE9F-40CC-8A19-D350D3663F18}.Ad-Hoc|Any CPU.Build.0 = Release|Any CPU
		{67E5F881-BE9F-40CC-8A19-D350D3663F18}.Ad-Hoc|ARM.ActiveCfg = Release|Any CPU
		{67E5F881-BE9F-40CC-8A19-D350D3663F18}.Ad-Hoc|iPhone.ActiveCfg = Release|Any CPU
		{67E5F881-BE9F-40CC-8A19-D350D3663F18}.Ad-Hoc|iPhoneSimulator.ActiveCfg = Release|Any CPU
		{67E5F881-BE9F-40CC-8A19-D350D3663F18}.Ad-Hoc|Mixed Platforms.ActiveCfg = Release|Any CPU
		{67E5F881-BE9F-40CC-8A19-D350D3663F18}.Ad-Hoc|Mixed Platforms.Build.0 = Release|Any CPU
		{67E5F881-BE9F-40CC-8A19-D350D3663F18}.Ad-Hoc|x64.ActiveCfg = Debug|Any CPU
		{67E5F881-BE9F-40CC-8A19-D350D3663F18}.Ad-Hoc|x86.ActiveCfg = Release|Any CPU
		{67E5F881-BE9F-40CC-8A19-D350D3663F18}.AppStore|Any CPU.ActiveCfg = Release|Any CPU
		{67E5F881-BE9F-40CC-8A19-D350D3663F18}.AppStore|Any CPU.Build.0 = Release|Any CPU
		{67E5F881-BE9F-40CC-8A19-D350D3663F18}.AppStore|ARM.ActiveCfg = Release|Any CPU
		{67E5F881-BE9F-40CC-8A19-D350D3663F18}.AppStore|iPhone.ActiveCfg = Release|Any CPU
		{67E5F881-BE9F-40CC-8A19-D350D3663F18}.AppStore|iPhoneSimulator.ActiveCfg = Release|Any CPU
		{67E5F881-BE9F-40CC-8A19-D350D3663F18}.AppStore|Mixed Platforms.ActiveCfg = Release|Any CPU
		{67E5F881-BE9F-40CC-8A19-D350D3663F18}.AppStore|Mixed Platforms.Build.0 = Release|Any CPU
		{67E5F881-BE9F-40CC-8A19-D350D3663F18}.AppStore|x64.ActiveCfg = Debug|Any CPU
		{67E5F881-BE9F-40CC-8A19-D350D3663F18}.AppStore|x86.ActiveCfg = Release|Any CPU
		{67E5F881-BE9F-40CC-8A19-D350D3663F18}.Debug|Any CPU.ActiveCfg = Debug|Any CPU
		{67E5F881-BE9F-40CC-8A19-D350D3663F18}.Debug|Any CPU.Build.0 = Debug|Any CPU
		{67E5F881-BE9F-40CC-8A19-D350D3663F18}.Debug|ARM.ActiveCfg = Debug|Any CPU
		{67E5F881-BE9F-40CC-8A19-D350D3663F18}.Debug|iPhone.ActiveCfg = Debug|Any CPU
		{67E5F881-BE9F-40CC-8A19-D350D3663F18}.Debug|iPhone.Build.0 = Debug|Any CPU
		{67E5F881-BE9F-40CC-8A19-D350D3663F18}.Debug|iPhoneSimulator.ActiveCfg = Debug|Any CPU
		{67E5F881-BE9F-40CC-8A19-D350D3663F18}.Debug|iPhoneSimulator.Build.0 = Debug|Any CPU
		{67E5F881-BE9F-40CC-8A19-D350D3663F18}.Debug|Mixed Platforms.ActiveCfg = Debug|Any CPU
		{67E5F881-BE9F-40CC-8A19-D350D3663F18}.Debug|Mixed Platforms.Build.0 = Debug|Any CPU
		{67E5F881-BE9F-40CC-8A19-D350D3663F18}.Debug|x64.ActiveCfg = Debug|Any CPU
		{67E5F881-BE9F-40CC-8A19-D350D3663F18}.Debug|x86.ActiveCfg = Debug|Any CPU
		{67E5F881-BE9F-40CC-8A19-D350D3663F18}.Release|Any CPU.ActiveCfg = Release|Any CPU
		{67E5F881-BE9F-40CC-8A19-D350D3663F18}.Release|Any CPU.Build.0 = Release|Any CPU
		{67E5F881-BE9F-40CC-8A19-D350D3663F18}.Release|ARM.ActiveCfg = Release|Any CPU
		{67E5F881-BE9F-40CC-8A19-D350D3663F18}.Release|iPhone.ActiveCfg = Release|Any CPU
		{67E5F881-BE9F-40CC-8A19-D350D3663F18}.Release|iPhoneSimulator.ActiveCfg = Release|Any CPU
		{67E5F881-BE9F-40CC-8A19-D350D3663F18}.Release|Mixed Platforms.ActiveCfg = Release|Any CPU
		{67E5F881-BE9F-40CC-8A19-D350D3663F18}.Release|Mixed Platforms.Build.0 = Release|Any CPU
		{67E5F881-BE9F-40CC-8A19-D350D3663F18}.Release|x64.ActiveCfg = Release|Any CPU
		{67E5F881-BE9F-40CC-8A19-D350D3663F18}.Release|x86.ActiveCfg = Release|Any CPU
		{70449682-4AD7-4C7D-8FE1-32A71B1A91E8}.Ad-Hoc|Any CPU.ActiveCfg = Release|Any CPU
		{70449682-4AD7-4C7D-8FE1-32A71B1A91E8}.Ad-Hoc|Any CPU.Build.0 = Release|Any CPU
		{70449682-4AD7-4C7D-8FE1-32A71B1A91E8}.Ad-Hoc|Any CPU.Deploy.0 = Release|Any CPU
		{70449682-4AD7-4C7D-8FE1-32A71B1A91E8}.Ad-Hoc|ARM.ActiveCfg = Release|ARM
		{70449682-4AD7-4C7D-8FE1-32A71B1A91E8}.Ad-Hoc|ARM.Build.0 = Release|ARM
		{70449682-4AD7-4C7D-8FE1-32A71B1A91E8}.Ad-Hoc|ARM.Deploy.0 = Release|ARM
		{70449682-4AD7-4C7D-8FE1-32A71B1A91E8}.Ad-Hoc|iPhone.ActiveCfg = Release|Any CPU
		{70449682-4AD7-4C7D-8FE1-32A71B1A91E8}.Ad-Hoc|iPhoneSimulator.ActiveCfg = Release|Any CPU
		{70449682-4AD7-4C7D-8FE1-32A71B1A91E8}.Ad-Hoc|Mixed Platforms.ActiveCfg = Release|x86
		{70449682-4AD7-4C7D-8FE1-32A71B1A91E8}.Ad-Hoc|Mixed Platforms.Build.0 = Release|x86
		{70449682-4AD7-4C7D-8FE1-32A71B1A91E8}.Ad-Hoc|Mixed Platforms.Deploy.0 = Release|x86
		{70449682-4AD7-4C7D-8FE1-32A71B1A91E8}.Ad-Hoc|x64.ActiveCfg = Release|Any CPU
		{70449682-4AD7-4C7D-8FE1-32A71B1A91E8}.Ad-Hoc|x86.ActiveCfg = Release|x86
		{70449682-4AD7-4C7D-8FE1-32A71B1A91E8}.Ad-Hoc|x86.Build.0 = Release|x86
		{70449682-4AD7-4C7D-8FE1-32A71B1A91E8}.Ad-Hoc|x86.Deploy.0 = Release|x86
		{70449682-4AD7-4C7D-8FE1-32A71B1A91E8}.AppStore|Any CPU.ActiveCfg = Release|Any CPU
		{70449682-4AD7-4C7D-8FE1-32A71B1A91E8}.AppStore|Any CPU.Build.0 = Release|Any CPU
		{70449682-4AD7-4C7D-8FE1-32A71B1A91E8}.AppStore|Any CPU.Deploy.0 = Release|Any CPU
		{70449682-4AD7-4C7D-8FE1-32A71B1A91E8}.AppStore|ARM.ActiveCfg = Release|ARM
		{70449682-4AD7-4C7D-8FE1-32A71B1A91E8}.AppStore|ARM.Build.0 = Release|ARM
		{70449682-4AD7-4C7D-8FE1-32A71B1A91E8}.AppStore|ARM.Deploy.0 = Release|ARM
		{70449682-4AD7-4C7D-8FE1-32A71B1A91E8}.AppStore|iPhone.ActiveCfg = Release|Any CPU
		{70449682-4AD7-4C7D-8FE1-32A71B1A91E8}.AppStore|iPhoneSimulator.ActiveCfg = Release|Any CPU
		{70449682-4AD7-4C7D-8FE1-32A71B1A91E8}.AppStore|Mixed Platforms.ActiveCfg = Release|x86
		{70449682-4AD7-4C7D-8FE1-32A71B1A91E8}.AppStore|Mixed Platforms.Build.0 = Release|x86
		{70449682-4AD7-4C7D-8FE1-32A71B1A91E8}.AppStore|Mixed Platforms.Deploy.0 = Release|x86
		{70449682-4AD7-4C7D-8FE1-32A71B1A91E8}.AppStore|x64.ActiveCfg = Release|Any CPU
		{70449682-4AD7-4C7D-8FE1-32A71B1A91E8}.AppStore|x86.ActiveCfg = Release|x86
		{70449682-4AD7-4C7D-8FE1-32A71B1A91E8}.AppStore|x86.Build.0 = Release|x86
		{70449682-4AD7-4C7D-8FE1-32A71B1A91E8}.AppStore|x86.Deploy.0 = Release|x86
		{70449682-4AD7-4C7D-8FE1-32A71B1A91E8}.Debug|Any CPU.ActiveCfg = Debug|Any CPU
		{70449682-4AD7-4C7D-8FE1-32A71B1A91E8}.Debug|Any CPU.Build.0 = Debug|Any CPU
		{70449682-4AD7-4C7D-8FE1-32A71B1A91E8}.Debug|Any CPU.Deploy.0 = Debug|Any CPU
		{70449682-4AD7-4C7D-8FE1-32A71B1A91E8}.Debug|ARM.ActiveCfg = Debug|ARM
		{70449682-4AD7-4C7D-8FE1-32A71B1A91E8}.Debug|ARM.Build.0 = Debug|ARM
		{70449682-4AD7-4C7D-8FE1-32A71B1A91E8}.Debug|ARM.Deploy.0 = Debug|ARM
		{70449682-4AD7-4C7D-8FE1-32A71B1A91E8}.Debug|iPhone.ActiveCfg = Debug|Any CPU
		{70449682-4AD7-4C7D-8FE1-32A71B1A91E8}.Debug|iPhoneSimulator.ActiveCfg = Debug|Any CPU
		{70449682-4AD7-4C7D-8FE1-32A71B1A91E8}.Debug|Mixed Platforms.ActiveCfg = Debug|x86
		{70449682-4AD7-4C7D-8FE1-32A71B1A91E8}.Debug|Mixed Platforms.Build.0 = Debug|x86
		{70449682-4AD7-4C7D-8FE1-32A71B1A91E8}.Debug|Mixed Platforms.Deploy.0 = Debug|x86
		{70449682-4AD7-4C7D-8FE1-32A71B1A91E8}.Debug|x64.ActiveCfg = Debug|Any CPU
		{70449682-4AD7-4C7D-8FE1-32A71B1A91E8}.Debug|x86.ActiveCfg = Debug|x86
		{70449682-4AD7-4C7D-8FE1-32A71B1A91E8}.Debug|x86.Build.0 = Debug|x86
		{70449682-4AD7-4C7D-8FE1-32A71B1A91E8}.Debug|x86.Deploy.0 = Debug|x86
		{70449682-4AD7-4C7D-8FE1-32A71B1A91E8}.Release|Any CPU.ActiveCfg = Release|Any CPU
		{70449682-4AD7-4C7D-8FE1-32A71B1A91E8}.Release|Any CPU.Build.0 = Release|Any CPU
		{70449682-4AD7-4C7D-8FE1-32A71B1A91E8}.Release|Any CPU.Deploy.0 = Release|Any CPU
		{70449682-4AD7-4C7D-8FE1-32A71B1A91E8}.Release|ARM.ActiveCfg = Release|ARM
		{70449682-4AD7-4C7D-8FE1-32A71B1A91E8}.Release|ARM.Build.0 = Release|ARM
		{70449682-4AD7-4C7D-8FE1-32A71B1A91E8}.Release|ARM.Deploy.0 = Release|ARM
		{70449682-4AD7-4C7D-8FE1-32A71B1A91E8}.Release|iPhone.ActiveCfg = Release|Any CPU
		{70449682-4AD7-4C7D-8FE1-32A71B1A91E8}.Release|iPhoneSimulator.ActiveCfg = Release|Any CPU
		{70449682-4AD7-4C7D-8FE1-32A71B1A91E8}.Release|Mixed Platforms.ActiveCfg = Release|x86
		{70449682-4AD7-4C7D-8FE1-32A71B1A91E8}.Release|Mixed Platforms.Build.0 = Release|x86
		{70449682-4AD7-4C7D-8FE1-32A71B1A91E8}.Release|Mixed Platforms.Deploy.0 = Release|x86
		{70449682-4AD7-4C7D-8FE1-32A71B1A91E8}.Release|x64.ActiveCfg = Release|Any CPU
		{70449682-4AD7-4C7D-8FE1-32A71B1A91E8}.Release|x86.ActiveCfg = Release|x86
		{70449682-4AD7-4C7D-8FE1-32A71B1A91E8}.Release|x86.Build.0 = Release|x86
		{70449682-4AD7-4C7D-8FE1-32A71B1A91E8}.Release|x86.Deploy.0 = Release|x86
		{8EA09953-B739-4797-9490-A7BDA7ED1FC4}.Ad-Hoc|Any CPU.ActiveCfg = Release|Any CPU
		{8EA09953-B739-4797-9490-A7BDA7ED1FC4}.Ad-Hoc|Any CPU.Build.0 = Release|Any CPU
		{8EA09953-B739-4797-9490-A7BDA7ED1FC4}.Ad-Hoc|Any CPU.Deploy.0 = Release|Any CPU
		{8EA09953-B739-4797-9490-A7BDA7ED1FC4}.Ad-Hoc|ARM.ActiveCfg = Release|ARM
		{8EA09953-B739-4797-9490-A7BDA7ED1FC4}.Ad-Hoc|ARM.Build.0 = Release|ARM
		{8EA09953-B739-4797-9490-A7BDA7ED1FC4}.Ad-Hoc|ARM.Deploy.0 = Release|ARM
		{8EA09953-B739-4797-9490-A7BDA7ED1FC4}.Ad-Hoc|iPhone.ActiveCfg = Release|Any CPU
		{8EA09953-B739-4797-9490-A7BDA7ED1FC4}.Ad-Hoc|iPhoneSimulator.ActiveCfg = Release|Any CPU
		{8EA09953-B739-4797-9490-A7BDA7ED1FC4}.Ad-Hoc|Mixed Platforms.ActiveCfg = Release|x86
		{8EA09953-B739-4797-9490-A7BDA7ED1FC4}.Ad-Hoc|Mixed Platforms.Build.0 = Release|x86
		{8EA09953-B739-4797-9490-A7BDA7ED1FC4}.Ad-Hoc|Mixed Platforms.Deploy.0 = Release|x86
		{8EA09953-B739-4797-9490-A7BDA7ED1FC4}.Ad-Hoc|x64.ActiveCfg = Debug|Any CPU
		{8EA09953-B739-4797-9490-A7BDA7ED1FC4}.Ad-Hoc|x86.ActiveCfg = Release|x86
		{8EA09953-B739-4797-9490-A7BDA7ED1FC4}.Ad-Hoc|x86.Build.0 = Release|x86
		{8EA09953-B739-4797-9490-A7BDA7ED1FC4}.Ad-Hoc|x86.Deploy.0 = Release|x86
		{8EA09953-B739-4797-9490-A7BDA7ED1FC4}.AppStore|Any CPU.ActiveCfg = Release|Any CPU
		{8EA09953-B739-4797-9490-A7BDA7ED1FC4}.AppStore|Any CPU.Build.0 = Release|Any CPU
		{8EA09953-B739-4797-9490-A7BDA7ED1FC4}.AppStore|Any CPU.Deploy.0 = Release|Any CPU
		{8EA09953-B739-4797-9490-A7BDA7ED1FC4}.AppStore|ARM.ActiveCfg = Release|ARM
		{8EA09953-B739-4797-9490-A7BDA7ED1FC4}.AppStore|ARM.Build.0 = Release|ARM
		{8EA09953-B739-4797-9490-A7BDA7ED1FC4}.AppStore|ARM.Deploy.0 = Release|ARM
		{8EA09953-B739-4797-9490-A7BDA7ED1FC4}.AppStore|iPhone.ActiveCfg = Release|Any CPU
		{8EA09953-B739-4797-9490-A7BDA7ED1FC4}.AppStore|iPhoneSimulator.ActiveCfg = Release|Any CPU
		{8EA09953-B739-4797-9490-A7BDA7ED1FC4}.AppStore|Mixed Platforms.ActiveCfg = Release|x86
		{8EA09953-B739-4797-9490-A7BDA7ED1FC4}.AppStore|Mixed Platforms.Build.0 = Release|x86
		{8EA09953-B739-4797-9490-A7BDA7ED1FC4}.AppStore|Mixed Platforms.Deploy.0 = Release|x86
		{8EA09953-B739-4797-9490-A7BDA7ED1FC4}.AppStore|x64.ActiveCfg = Debug|Any CPU
		{8EA09953-B739-4797-9490-A7BDA7ED1FC4}.AppStore|x86.ActiveCfg = Release|x86
		{8EA09953-B739-4797-9490-A7BDA7ED1FC4}.AppStore|x86.Build.0 = Release|x86
		{8EA09953-B739-4797-9490-A7BDA7ED1FC4}.AppStore|x86.Deploy.0 = Release|x86
		{8EA09953-B739-4797-9490-A7BDA7ED1FC4}.Debug|Any CPU.ActiveCfg = Debug|Any CPU
		{8EA09953-B739-4797-9490-A7BDA7ED1FC4}.Debug|Any CPU.Build.0 = Debug|Any CPU
		{8EA09953-B739-4797-9490-A7BDA7ED1FC4}.Debug|Any CPU.Deploy.0 = Debug|Any CPU
		{8EA09953-B739-4797-9490-A7BDA7ED1FC4}.Debug|ARM.ActiveCfg = Debug|ARM
		{8EA09953-B739-4797-9490-A7BDA7ED1FC4}.Debug|ARM.Build.0 = Debug|ARM
		{8EA09953-B739-4797-9490-A7BDA7ED1FC4}.Debug|ARM.Deploy.0 = Debug|ARM
		{8EA09953-B739-4797-9490-A7BDA7ED1FC4}.Debug|iPhone.ActiveCfg = Debug|Any CPU
		{8EA09953-B739-4797-9490-A7BDA7ED1FC4}.Debug|iPhone.Build.0 = Debug|Any CPU
		{8EA09953-B739-4797-9490-A7BDA7ED1FC4}.Debug|iPhoneSimulator.ActiveCfg = Debug|Any CPU
		{8EA09953-B739-4797-9490-A7BDA7ED1FC4}.Debug|Mixed Platforms.ActiveCfg = Debug|Any CPU
		{8EA09953-B739-4797-9490-A7BDA7ED1FC4}.Debug|Mixed Platforms.Build.0 = Debug|Any CPU
		{8EA09953-B739-4797-9490-A7BDA7ED1FC4}.Debug|Mixed Platforms.Deploy.0 = Debug|Any CPU
		{8EA09953-B739-4797-9490-A7BDA7ED1FC4}.Debug|x64.ActiveCfg = Debug|Any CPU
		{8EA09953-B739-4797-9490-A7BDA7ED1FC4}.Debug|x86.ActiveCfg = Debug|x86
		{8EA09953-B739-4797-9490-A7BDA7ED1FC4}.Debug|x86.Build.0 = Debug|x86
		{8EA09953-B739-4797-9490-A7BDA7ED1FC4}.Debug|x86.Deploy.0 = Debug|x86
		{8EA09953-B739-4797-9490-A7BDA7ED1FC4}.Release|Any CPU.ActiveCfg = Release|Any CPU
		{8EA09953-B739-4797-9490-A7BDA7ED1FC4}.Release|Any CPU.Build.0 = Release|Any CPU
		{8EA09953-B739-4797-9490-A7BDA7ED1FC4}.Release|Any CPU.Deploy.0 = Release|Any CPU
		{8EA09953-B739-4797-9490-A7BDA7ED1FC4}.Release|ARM.ActiveCfg = Release|ARM
		{8EA09953-B739-4797-9490-A7BDA7ED1FC4}.Release|ARM.Build.0 = Release|ARM
		{8EA09953-B739-4797-9490-A7BDA7ED1FC4}.Release|ARM.Deploy.0 = Release|ARM
		{8EA09953-B739-4797-9490-A7BDA7ED1FC4}.Release|iPhone.ActiveCfg = Release|Any CPU
		{8EA09953-B739-4797-9490-A7BDA7ED1FC4}.Release|iPhoneSimulator.ActiveCfg = Release|Any CPU
		{8EA09953-B739-4797-9490-A7BDA7ED1FC4}.Release|Mixed Platforms.ActiveCfg = Release|x86
		{8EA09953-B739-4797-9490-A7BDA7ED1FC4}.Release|Mixed Platforms.Build.0 = Release|x86
		{8EA09953-B739-4797-9490-A7BDA7ED1FC4}.Release|Mixed Platforms.Deploy.0 = Release|x86
		{8EA09953-B739-4797-9490-A7BDA7ED1FC4}.Release|x64.ActiveCfg = Release|Any CPU
		{8EA09953-B739-4797-9490-A7BDA7ED1FC4}.Release|x86.ActiveCfg = Release|x86
		{8EA09953-B739-4797-9490-A7BDA7ED1FC4}.Release|x86.Build.0 = Release|x86
		{8EA09953-B739-4797-9490-A7BDA7ED1FC4}.Release|x86.Deploy.0 = Release|x86
		{A569E61E-2ACD-44F4-A2C5-C7D318147D05}.Ad-Hoc|Any CPU.ActiveCfg = Ad-Hoc|iPhone
		{A569E61E-2ACD-44F4-A2C5-C7D318147D05}.Ad-Hoc|ARM.ActiveCfg = Ad-Hoc|iPhone
		{A569E61E-2ACD-44F4-A2C5-C7D318147D05}.Ad-Hoc|iPhone.ActiveCfg = Ad-Hoc|iPhone
		{A569E61E-2ACD-44F4-A2C5-C7D318147D05}.Ad-Hoc|iPhone.Build.0 = Ad-Hoc|iPhone
		{A569E61E-2ACD-44F4-A2C5-C7D318147D05}.Ad-Hoc|iPhoneSimulator.ActiveCfg = Ad-Hoc|iPhoneSimulator
		{A569E61E-2ACD-44F4-A2C5-C7D318147D05}.Ad-Hoc|iPhoneSimulator.Build.0 = Ad-Hoc|iPhoneSimulator
		{A569E61E-2ACD-44F4-A2C5-C7D318147D05}.Ad-Hoc|Mixed Platforms.ActiveCfg = Ad-Hoc|iPhone
		{A569E61E-2ACD-44F4-A2C5-C7D318147D05}.Ad-Hoc|Mixed Platforms.Build.0 = Ad-Hoc|iPhone
		{A569E61E-2ACD-44F4-A2C5-C7D318147D05}.Ad-Hoc|x64.ActiveCfg = Ad-Hoc|iPhoneSimulator
		{A569E61E-2ACD-44F4-A2C5-C7D318147D05}.Ad-Hoc|x86.ActiveCfg = Ad-Hoc|iPhone
		{A569E61E-2ACD-44F4-A2C5-C7D318147D05}.AppStore|Any CPU.ActiveCfg = AppStore|iPhone
		{A569E61E-2ACD-44F4-A2C5-C7D318147D05}.AppStore|ARM.ActiveCfg = AppStore|iPhone
		{A569E61E-2ACD-44F4-A2C5-C7D318147D05}.AppStore|iPhone.ActiveCfg = AppStore|iPhone
		{A569E61E-2ACD-44F4-A2C5-C7D318147D05}.AppStore|iPhone.Build.0 = AppStore|iPhone
		{A569E61E-2ACD-44F4-A2C5-C7D318147D05}.AppStore|iPhoneSimulator.ActiveCfg = AppStore|iPhoneSimulator
		{A569E61E-2ACD-44F4-A2C5-C7D318147D05}.AppStore|iPhoneSimulator.Build.0 = AppStore|iPhoneSimulator
		{A569E61E-2ACD-44F4-A2C5-C7D318147D05}.AppStore|Mixed Platforms.ActiveCfg = AppStore|iPhone
		{A569E61E-2ACD-44F4-A2C5-C7D318147D05}.AppStore|Mixed Platforms.Build.0 = AppStore|iPhone
		{A569E61E-2ACD-44F4-A2C5-C7D318147D05}.AppStore|x64.ActiveCfg = AppStore|iPhoneSimulator
		{A569E61E-2ACD-44F4-A2C5-C7D318147D05}.AppStore|x86.ActiveCfg = AppStore|iPhone
		{A569E61E-2ACD-44F4-A2C5-C7D318147D05}.Debug|Any CPU.ActiveCfg = Debug|iPhone
		{A569E61E-2ACD-44F4-A2C5-C7D318147D05}.Debug|Any CPU.Build.0 = Debug|iPhone
		{A569E61E-2ACD-44F4-A2C5-C7D318147D05}.Debug|ARM.ActiveCfg = Debug|iPhone
		{A569E61E-2ACD-44F4-A2C5-C7D318147D05}.Debug|iPhone.ActiveCfg = Debug|iPhone
		{A569E61E-2ACD-44F4-A2C5-C7D318147D05}.Debug|iPhone.Build.0 = Debug|iPhone
		{A569E61E-2ACD-44F4-A2C5-C7D318147D05}.Debug|iPhoneSimulator.ActiveCfg = Debug|iPhoneSimulator
		{A569E61E-2ACD-44F4-A2C5-C7D318147D05}.Debug|iPhoneSimulator.Build.0 = Debug|iPhoneSimulator
		{A569E61E-2ACD-44F4-A2C5-C7D318147D05}.Debug|Mixed Platforms.ActiveCfg = Debug|iPhone
		{A569E61E-2ACD-44F4-A2C5-C7D318147D05}.Debug|Mixed Platforms.Build.0 = Debug|iPhone
		{A569E61E-2ACD-44F4-A2C5-C7D318147D05}.Debug|x64.ActiveCfg = Debug|iPhoneSimulator
		{A569E61E-2ACD-44F4-A2C5-C7D318147D05}.Debug|x86.ActiveCfg = Debug|iPhone
		{A569E61E-2ACD-44F4-A2C5-C7D318147D05}.Release|Any CPU.ActiveCfg = Release|iPhone
		{A569E61E-2ACD-44F4-A2C5-C7D318147D05}.Release|ARM.ActiveCfg = Release|iPhone
		{A569E61E-2ACD-44F4-A2C5-C7D318147D05}.Release|iPhone.ActiveCfg = Release|iPhone
		{A569E61E-2ACD-44F4-A2C5-C7D318147D05}.Release|iPhone.Build.0 = Release|iPhone
		{A569E61E-2ACD-44F4-A2C5-C7D318147D05}.Release|iPhoneSimulator.ActiveCfg = Release|iPhoneSimulator
		{A569E61E-2ACD-44F4-A2C5-C7D318147D05}.Release|iPhoneSimulator.Build.0 = Release|iPhoneSimulator
		{A569E61E-2ACD-44F4-A2C5-C7D318147D05}.Release|Mixed Platforms.ActiveCfg = Release|iPhone
		{A569E61E-2ACD-44F4-A2C5-C7D318147D05}.Release|Mixed Platforms.Build.0 = Release|iPhone
		{A569E61E-2ACD-44F4-A2C5-C7D318147D05}.Release|x64.ActiveCfg = Release|iPhoneSimulator
		{A569E61E-2ACD-44F4-A2C5-C7D318147D05}.Release|x86.ActiveCfg = Release|iPhone
		{E04C2112-E59C-4610-9D62-4AB382DD4CB9}.Ad-Hoc|Any CPU.ActiveCfg = Release|Any CPU
		{E04C2112-E59C-4610-9D62-4AB382DD4CB9}.Ad-Hoc|Any CPU.Build.0 = Release|Any CPU
		{E04C2112-E59C-4610-9D62-4AB382DD4CB9}.Ad-Hoc|Any CPU.Deploy.0 = Release|Any CPU
		{E04C2112-E59C-4610-9D62-4AB382DD4CB9}.Ad-Hoc|ARM.ActiveCfg = Release|Any CPU
		{E04C2112-E59C-4610-9D62-4AB382DD4CB9}.Ad-Hoc|iPhone.ActiveCfg = Release|Any CPU
		{E04C2112-E59C-4610-9D62-4AB382DD4CB9}.Ad-Hoc|iPhoneSimulator.ActiveCfg = Release|Any CPU
		{E04C2112-E59C-4610-9D62-4AB382DD4CB9}.Ad-Hoc|Mixed Platforms.ActiveCfg = Release|Any CPU
		{E04C2112-E59C-4610-9D62-4AB382DD4CB9}.Ad-Hoc|Mixed Platforms.Build.0 = Release|Any CPU
		{E04C2112-E59C-4610-9D62-4AB382DD4CB9}.Ad-Hoc|Mixed Platforms.Deploy.0 = Release|Any CPU
		{E04C2112-E59C-4610-9D62-4AB382DD4CB9}.Ad-Hoc|x64.ActiveCfg = Debug|Any CPU
		{E04C2112-E59C-4610-9D62-4AB382DD4CB9}.Ad-Hoc|x86.ActiveCfg = Release|Any CPU
		{E04C2112-E59C-4610-9D62-4AB382DD4CB9}.AppStore|Any CPU.ActiveCfg = Release|Any CPU
		{E04C2112-E59C-4610-9D62-4AB382DD4CB9}.AppStore|Any CPU.Build.0 = Release|Any CPU
		{E04C2112-E59C-4610-9D62-4AB382DD4CB9}.AppStore|Any CPU.Deploy.0 = Release|Any CPU
		{E04C2112-E59C-4610-9D62-4AB382DD4CB9}.AppStore|ARM.ActiveCfg = Release|Any CPU
		{E04C2112-E59C-4610-9D62-4AB382DD4CB9}.AppStore|iPhone.ActiveCfg = Release|Any CPU
		{E04C2112-E59C-4610-9D62-4AB382DD4CB9}.AppStore|iPhoneSimulator.ActiveCfg = Release|Any CPU
		{E04C2112-E59C-4610-9D62-4AB382DD4CB9}.AppStore|Mixed Platforms.ActiveCfg = Release|Any CPU
		{E04C2112-E59C-4610-9D62-4AB382DD4CB9}.AppStore|Mixed Platforms.Build.0 = Release|Any CPU
		{E04C2112-E59C-4610-9D62-4AB382DD4CB9}.AppStore|Mixed Platforms.Deploy.0 = Release|Any CPU
		{E04C2112-E59C-4610-9D62-4AB382DD4CB9}.AppStore|x64.ActiveCfg = Debug|Any CPU
		{E04C2112-E59C-4610-9D62-4AB382DD4CB9}.AppStore|x86.ActiveCfg = Release|Any CPU
		{E04C2112-E59C-4610-9D62-4AB382DD4CB9}.Debug|Any CPU.ActiveCfg = Debug|Any CPU
		{E04C2112-E59C-4610-9D62-4AB382DD4CB9}.Debug|Any CPU.Build.0 = Debug|Any CPU
		{E04C2112-E59C-4610-9D62-4AB382DD4CB9}.Debug|Any CPU.Deploy.0 = Debug|Any CPU
		{E04C2112-E59C-4610-9D62-4AB382DD4CB9}.Debug|ARM.ActiveCfg = Debug|Any CPU
		{E04C2112-E59C-4610-9D62-4AB382DD4CB9}.Debug|iPhone.ActiveCfg = Debug|Any CPU
		{E04C2112-E59C-4610-9D62-4AB382DD4CB9}.Debug|iPhone.Build.0 = Debug|Any CPU
		{E04C2112-E59C-4610-9D62-4AB382DD4CB9}.Debug|iPhoneSimulator.ActiveCfg = Debug|Any CPU
		{E04C2112-E59C-4610-9D62-4AB382DD4CB9}.Debug|Mixed Platforms.ActiveCfg = Debug|Any CPU
		{E04C2112-E59C-4610-9D62-4AB382DD4CB9}.Debug|Mixed Platforms.Build.0 = Debug|Any CPU
		{E04C2112-E59C-4610-9D62-4AB382DD4CB9}.Debug|Mixed Platforms.Deploy.0 = Debug|Any CPU
		{E04C2112-E59C-4610-9D62-4AB382DD4CB9}.Debug|x64.ActiveCfg = Debug|Any CPU
		{E04C2112-E59C-4610-9D62-4AB382DD4CB9}.Debug|x86.ActiveCfg = Debug|Any CPU
		{E04C2112-E59C-4610-9D62-4AB382DD4CB9}.Release|Any CPU.ActiveCfg = Release|Any CPU
		{E04C2112-E59C-4610-9D62-4AB382DD4CB9}.Release|Any CPU.Build.0 = Release|Any CPU
		{E04C2112-E59C-4610-9D62-4AB382DD4CB9}.Release|Any CPU.Deploy.0 = Release|Any CPU
		{E04C2112-E59C-4610-9D62-4AB382DD4CB9}.Release|ARM.ActiveCfg = Release|Any CPU
		{E04C2112-E59C-4610-9D62-4AB382DD4CB9}.Release|iPhone.ActiveCfg = Release|Any CPU
		{E04C2112-E59C-4610-9D62-4AB382DD4CB9}.Release|iPhoneSimulator.ActiveCfg = Release|Any CPU
		{E04C2112-E59C-4610-9D62-4AB382DD4CB9}.Release|Mixed Platforms.ActiveCfg = Release|Any CPU
		{E04C2112-E59C-4610-9D62-4AB382DD4CB9}.Release|Mixed Platforms.Build.0 = Release|Any CPU
		{E04C2112-E59C-4610-9D62-4AB382DD4CB9}.Release|Mixed Platforms.Deploy.0 = Release|Any CPU
		{E04C2112-E59C-4610-9D62-4AB382DD4CB9}.Release|x64.ActiveCfg = Release|Any CPU
		{E04C2112-E59C-4610-9D62-4AB382DD4CB9}.Release|x86.ActiveCfg = Release|Any CPU
		{E83DA84D-558B-402B-BB68-F2345D0935BB}.Ad-Hoc|Any CPU.ActiveCfg = Ad-Hoc|iPhone
		{E83DA84D-558B-402B-BB68-F2345D0935BB}.Ad-Hoc|ARM.ActiveCfg = Ad-Hoc|iPhone
		{E83DA84D-558B-402B-BB68-F2345D0935BB}.Ad-Hoc|iPhone.ActiveCfg = Ad-Hoc|iPhone
		{E83DA84D-558B-402B-BB68-F2345D0935BB}.Ad-Hoc|iPhone.Build.0 = Ad-Hoc|iPhone
		{E83DA84D-558B-402B-BB68-F2345D0935BB}.Ad-Hoc|iPhoneSimulator.ActiveCfg = Ad-Hoc|iPhoneSimulator
		{E83DA84D-558B-402B-BB68-F2345D0935BB}.Ad-Hoc|iPhoneSimulator.Build.0 = Ad-Hoc|iPhoneSimulator
		{E83DA84D-558B-402B-BB68-F2345D0935BB}.Ad-Hoc|Mixed Platforms.ActiveCfg = Ad-Hoc|iPhone
		{E83DA84D-558B-402B-BB68-F2345D0935BB}.Ad-Hoc|Mixed Platforms.Build.0 = Ad-Hoc|iPhone
		{E83DA84D-558B-402B-BB68-F2345D0935BB}.Ad-Hoc|x64.ActiveCfg = Ad-Hoc|iPhone
		{E83DA84D-558B-402B-BB68-F2345D0935BB}.Ad-Hoc|x86.ActiveCfg = Ad-Hoc|iPhone
		{E83DA84D-558B-402B-BB68-F2345D0935BB}.AppStore|Any CPU.ActiveCfg = AppStore|iPhone
		{E83DA84D-558B-402B-BB68-F2345D0935BB}.AppStore|ARM.ActiveCfg = AppStore|iPhone
		{E83DA84D-558B-402B-BB68-F2345D0935BB}.AppStore|iPhone.ActiveCfg = AppStore|iPhone
		{E83DA84D-558B-402B-BB68-F2345D0935BB}.AppStore|iPhone.Build.0 = AppStore|iPhone
		{E83DA84D-558B-402B-BB68-F2345D0935BB}.AppStore|iPhoneSimulator.ActiveCfg = AppStore|iPhoneSimulator
		{E83DA84D-558B-402B-BB68-F2345D0935BB}.AppStore|iPhoneSimulator.Build.0 = AppStore|iPhoneSimulator
		{E83DA84D-558B-402B-BB68-F2345D0935BB}.AppStore|Mixed Platforms.ActiveCfg = AppStore|iPhone
		{E83DA84D-558B-402B-BB68-F2345D0935BB}.AppStore|Mixed Platforms.Build.0 = AppStore|iPhone
		{E83DA84D-558B-402B-BB68-F2345D0935BB}.AppStore|x64.ActiveCfg = AppStore|iPhone
		{E83DA84D-558B-402B-BB68-F2345D0935BB}.AppStore|x86.ActiveCfg = AppStore|iPhone
		{E83DA84D-558B-402B-BB68-F2345D0935BB}.Debug|Any CPU.ActiveCfg = Debug|iPhone
		{E83DA84D-558B-402B-BB68-F2345D0935BB}.Debug|ARM.ActiveCfg = Debug|iPhone
		{E83DA84D-558B-402B-BB68-F2345D0935BB}.Debug|iPhone.ActiveCfg = Debug|iPhone
		{E83DA84D-558B-402B-BB68-F2345D0935BB}.Debug|iPhone.Build.0 = Debug|iPhone
		{E83DA84D-558B-402B-BB68-F2345D0935BB}.Debug|iPhoneSimulator.ActiveCfg = Debug|iPhoneSimulator
		{E83DA84D-558B-402B-BB68-F2345D0935BB}.Debug|iPhoneSimulator.Build.0 = Debug|iPhoneSimulator
		{E83DA84D-558B-402B-BB68-F2345D0935BB}.Debug|Mixed Platforms.ActiveCfg = Debug|iPhone
		{E83DA84D-558B-402B-BB68-F2345D0935BB}.Debug|Mixed Platforms.Build.0 = Debug|iPhone
		{E83DA84D-558B-402B-BB68-F2345D0935BB}.Debug|x64.ActiveCfg = Debug|iPhone
		{E83DA84D-558B-402B-BB68-F2345D0935BB}.Debug|x86.ActiveCfg = Debug|iPhone
		{E83DA84D-558B-402B-BB68-F2345D0935BB}.Release|Any CPU.ActiveCfg = Release|iPhone
		{E83DA84D-558B-402B-BB68-F2345D0935BB}.Release|ARM.ActiveCfg = Release|iPhone
		{E83DA84D-558B-402B-BB68-F2345D0935BB}.Release|iPhone.ActiveCfg = Release|iPhone
		{E83DA84D-558B-402B-BB68-F2345D0935BB}.Release|iPhone.Build.0 = Release|iPhone
		{E83DA84D-558B-402B-BB68-F2345D0935BB}.Release|iPhoneSimulator.ActiveCfg = Release|iPhoneSimulator
		{E83DA84D-558B-402B-BB68-F2345D0935BB}.Release|iPhoneSimulator.Build.0 = Release|iPhoneSimulator
		{E83DA84D-558B-402B-BB68-F2345D0935BB}.Release|Mixed Platforms.ActiveCfg = Release|iPhone
		{E83DA84D-558B-402B-BB68-F2345D0935BB}.Release|Mixed Platforms.Build.0 = Release|iPhone
		{E83DA84D-558B-402B-BB68-F2345D0935BB}.Release|x64.ActiveCfg = Release|iPhone
		{E83DA84D-558B-402B-BB68-F2345D0935BB}.Release|x86.ActiveCfg = Release|iPhone
	EndGlobalSection
	GlobalSection(NestedProjects) = preSolution
		{1A72718A-0E8E-4A7B-987D-B6F692450674} = {C57E9B62-2913-48B9-B9F8-5831D5F37988}
		{70449682-4AD7-4C7D-8FE1-32A71B1A91E8} = {C57E9B62-2913-48B9-B9F8-5831D5F37988}
		{E83DA84D-558B-402B-BB68-F2345D0935BB} = {C57E9B62-2913-48B9-B9F8-5831D5F37988}
		{35740368-1D23-428A-A45C-335D246C39C2} = {C57E9B62-2913-48B9-B9F8-5831D5F37988}
	EndGlobalSection
	GlobalSection(SolutionProperties) = preSolution
		HideSolutionNode = FALSE
	EndGlobalSection
EndGlobal
